
Microsoft Visual Studio Solution File, Format Version 12.00
# Visual Studio 2012
Project("{FAE04EC0-301F-11D3-BF4B-00C04F79EFBC}") = "Atlantis.Framework.KiwiLogger.Interface", "Atlantis.Framework.KiwiLogger.Interface\Atlantis.Framework.KiwiLogger.Interface.csproj", "{5A01EC44-56C6-4216-8CF4-575B4AC4FD5A}"
EndProject
Project("{FAE04EC0-301F-11D3-BF4B-00C04F79EFBC}") = "Atlantis.Framework.KiwiLogger.Impl", "Atlantis.Framework.KiwiLogger.Impl\Atlantis.Framework.KiwiLogger.Impl.csproj", "{B25FA241-4ABE-4183-8C50-2DC6B684D0BD}"
EndProject
Global
	GlobalSection(TeamFoundationVersionControl) = preSolution
		SccNumberOfProjects = 3
		SccEnterpriseProvider = {4CA58AB2-18FA-4F8D-95D4-32DDF27D184C}
		SccTeamFoundationServer = http://tfs2010:8080/tfs/gd
		SccLocalPath0 = .
		SccProjectUniqueName1 = Atlantis.Framework.KiwiLogger.Interface\\Atlantis.Framework.KiwiLogger.Interface.csproj
		SccProjectName1 = Atlantis.Framework.KiwiLogger.Interface
		SccLocalPath1 = Atlantis.Framework.KiwiLogger.Interface
		SccProjectUniqueName2 = Atlantis.Framework.KiwiLogger.Impl\\Atlantis.Framework.KiwiLogger.Impl.csproj
		SccProjectName2 = Atlantis.Framework.KiwiLogger.Impl
		SccLocalPath2 = Atlantis.Framework.KiwiLogger.Impl
	EndGlobalSection
	GlobalSection(SolutionConfigurationPlatforms) = preSolution
		Debug|Any CPU = Debug|Any CPU
		Release|Any CPU = Release|Any CPU
	EndGlobalSection
	GlobalSection(ProjectConfigurationPlatforms) = postSolution
		{5A01EC44-56C6-4216-8CF4-575B4AC4FD5A}.Debug|Any CPU.ActiveCfg = Debug|Any CPU
		{5A01EC44-56C6-4216-8CF4-575B4AC4FD5A}.Debug|Any CPU.Build.0 = Debug|Any CPU
		{5A01EC44-56C6-4216-8CF4-575B4AC4FD5A}.Release|Any CPU.ActiveCfg = Release|Any CPU
		{5A01EC44-56C6-4216-8CF4-575B4AC4FD5A}.Release|Any CPU.Build.0 = Release|Any CPU
		{B25FA241-4ABE-4183-8C50-2DC6B684D0BD}.Debug|Any CPU.ActiveCfg = Debug|Any CPU
		{B25FA241-4ABE-4183-8C50-2DC6B684D0BD}.Debug|Any CPU.Build.0 = Debug|Any CPU
		{B25FA241-4ABE-4183-8C50-2DC6B684D0BD}.Release|Any CPU.ActiveCfg = Release|Any CPU
		{B25FA241-4ABE-4183-8C50-2DC6B684D0BD}.Release|Any CPU.Build.0 = Release|Any CPU
	EndGlobalSection
	GlobalSection(SolutionProperties) = preSolution
		HideSolutionNode = FALSE
	EndGlobalSection
EndGlobal
