
Microsoft Visual Studio Solution File, Format Version 12.00
# Visual Studio 2013
VisualStudioVersion = 12.0.21005.1
MinimumVisualStudioVersion = 10.0.40219.1
Project("{FAE04EC0-301F-11D3-BF4B-00C04F79EFBC}") = "Atlantis.Framework.Providers.DomainContactValidation", "Atlantis.Framework.Providers.DomainContactValidation\Atlantis.Framework.Providers.DomainContactValidation.csproj", "{0B66CE80-5CF8-4FAE-ACDC-9A5A8E89B592}"
EndProject
Project("{FAE04EC0-301F-11D3-BF4B-00C04F79EFBC}") = "Atlantis.Framework.Providers.DomainContactValidation.Interface", "Atlantis.Framework.Providers.DomainContactValidation.Interface\Atlantis.Framework.Providers.DomainContactValidation.Interface.csproj", "{7B1684B7-5673-446A-86DF-D66752E4CFC6}"
EndProject
Project("{FAE04EC0-301F-11D3-BF4B-00C04F79EFBC}") = "Atlantis.Framework.Providers.DomainContactValidation.Tests", "Atlantis.Framework.Providers.DomainContactValidation.Tests\Atlantis.Framework.Providers.DomainContactValidation.Tests.csproj", "{FC0A66C4-4ADD-40C7-B22C-AC92466C0BB2}"
EndProject
Global
	GlobalSection(TeamFoundationVersionControl) = preSolution
		SccNumberOfProjects = 4
		SccEnterpriseProvider = {4CA58AB2-18FA-4F8D-95D4-32DDF27D184C}
		SccTeamFoundationServer = http://tfs2010:8080/tfs/gd
		SccLocalPath0 = .
		SccProjectUniqueName1 = Atlantis.Framework.Providers.DomainContactValidation.Interface\\Atlantis.Framework.Providers.DomainContactValidation.Interface.csproj
		SccProjectName1 = Atlantis.Framework.Providers.DomainContactValidation.Interface
		SccLocalPath1 = Atlantis.Framework.Providers.DomainContactValidation.Interface
		SccProjectUniqueName2 = Atlantis.Framework.Providers.DomainContactValidation.Tests\\Atlantis.Framework.Providers.DomainContactValidation.Tests.csproj
		SccProjectName2 = Atlantis.Framework.Providers.DomainContactValidation.Tests
		SccLocalPath2 = Atlantis.Framework.Providers.DomainContactValidation.Tests
		SccProjectUniqueName3 = Atlantis.Framework.Providers.DomainContactValidation\\Atlantis.Framework.Providers.DomainContactValidation.csproj
		SccProjectName3 = Atlantis.Framework.Providers.DomainContactValidation
		SccLocalPath3 = Atlantis.Framework.Providers.DomainContactValidation
	EndGlobalSection
	GlobalSection(SolutionConfigurationPlatforms) = preSolution
		Debug|Any CPU = Debug|Any CPU
		Release|Any CPU = Release|Any CPU
	EndGlobalSection
	GlobalSection(ProjectConfigurationPlatforms) = postSolution
		{0B66CE80-5CF8-4FAE-ACDC-9A5A8E89B592}.Debug|Any CPU.ActiveCfg = Debug|Any CPU
		{0B66CE80-5CF8-4FAE-ACDC-9A5A8E89B592}.Debug|Any CPU.Build.0 = Debug|Any CPU
		{0B66CE80-5CF8-4FAE-ACDC-9A5A8E89B592}.Release|Any CPU.ActiveCfg = Release|Any CPU
		{0B66CE80-5CF8-4FAE-ACDC-9A5A8E89B592}.Release|Any CPU.Build.0 = Release|Any CPU
		{7B1684B7-5673-446A-86DF-D66752E4CFC6}.Debug|Any CPU.ActiveCfg = Debug|Any CPU
		{7B1684B7-5673-446A-86DF-D66752E4CFC6}.Debug|Any CPU.Build.0 = Debug|Any CPU
		{7B1684B7-5673-446A-86DF-D66752E4CFC6}.Release|Any CPU.ActiveCfg = Release|Any CPU
		{7B1684B7-5673-446A-86DF-D66752E4CFC6}.Release|Any CPU.Build.0 = Release|Any CPU
		{FC0A66C4-4ADD-40C7-B22C-AC92466C0BB2}.Debug|Any CPU.ActiveCfg = Debug|Any CPU
		{FC0A66C4-4ADD-40C7-B22C-AC92466C0BB2}.Debug|Any CPU.Build.0 = Debug|Any CPU
		{FC0A66C4-4ADD-40C7-B22C-AC92466C0BB2}.Release|Any CPU.ActiveCfg = Release|Any CPU
		{FC0A66C4-4ADD-40C7-B22C-AC92466C0BB2}.Release|Any CPU.Build.0 = Release|Any CPU
	EndGlobalSection
	GlobalSection(SolutionProperties) = preSolution
		HideSolutionNode = FALSE
	EndGlobalSection
EndGlobal
