
Microsoft Visual Studio Solution File, Format Version 12.00
# Visual Studio 2012
Project("{2150E333-8FDC-42A3-9474-1A3956D46DE8}") = "Core", "Core", "{FA0A0F04-322A-4186-874C-F12742FE36AC}"
EndProject
Project("{FAE04EC0-301F-11D3-BF4B-00C04F79EFBC}") = "Atlantis.Framework.Interface", "..\..\Atlantis.Framework.Engine\Atlantis.Framework.Interface\Atlantis.Framework.Interface.csproj", "{A083A52E-C3C3-42E0-8DFD-54719E4C3B25}"
EndProject
Project("{FAE04EC0-301F-11D3-BF4B-00C04F79EFBC}") = "Atlantis.Framework.Engine", "..\..\Atlantis.Framework.Engine\Atlantis.Framework.Engine\Atlantis.Framework.Engine.csproj", "{D30157B2-C1B3-4073-BA5E-632E2337A997}"
EndProject
Project("{FAE04EC0-301F-11D3-BF4B-00C04F79EFBC}") = "Atlantis.Framework.DataCache", "..\..\Atlantis.Framework.DataCache\Atlantis.Framework.DataCache\Atlantis.Framework.DataCache.csproj", "{7F2738F8-683C-49E7-88CD-E986C70F0321}"
EndProject
Project("{FAE04EC0-301F-11D3-BF4B-00C04F79EFBC}") = "Atlantis.Framework.Localization.Interface", "..\..\Atlantis.Framework.Localization\Atlantis.Framework.Localization.Interface\Atlantis.Framework.Localization.Interface.csproj", "{B324D9EC-957A-40DF-8007-9281245CEFF0}"
EndProject
Project("{FAE04EC0-301F-11D3-BF4B-00C04F79EFBC}") = "Atlantis.Framework.DataCacheService", "..\..\Atlantis.Framework.DataCache\Atlantis.Framework.DataCacheService\Atlantis.Framework.DataCacheService.csproj", "{3E299D3B-3C8D-455A-92A4-05FF6C60E6F3}"
EndProject
Project("{FAE04EC0-301F-11D3-BF4B-00C04F79EFBC}") = "Atlantis.Framework.Localization.Impl", "..\..\Atlantis.Framework.Localization\Atlantis.Framework.Localization.Impl\Atlantis.Framework.Localization.Impl.csproj", "{FE5BC5F5-BC23-499C-9AC6-470C6F350475}"
EndProject
Project("{FAE04EC0-301F-11D3-BF4B-00C04F79EFBC}") = "Atlantis.Framework.Providers.Localization.Interface", "Atlantis.Framework.Providers.Localization.Interface\Atlantis.Framework.Providers.Localization.Interface.csproj", "{061FCADC-9547-47E2-9643-CFBCFA355AC2}"
EndProject
Project("{FAE04EC0-301F-11D3-BF4B-00C04F79EFBC}") = "Atlantis.Framework.Providers.Localization", "Atlantis.Framework.Providers.Localization\Atlantis.Framework.Providers.Localization.csproj", "{B6571CF6-7F3E-47DF-984D-F90C4ABF8584}"
EndProject
Project("{FAE04EC0-301F-11D3-BF4B-00C04F79EFBC}") = "Atlantis.Framework.Providers.Localization.Tests", "Atlantis.Framework.Providers.Localization.Tests\Atlantis.Framework.Providers.Localization.Tests.csproj", "{F5C910DC-BA2E-4619-BB28-F886AC714392}"
EndProject
Project("{FAE04EC0-301F-11D3-BF4B-00C04F79EFBC}") = "Atlantis.Framework.Testing.MockHttpContext", "..\..\Atlantis.Framework.Testing\Atlantis.Framework.Testing.MockHttpContext\Atlantis.Framework.Testing.MockHttpContext.csproj", "{2F8983B4-801B-461A-9D76-26A58A496261}"
EndProject
Project("{FAE04EC0-301F-11D3-BF4B-00C04F79EFBC}") = "Atlantis.Framework.Testing.MockProviders", "..\..\Atlantis.Framework.Testing\Atlantis.Framework.Testing.MockProviders\Atlantis.Framework.Testing.MockProviders.csproj", "{5487DEF2-0FA7-4B77-9AAD-0355784589D6}"
EndProject
Project("{FAE04EC0-301F-11D3-BF4B-00C04F79EFBC}") = "Atlantis.Framework.Providers.Preferences.Interface", "..\..\Atlantis.Framework.Providers.Preferences\Atlantis.Framework.Providers.Preferences.Interface\Atlantis.Framework.Providers.Preferences.Interface.csproj", "{1A50E3B8-4A5C-4E48-BAD4-17C5092F0DDE}"
EndProject
Global
	GlobalSection(TeamFoundationVersionControl) = preSolution
		SccNumberOfProjects = 13
		SccEnterpriseProvider = {4CA58AB2-18FA-4F8D-95D4-32DDF27D184C}
		SccTeamFoundationServer = http://tfs2010:8080/tfs/gd
		SccProjectUniqueName0 = ..\\..\\Atlantis.Framework.Engine\\Atlantis.Framework.Interface\\Atlantis.Framework.Interface.csproj
		SccProjectTopLevelParentUniqueName0 = Localization.sln
		SccProjectName0 = ../../Atlantis.Framework.Engine/Atlantis.Framework.Interface
		SccLocalPath0 = ..\\..\\Atlantis.Framework.Engine\\Atlantis.Framework.Interface
		SccProjectUniqueName1 = ..\\..\\Atlantis.Framework.Engine\\Atlantis.Framework.Engine\\Atlantis.Framework.Engine.csproj
		SccProjectTopLevelParentUniqueName1 = Localization.sln
		SccProjectName1 = ../../Atlantis.Framework.Engine/Atlantis.Framework.Engine
		SccLocalPath1 = ..\\..\\Atlantis.Framework.Engine\\Atlantis.Framework.Engine
		SccProjectUniqueName2 = ..\\..\\Atlantis.Framework.DataCache\\Atlantis.Framework.DataCache\\Atlantis.Framework.DataCache.csproj
		SccProjectTopLevelParentUniqueName2 = Localization.sln
		SccProjectName2 = ../../Atlantis.Framework.DataCache/Atlantis.Framework.DataCache
		SccLocalPath2 = ..\\..\\Atlantis.Framework.DataCache\\Atlantis.Framework.DataCache
		SccProjectUniqueName3 = ..\\..\\Atlantis.Framework.Localization\\Atlantis.Framework.Localization.Interface\\Atlantis.Framework.Localization.Interface.csproj
		SccProjectTopLevelParentUniqueName3 = Localization.sln
		SccProjectName3 = ../../Atlantis.Framework.Localization/Atlantis.Framework.Localization.Interface
		SccLocalPath3 = ..\\..\\Atlantis.Framework.Localization\\Atlantis.Framework.Localization.Interface
		SccProjectUniqueName4 = ..\\..\\Atlantis.Framework.DataCache\\Atlantis.Framework.DataCacheService\\Atlantis.Framework.DataCacheService.csproj
		SccProjectTopLevelParentUniqueName4 = Localization.sln
		SccProjectName4 = ../../Atlantis.Framework.DataCache/Atlantis.Framework.DataCacheService
		SccLocalPath4 = ..\\..\\Atlantis.Framework.DataCache\\Atlantis.Framework.DataCacheService
		SccProjectUniqueName5 = ..\\..\\Atlantis.Framework.Localization\\Atlantis.Framework.Localization.Impl\\Atlantis.Framework.Localization.Impl.csproj
		SccProjectTopLevelParentUniqueName5 = Localization.sln
		SccProjectName5 = ../../Atlantis.Framework.Localization/Atlantis.Framework.Localization.Impl
		SccLocalPath5 = ..\\..\\Atlantis.Framework.Localization\\Atlantis.Framework.Localization.Impl
		SccProjectUniqueName6 = ..\\..\\Atlantis.Framework.Testing\\Atlantis.Framework.Testing.MockHttpContext\\Atlantis.Framework.Testing.MockHttpContext.csproj
		SccProjectTopLevelParentUniqueName6 = Localization.sln
		SccProjectName6 = ../../Atlantis.Framework.Testing/Atlantis.Framework.Testing.MockHttpContext
		SccLocalPath6 = ..\\..\\Atlantis.Framework.Testing\\Atlantis.Framework.Testing.MockHttpContext
		SccProjectUniqueName7 = ..\\..\\Atlantis.Framework.Testing\\Atlantis.Framework.Testing.MockProviders\\Atlantis.Framework.Testing.MockProviders.csproj
		SccProjectTopLevelParentUniqueName7 = Localization.sln
		SccProjectName7 = ../../Atlantis.Framework.Testing/Atlantis.Framework.Testing.MockProviders
		SccLocalPath7 = ..\\..\\Atlantis.Framework.Testing\\Atlantis.Framework.Testing.MockProviders
		SccProjectUniqueName8 = ..\\..\\Atlantis.Framework.Providers.Preferences\\Atlantis.Framework.Providers.Preferences.Interface\\Atlantis.Framework.Providers.Preferences.Interface.csproj
		SccProjectTopLevelParentUniqueName8 = Localization.sln
		SccProjectName8 = ../../Atlantis.Framework.Providers.Preferences/Atlantis.Framework.Providers.Preferences.Interface
		SccLocalPath8 = ..\\..\\Atlantis.Framework.Providers.Preferences\\Atlantis.Framework.Providers.Preferences.Interface
		SccLocalPath9 = .
		SccProjectUniqueName10 = Atlantis.Framework.Providers.Localization.Interface\\Atlantis.Framework.Providers.Localization.Interface.csproj
		SccProjectName10 = Atlantis.Framework.Providers.Localization.Interface
		SccLocalPath10 = Atlantis.Framework.Providers.Localization.Interface
		SccProjectUniqueName11 = Atlantis.Framework.Providers.Localization.Tests\\Atlantis.Framework.Providers.Localization.Tests.csproj
		SccProjectName11 = Atlantis.Framework.Providers.Localization.Tests
		SccLocalPath11 = Atlantis.Framework.Providers.Localization.Tests
		SccProjectUniqueName12 = Atlantis.Framework.Providers.Localization\\Atlantis.Framework.Providers.Localization.csproj
		SccProjectName12 = Atlantis.Framework.Providers.Localization
		SccLocalPath12 = Atlantis.Framework.Providers.Localization
	EndGlobalSection
	GlobalSection(SolutionConfigurationPlatforms) = preSolution
		Debug|Any CPU = Debug|Any CPU
		Release|Any CPU = Release|Any CPU
	EndGlobalSection
	GlobalSection(ProjectConfigurationPlatforms) = postSolution
		{A083A52E-C3C3-42E0-8DFD-54719E4C3B25}.Debug|Any CPU.ActiveCfg = Debug|Any CPU
		{A083A52E-C3C3-42E0-8DFD-54719E4C3B25}.Debug|Any CPU.Build.0 = Debug|Any CPU
		{A083A52E-C3C3-42E0-8DFD-54719E4C3B25}.Release|Any CPU.ActiveCfg = Release|Any CPU
		{A083A52E-C3C3-42E0-8DFD-54719E4C3B25}.Release|Any CPU.Build.0 = Release|Any CPU
		{D30157B2-C1B3-4073-BA5E-632E2337A997}.Debug|Any CPU.ActiveCfg = Debug|Any CPU
		{D30157B2-C1B3-4073-BA5E-632E2337A997}.Debug|Any CPU.Build.0 = Debug|Any CPU
		{D30157B2-C1B3-4073-BA5E-632E2337A997}.Release|Any CPU.ActiveCfg = Release|Any CPU
		{D30157B2-C1B3-4073-BA5E-632E2337A997}.Release|Any CPU.Build.0 = Release|Any CPU
		{7F2738F8-683C-49E7-88CD-E986C70F0321}.Debug|Any CPU.ActiveCfg = Debug|Any CPU
		{7F2738F8-683C-49E7-88CD-E986C70F0321}.Debug|Any CPU.Build.0 = Debug|Any CPU
		{7F2738F8-683C-49E7-88CD-E986C70F0321}.Release|Any CPU.ActiveCfg = Release|Any CPU
		{7F2738F8-683C-49E7-88CD-E986C70F0321}.Release|Any CPU.Build.0 = Release|Any CPU
		{B324D9EC-957A-40DF-8007-9281245CEFF0}.Debug|Any CPU.ActiveCfg = Debug|Any CPU
		{B324D9EC-957A-40DF-8007-9281245CEFF0}.Debug|Any CPU.Build.0 = Debug|Any CPU
		{B324D9EC-957A-40DF-8007-9281245CEFF0}.Release|Any CPU.ActiveCfg = Release|Any CPU
		{B324D9EC-957A-40DF-8007-9281245CEFF0}.Release|Any CPU.Build.0 = Release|Any CPU
		{3E299D3B-3C8D-455A-92A4-05FF6C60E6F3}.Debug|Any CPU.ActiveCfg = Debug|Any CPU
		{3E299D3B-3C8D-455A-92A4-05FF6C60E6F3}.Debug|Any CPU.Build.0 = Debug|Any CPU
		{3E299D3B-3C8D-455A-92A4-05FF6C60E6F3}.Release|Any CPU.ActiveCfg = Release|Any CPU
		{3E299D3B-3C8D-455A-92A4-05FF6C60E6F3}.Release|Any CPU.Build.0 = Release|Any CPU
		{FE5BC5F5-BC23-499C-9AC6-470C6F350475}.Debug|Any CPU.ActiveCfg = Debug|Any CPU
		{FE5BC5F5-BC23-499C-9AC6-470C6F350475}.Debug|Any CPU.Build.0 = Debug|Any CPU
		{FE5BC5F5-BC23-499C-9AC6-470C6F350475}.Release|Any CPU.ActiveCfg = Release|Any CPU
		{FE5BC5F5-BC23-499C-9AC6-470C6F350475}.Release|Any CPU.Build.0 = Release|Any CPU
		{061FCADC-9547-47E2-9643-CFBCFA355AC2}.Debug|Any CPU.ActiveCfg = Debug|Any CPU
		{061FCADC-9547-47E2-9643-CFBCFA355AC2}.Debug|Any CPU.Build.0 = Debug|Any CPU
		{061FCADC-9547-47E2-9643-CFBCFA355AC2}.Release|Any CPU.ActiveCfg = Release|Any CPU
		{061FCADC-9547-47E2-9643-CFBCFA355AC2}.Release|Any CPU.Build.0 = Release|Any CPU
		{B6571CF6-7F3E-47DF-984D-F90C4ABF8584}.Debug|Any CPU.ActiveCfg = Debug|Any CPU
		{B6571CF6-7F3E-47DF-984D-F90C4ABF8584}.Debug|Any CPU.Build.0 = Debug|Any CPU
		{B6571CF6-7F3E-47DF-984D-F90C4ABF8584}.Release|Any CPU.ActiveCfg = Release|Any CPU
		{B6571CF6-7F3E-47DF-984D-F90C4ABF8584}.Release|Any CPU.Build.0 = Release|Any CPU
		{F5C910DC-BA2E-4619-BB28-F886AC714392}.Debug|Any CPU.ActiveCfg = Debug|Any CPU
		{F5C910DC-BA2E-4619-BB28-F886AC714392}.Debug|Any CPU.Build.0 = Debug|Any CPU
		{F5C910DC-BA2E-4619-BB28-F886AC714392}.Release|Any CPU.ActiveCfg = Release|Any CPU
		{F5C910DC-BA2E-4619-BB28-F886AC714392}.Release|Any CPU.Build.0 = Release|Any CPU
		{2F8983B4-801B-461A-9D76-26A58A496261}.Debug|Any CPU.ActiveCfg = Debug|Any CPU
		{2F8983B4-801B-461A-9D76-26A58A496261}.Debug|Any CPU.Build.0 = Debug|Any CPU
		{2F8983B4-801B-461A-9D76-26A58A496261}.Release|Any CPU.ActiveCfg = Release|Any CPU
		{2F8983B4-801B-461A-9D76-26A58A496261}.Release|Any CPU.Build.0 = Release|Any CPU
		{5487DEF2-0FA7-4B77-9AAD-0355784589D6}.Debug|Any CPU.ActiveCfg = Debug|Any CPU
		{5487DEF2-0FA7-4B77-9AAD-0355784589D6}.Debug|Any CPU.Build.0 = Debug|Any CPU
		{5487DEF2-0FA7-4B77-9AAD-0355784589D6}.Release|Any CPU.ActiveCfg = Release|Any CPU
		{5487DEF2-0FA7-4B77-9AAD-0355784589D6}.Release|Any CPU.Build.0 = Release|Any CPU
		{1A50E3B8-4A5C-4E48-BAD4-17C5092F0DDE}.Debug|Any CPU.ActiveCfg = Debug|Any CPU
		{1A50E3B8-4A5C-4E48-BAD4-17C5092F0DDE}.Debug|Any CPU.Build.0 = Debug|Any CPU
		{1A50E3B8-4A5C-4E48-BAD4-17C5092F0DDE}.Release|Any CPU.ActiveCfg = Release|Any CPU
		{1A50E3B8-4A5C-4E48-BAD4-17C5092F0DDE}.Release|Any CPU.Build.0 = Release|Any CPU
	EndGlobalSection
	GlobalSection(SolutionProperties) = preSolution
		HideSolutionNode = FALSE
	EndGlobalSection
	GlobalSection(NestedProjects) = preSolution
		{A083A52E-C3C3-42E0-8DFD-54719E4C3B25} = {FA0A0F04-322A-4186-874C-F12742FE36AC}
		{D30157B2-C1B3-4073-BA5E-632E2337A997} = {FA0A0F04-322A-4186-874C-F12742FE36AC}
		{7F2738F8-683C-49E7-88CD-E986C70F0321} = {FA0A0F04-322A-4186-874C-F12742FE36AC}
		{B324D9EC-957A-40DF-8007-9281245CEFF0} = {FA0A0F04-322A-4186-874C-F12742FE36AC}
		{3E299D3B-3C8D-455A-92A4-05FF6C60E6F3} = {FA0A0F04-322A-4186-874C-F12742FE36AC}
		{FE5BC5F5-BC23-499C-9AC6-470C6F350475} = {FA0A0F04-322A-4186-874C-F12742FE36AC}
		{2F8983B4-801B-461A-9D76-26A58A496261} = {FA0A0F04-322A-4186-874C-F12742FE36AC}
		{5487DEF2-0FA7-4B77-9AAD-0355784589D6} = {FA0A0F04-322A-4186-874C-F12742FE36AC}
		{1A50E3B8-4A5C-4E48-BAD4-17C5092F0DDE} = {FA0A0F04-322A-4186-874C-F12742FE36AC}
	EndGlobalSection
EndGlobal
