
Microsoft Visual Studio Solution File, Format Version 12.00
# Visual Studio 2012
Project("{2150E333-8FDC-42A3-9474-1A3956D46DE8}") = "Core", "Core", "{9655B166-B5DC-4EB9-94EA-A92FC4F29671}"
EndProject
Project("{FAE04EC0-301F-11D3-BF4B-00C04F79EFBC}") = "Atlantis.Framework.Engine", "..\Atlantis.Framework.Engine\Atlantis.Framework.Engine\Atlantis.Framework.Engine.csproj", "{D30157B2-C1B3-4073-BA5E-632E2337A997}"
EndProject
Project("{FAE04EC0-301F-11D3-BF4B-00C04F79EFBC}") = "Atlantis.Framework.Interface", "..\Atlantis.Framework.Engine\Atlantis.Framework.Interface\Atlantis.Framework.Interface.csproj", "{A083A52E-C3C3-42E0-8DFD-54719E4C3B25}"
EndProject
Project("{FAE04EC0-301F-11D3-BF4B-00C04F79EFBC}") = "Atlantis.Framework.Providers.Interface", "Atlantis.Framework.Providers.Interface\Atlantis.Framework.Providers.Interface.csproj", "{6CC33C6B-FAA7-4B6A-8C3B-BFE94A1A65DE}"
EndProject
Project("{FAE04EC0-301F-11D3-BF4B-00C04F79EFBC}") = "Atlantis.Framework.Providers.Interface.Tests", "Atlantis.Framework.Providers.Interface.Tests\Atlantis.Framework.Providers.Interface.Tests.csproj", "{C9C23A67-9D42-47CF-A1B5-798577FE3F72}"
EndProject
Project("{2150E333-8FDC-42A3-9474-1A3956D46DE8}") = "Solution Items", "Solution Items", "{8B5E8DDB-A946-47B5-B043-CBF194A4FC11}"
	ProjectSection(SolutionItems) = preProject
		Atlantis.Framework.Providers.Interface.vsmdi = Atlantis.Framework.Providers.Interface.vsmdi
		Local.testsettings = Local.testsettings
		TraceAndTestImpact.testsettings = TraceAndTestImpact.testsettings
	EndProjectSection
EndProject
Project("{FAE04EC0-301F-11D3-BF4B-00C04F79EFBC}") = "Atlantis.Framework.Providers.Containers", "..\Atlantis.Framework.Providers.Containers\Atlantis.Framework.Providers.Containers\Atlantis.Framework.Providers.Containers.csproj", "{C333E679-494E-422D-AB5E-E4C0EC94ACD5}"
EndProject
Global
	GlobalSection(TeamFoundationVersionControl) = preSolution
		SccNumberOfProjects = 6
		SccEnterpriseProvider = {4CA58AB2-18FA-4F8D-95D4-32DDF27D184C}
		SccTeamFoundationServer = http://tfs2010:8080/tfs/gd
		SccLocalPath0 = .
		SccProjectUniqueName1 = ..\\Atlantis.Framework.Engine\\Atlantis.Framework.Engine\\Atlantis.Framework.Engine.csproj
		SccProjectTopLevelParentUniqueName1 = Atlantis.Framework.Providers.Interface.sln
		SccProjectName1 = ../Atlantis.Framework.Engine/Atlantis.Framework.Engine
		SccLocalPath1 = ..\\Atlantis.Framework.Engine\\Atlantis.Framework.Engine
		SccProjectUniqueName2 = ..\\Atlantis.Framework.Engine\\Atlantis.Framework.Interface\\Atlantis.Framework.Interface.csproj
		SccProjectTopLevelParentUniqueName2 = Atlantis.Framework.Providers.Interface.sln
		SccProjectName2 = ../Atlantis.Framework.Engine/Atlantis.Framework.Interface
		SccLocalPath2 = ..\\Atlantis.Framework.Engine\\Atlantis.Framework.Interface
		SccProjectUniqueName3 = Atlantis.Framework.Providers.Interface\\Atlantis.Framework.Providers.Interface.csproj
		SccProjectName3 = Atlantis.Framework.Providers.Interface
		SccLocalPath3 = Atlantis.Framework.Providers.Interface
		SccProjectUniqueName4 = Atlantis.Framework.Providers.Interface.Tests\\Atlantis.Framework.Providers.Interface.Tests.csproj
		SccProjectName4 = Atlantis.Framework.Providers.Interface.Tests
		SccLocalPath4 = Atlantis.Framework.Providers.Interface.Tests
		SccProjectUniqueName5 = ..\\Atlantis.Framework.Providers.Containers\\Atlantis.Framework.Providers.Containers\\Atlantis.Framework.Providers.Containers.csproj
		SccProjectTopLevelParentUniqueName5 = Atlantis.Framework.Providers.Interface.sln
		SccProjectName5 = ../Atlantis.Framework.Providers.Containers/Atlantis.Framework.Providers.Containers
		SccLocalPath5 = ..\\Atlantis.Framework.Providers.Containers\\Atlantis.Framework.Providers.Containers
	EndGlobalSection
	GlobalSection(TestCaseManagementSettings) = postSolution
		CategoryFile = Atlantis.Framework.Providers.Interface.vsmdi
	EndGlobalSection
	GlobalSection(SolutionConfigurationPlatforms) = preSolution
		Debug|Any CPU = Debug|Any CPU
		Release|Any CPU = Release|Any CPU
	EndGlobalSection
	GlobalSection(ProjectConfigurationPlatforms) = postSolution
		{D30157B2-C1B3-4073-BA5E-632E2337A997}.Debug|Any CPU.ActiveCfg = Debug|Any CPU
		{D30157B2-C1B3-4073-BA5E-632E2337A997}.Debug|Any CPU.Build.0 = Debug|Any CPU
		{D30157B2-C1B3-4073-BA5E-632E2337A997}.Release|Any CPU.ActiveCfg = Release|Any CPU
		{D30157B2-C1B3-4073-BA5E-632E2337A997}.Release|Any CPU.Build.0 = Release|Any CPU
		{A083A52E-C3C3-42E0-8DFD-54719E4C3B25}.Debug|Any CPU.ActiveCfg = Debug|Any CPU
		{A083A52E-C3C3-42E0-8DFD-54719E4C3B25}.Debug|Any CPU.Build.0 = Debug|Any CPU
		{A083A52E-C3C3-42E0-8DFD-54719E4C3B25}.Release|Any CPU.ActiveCfg = Release|Any CPU
		{A083A52E-C3C3-42E0-8DFD-54719E4C3B25}.Release|Any CPU.Build.0 = Release|Any CPU
		{6CC33C6B-FAA7-4B6A-8C3B-BFE94A1A65DE}.Debug|Any CPU.ActiveCfg = Debug|Any CPU
		{6CC33C6B-FAA7-4B6A-8C3B-BFE94A1A65DE}.Debug|Any CPU.Build.0 = Debug|Any CPU
		{6CC33C6B-FAA7-4B6A-8C3B-BFE94A1A65DE}.Release|Any CPU.ActiveCfg = Release|Any CPU
		{6CC33C6B-FAA7-4B6A-8C3B-BFE94A1A65DE}.Release|Any CPU.Build.0 = Release|Any CPU
		{C9C23A67-9D42-47CF-A1B5-798577FE3F72}.Debug|Any CPU.ActiveCfg = Debug|Any CPU
		{C9C23A67-9D42-47CF-A1B5-798577FE3F72}.Debug|Any CPU.Build.0 = Debug|Any CPU
		{C9C23A67-9D42-47CF-A1B5-798577FE3F72}.Release|Any CPU.ActiveCfg = Release|Any CPU
		{C9C23A67-9D42-47CF-A1B5-798577FE3F72}.Release|Any CPU.Build.0 = Release|Any CPU
		{C333E679-494E-422D-AB5E-E4C0EC94ACD5}.Debug|Any CPU.ActiveCfg = Debug|Any CPU
		{C333E679-494E-422D-AB5E-E4C0EC94ACD5}.Debug|Any CPU.Build.0 = Debug|Any CPU
		{C333E679-494E-422D-AB5E-E4C0EC94ACD5}.Release|Any CPU.ActiveCfg = Release|Any CPU
		{C333E679-494E-422D-AB5E-E4C0EC94ACD5}.Release|Any CPU.Build.0 = Release|Any CPU
	EndGlobalSection
	GlobalSection(SolutionProperties) = preSolution
		HideSolutionNode = FALSE
	EndGlobalSection
	GlobalSection(NestedProjects) = preSolution
		{D30157B2-C1B3-4073-BA5E-632E2337A997} = {9655B166-B5DC-4EB9-94EA-A92FC4F29671}
		{A083A52E-C3C3-42E0-8DFD-54719E4C3B25} = {9655B166-B5DC-4EB9-94EA-A92FC4F29671}
		{C333E679-494E-422D-AB5E-E4C0EC94ACD5} = {9655B166-B5DC-4EB9-94EA-A92FC4F29671}
	EndGlobalSection
EndGlobal
