
Microsoft Visual Studio Solution File, Format Version 11.00
# Visual Studio 2010
Project("{2150E333-8FDC-42A3-9474-1A3956D46DE8}") = "Core", "Core", "{17417433-D1A3-423D-9FAF-BAC03397D0E5}"
EndProject
Project("{FAE04EC0-301F-11D3-BF4B-00C04F79EFBC}") = "Atlantis.Framework.Engine", "..\Atlantis.Framework.Engine\Atlantis.Framework.Engine\Atlantis.Framework.Engine.csproj", "{D30157B2-C1B3-4073-BA5E-632E2337A997}"
EndProject
Project("{FAE04EC0-301F-11D3-BF4B-00C04F79EFBC}") = "Atlantis.Framework.Interface", "..\Atlantis.Framework.Engine\Atlantis.Framework.Interface\Atlantis.Framework.Interface.csproj", "{A083A52E-C3C3-42E0-8DFD-54719E4C3B25}"
EndProject
Project("{FAE04EC0-301F-11D3-BF4B-00C04F79EFBC}") = "Atlantis.Framework.HDVD.Interface", "..\Atlantis.Framework.HDVD.Interface\Atlantis.Framework.HDVD.Interface\Atlantis.Framework.HDVD.Interface.csproj", "{3F2F129C-4E26-461C-96F6-BFC6BD918054}"
EndProject
Project("{FAE04EC0-301F-11D3-BF4B-00C04F79EFBC}") = "Atlantis.Framework.HDVDGetContextHelp.Impl", "Atlantis.Framework.HDVDGetContextHelp.Impl\Atlantis.Framework.HDVDGetContextHelp.Impl.csproj", "{7CD3219E-69F8-4CAB-A9DA-554824FF2E86}"
EndProject
Project("{FAE04EC0-301F-11D3-BF4B-00C04F79EFBC}") = "Atlantis.Framework.HDVDGetContextHelp.Interface", "Atlantis.Framework.HDVDGetContextHelp.Interface\Atlantis.Framework.HDVDGetContextHelp.Interface.csproj", "{9D3B602E-140E-4F84-A731-0683471D9B84}"
EndProject
Project("{FAE04EC0-301F-11D3-BF4B-00C04F79EFBC}") = "Atlantis.Framework.HDVDGetContextHelp.Tests", "Atlantis.Framework.HDVDGetContextHelp.Tests\Atlantis.Framework.HDVDGetContextHelp.Tests.csproj", "{622E546A-20F1-45FF-B56A-C2A28885C186}"
EndProject
Project("{2150E333-8FDC-42A3-9474-1A3956D46DE8}") = "Solution Items", "Solution Items", "{B9FE00AC-D79D-4944-9B59-70C2F5D7A836}"
	ProjectSection(SolutionItems) = preProject
		Atlantis.Framework.HDVDGetContextHelp.vsmdi = Atlantis.Framework.HDVDGetContextHelp.vsmdi
		Local.testsettings = Local.testsettings
		TraceAndTestImpact.testsettings = TraceAndTestImpact.testsettings
	EndProjectSection
EndProject
Global
	GlobalSection(TeamFoundationVersionControl) = preSolution
		SccNumberOfProjects = 7
		SccEnterpriseProvider = {4CA58AB2-18FA-4F8D-95D4-32DDF27D184C}
		SccTeamFoundationServer = http://tfs2010:8080/tfs/gd
		SccLocalPath0 = .
		SccProjectUniqueName1 = ..\\Atlantis.Framework.Engine\\Atlantis.Framework.Engine\\Atlantis.Framework.Engine.csproj
		SccProjectTopLevelParentUniqueName1 = Atlantis.Framework.HDVDGetContextHelp.sln
		SccProjectName1 = ../Atlantis.Framework.Engine/Atlantis.Framework.Engine
		SccLocalPath1 = ..\\Atlantis.Framework.Engine\\Atlantis.Framework.Engine
		SccProjectUniqueName2 = ..\\Atlantis.Framework.Engine\\Atlantis.Framework.Interface\\Atlantis.Framework.Interface.csproj
		SccProjectTopLevelParentUniqueName2 = Atlantis.Framework.HDVDGetContextHelp.sln
		SccProjectName2 = ../Atlantis.Framework.Engine/Atlantis.Framework.Interface
		SccLocalPath2 = ..\\Atlantis.Framework.Engine\\Atlantis.Framework.Interface
		SccProjectUniqueName3 = ..\\Atlantis.Framework.HDVD.Interface\\Atlantis.Framework.HDVD.Interface\\Atlantis.Framework.HDVD.Interface.csproj
		SccProjectName3 = ../Atlantis.Framework.HDVD.Interface/Atlantis.Framework.HDVD.Interface
		SccLocalPath3 = ..\\Atlantis.Framework.HDVD.Interface\\Atlantis.Framework.HDVD.Interface
		SccProjectUniqueName4 = Atlantis.Framework.HDVDGetContextHelp.Impl\\Atlantis.Framework.HDVDGetContextHelp.Impl.csproj
		SccProjectName4 = Atlantis.Framework.HDVDGetContextHelp.Impl
		SccLocalPath4 = Atlantis.Framework.HDVDGetContextHelp.Impl
		SccProjectUniqueName5 = Atlantis.Framework.HDVDGetContextHelp.Interface\\Atlantis.Framework.HDVDGetContextHelp.Interface.csproj
		SccProjectName5 = Atlantis.Framework.HDVDGetContextHelp.Interface
		SccLocalPath5 = Atlantis.Framework.HDVDGetContextHelp.Interface
		SccProjectUniqueName6 = Atlantis.Framework.HDVDGetContextHelp.Tests\\Atlantis.Framework.HDVDGetContextHelp.Tests.csproj
		SccProjectName6 = Atlantis.Framework.HDVDGetContextHelp.Tests
		SccLocalPath6 = Atlantis.Framework.HDVDGetContextHelp.Tests
	EndGlobalSection
	GlobalSection(TestCaseManagementSettings) = postSolution
		CategoryFile = Atlantis.Framework.HDVDGetContextHelp.vsmdi
	EndGlobalSection
	GlobalSection(SolutionConfigurationPlatforms) = preSolution
		Debug|Any CPU = Debug|Any CPU
		Release|Any CPU = Release|Any CPU
	EndGlobalSection
	GlobalSection(ProjectConfigurationPlatforms) = postSolution
		{D30157B2-C1B3-4073-BA5E-632E2337A997}.Debug|Any CPU.ActiveCfg = Debug|Any CPU
		{D30157B2-C1B3-4073-BA5E-632E2337A997}.Debug|Any CPU.Build.0 = Debug|Any CPU
		{D30157B2-C1B3-4073-BA5E-632E2337A997}.Release|Any CPU.ActiveCfg = Release|Any CPU
		{D30157B2-C1B3-4073-BA5E-632E2337A997}.Release|Any CPU.Build.0 = Release|Any CPU
		{A083A52E-C3C3-42E0-8DFD-54719E4C3B25}.Debug|Any CPU.ActiveCfg = Debug|Any CPU
		{A083A52E-C3C3-42E0-8DFD-54719E4C3B25}.Debug|Any CPU.Build.0 = Debug|Any CPU
		{A083A52E-C3C3-42E0-8DFD-54719E4C3B25}.Release|Any CPU.ActiveCfg = Release|Any CPU
		{A083A52E-C3C3-42E0-8DFD-54719E4C3B25}.Release|Any CPU.Build.0 = Release|Any CPU
		{3F2F129C-4E26-461C-96F6-BFC6BD918054}.Debug|Any CPU.ActiveCfg = Debug|Any CPU
		{3F2F129C-4E26-461C-96F6-BFC6BD918054}.Debug|Any CPU.Build.0 = Debug|Any CPU
		{3F2F129C-4E26-461C-96F6-BFC6BD918054}.Release|Any CPU.ActiveCfg = Release|Any CPU
		{3F2F129C-4E26-461C-96F6-BFC6BD918054}.Release|Any CPU.Build.0 = Release|Any CPU
		{7CD3219E-69F8-4CAB-A9DA-554824FF2E86}.Debug|Any CPU.ActiveCfg = Debug|Any CPU
		{7CD3219E-69F8-4CAB-A9DA-554824FF2E86}.Debug|Any CPU.Build.0 = Debug|Any CPU
		{7CD3219E-69F8-4CAB-A9DA-554824FF2E86}.Release|Any CPU.ActiveCfg = Release|Any CPU
		{7CD3219E-69F8-4CAB-A9DA-554824FF2E86}.Release|Any CPU.Build.0 = Release|Any CPU
		{9D3B602E-140E-4F84-A731-0683471D9B84}.Debug|Any CPU.ActiveCfg = Debug|Any CPU
		{9D3B602E-140E-4F84-A731-0683471D9B84}.Debug|Any CPU.Build.0 = Debug|Any CPU
		{9D3B602E-140E-4F84-A731-0683471D9B84}.Release|Any CPU.ActiveCfg = Release|Any CPU
		{9D3B602E-140E-4F84-A731-0683471D9B84}.Release|Any CPU.Build.0 = Release|Any CPU
		{622E546A-20F1-45FF-B56A-C2A28885C186}.Debug|Any CPU.ActiveCfg = Debug|Any CPU
		{622E546A-20F1-45FF-B56A-C2A28885C186}.Debug|Any CPU.Build.0 = Debug|Any CPU
		{622E546A-20F1-45FF-B56A-C2A28885C186}.Release|Any CPU.ActiveCfg = Release|Any CPU
		{622E546A-20F1-45FF-B56A-C2A28885C186}.Release|Any CPU.Build.0 = Release|Any CPU
	EndGlobalSection
	GlobalSection(SolutionProperties) = preSolution
		HideSolutionNode = FALSE
	EndGlobalSection
	GlobalSection(NestedProjects) = preSolution
		{D30157B2-C1B3-4073-BA5E-632E2337A997} = {17417433-D1A3-423D-9FAF-BAC03397D0E5}
		{A083A52E-C3C3-42E0-8DFD-54719E4C3B25} = {17417433-D1A3-423D-9FAF-BAC03397D0E5}
	EndGlobalSection
EndGlobal
