
Microsoft Visual Studio Solution File, Format Version 11.00
# Visual Studio 2010
Project("{2150E333-8FDC-42A3-9474-1A3956D46DE8}") = "Core", "Core", "{D42DD548-6EFB-4594-B9DC-FAF90A4AF1C2}"
EndProject
Project("{FAE04EC0-301F-11D3-BF4B-00C04F79EFBC}") = "Atlantis.Framework.Interface", "..\Atlantis.Framework.Engine\Atlantis.Framework.Interface\Atlantis.Framework.Interface.csproj", "{A083A52E-C3C3-42E0-8DFD-54719E4C3B25}"
EndProject
Project("{FAE04EC0-301F-11D3-BF4B-00C04F79EFBC}") = "Atlantis.Framework.Engine", "..\Atlantis.Framework.Engine\Atlantis.Framework.Engine\Atlantis.Framework.Engine.csproj", "{D30157B2-C1B3-4073-BA5E-632E2337A997}"
EndProject
Project("{FAE04EC0-301F-11D3-BF4B-00C04F79EFBC}") = "Atlantis.Framework.FTEAreaCodes.Impl", "Atlantis.Framework.FTEAreaCodes.Impl\Atlantis.Framework.FTEAreaCodes.Impl.csproj", "{47C9AF7B-4E4A-41FD-B844-7BE8A95F8546}"
EndProject
Project("{FAE04EC0-301F-11D3-BF4B-00C04F79EFBC}") = "Atlantis.Framework.FTEAreaCodes.Interface", "Atlantis.Framework.FTEAreaCodes.Interface\Atlantis.Framework.FTEAreaCodes.Interface.csproj", "{E12984EE-D12A-4EB5-BF6D-BEC7BCB18E98}"
EndProject
Project("{FAE04EC0-301F-11D3-BF4B-00C04F79EFBC}") = "Atlantis.Framework.FTEAreaCodes.Test", "Atlantis.Framework.FTEAreaCodes.Test\Atlantis.Framework.FTEAreaCodes.Test.csproj", "{A94C7659-2A8C-4F94-A5BE-8E43D964B146}"
EndProject
Project("{2150E333-8FDC-42A3-9474-1A3956D46DE8}") = "Solution Items", "Solution Items", "{02831326-C302-49FC-A8FC-F956531E6320}"
	ProjectSection(SolutionItems) = preProject
		Atlantis.Framework.FTEAreaCodes.vsmdi = Atlantis.Framework.FTEAreaCodes.vsmdi
		Local.testsettings = Local.testsettings
		TraceAndTestImpact.testsettings = TraceAndTestImpact.testsettings
	EndProjectSection
EndProject
Project("{FAE04EC0-301F-11D3-BF4B-00C04F79EFBC}") = "Atlantis.Framework.DataCache", "..\Atlantis.Framework.DataCache\Atlantis.Framework.DataCache\Atlantis.Framework.DataCache.csproj", "{7F2738F8-683C-49E7-88CD-E986C70F0321}"
EndProject
Project("{FAE04EC0-301F-11D3-BF4B-00C04F79EFBC}") = "Atlantis.Framework.FTE.Interface", "..\Atlantis.Framework.FTE.Interface\Atlantis.Framework.FTE.Interface\Atlantis.Framework.FTE.Interface.csproj", "{E9D92B34-AF65-469D-904D-71F431EE3A3D}"
EndProject
Project("{FAE04EC0-301F-11D3-BF4B-00C04F79EFBC}") = "Atlantis.Framework.Nimitz", "..\Atlantis.Framework.Nimitz\Atlantis.Framework.Nimitz\Atlantis.Framework.Nimitz.csproj", "{17EBED78-9469-4678-96B1-A175AB221916}"
EndProject
Global
	GlobalSection(TeamFoundationVersionControl) = preSolution
		SccNumberOfProjects = 9
		SccEnterpriseProvider = {4CA58AB2-18FA-4F8D-95D4-32DDF27D184C}
		SccTeamFoundationServer = http://tfs2010:8080/tfs/gd
		SccLocalPath0 = .
		SccProjectUniqueName1 = ..\\Atlantis.Framework.Engine\\Atlantis.Framework.Interface\\Atlantis.Framework.Interface.csproj
		SccProjectTopLevelParentUniqueName1 = Atlantis.Framework.FTEAreaCodes.sln
		SccProjectName1 = ../Atlantis.Framework.Engine/Atlantis.Framework.Interface
		SccLocalPath1 = ..\\Atlantis.Framework.Engine\\Atlantis.Framework.Interface
		SccProjectUniqueName2 = ..\\Atlantis.Framework.Engine\\Atlantis.Framework.Engine\\Atlantis.Framework.Engine.csproj
		SccProjectTopLevelParentUniqueName2 = Atlantis.Framework.FTEAreaCodes.sln
		SccProjectName2 = ../Atlantis.Framework.Engine/Atlantis.Framework.Engine
		SccLocalPath2 = ..\\Atlantis.Framework.Engine\\Atlantis.Framework.Engine
		SccProjectUniqueName3 = Atlantis.Framework.FTEAreaCodes.Impl\\Atlantis.Framework.FTEAreaCodes.Impl.csproj
		SccProjectName3 = Atlantis.Framework.FTEAreaCodes.Impl
		SccLocalPath3 = Atlantis.Framework.FTEAreaCodes.Impl
		SccProjectUniqueName4 = Atlantis.Framework.FTEAreaCodes.Interface\\Atlantis.Framework.FTEAreaCodes.Interface.csproj
		SccProjectName4 = Atlantis.Framework.FTEAreaCodes.Interface
		SccLocalPath4 = Atlantis.Framework.FTEAreaCodes.Interface
		SccProjectUniqueName5 = Atlantis.Framework.FTEAreaCodes.Test\\Atlantis.Framework.FTEAreaCodes.Test.csproj
		SccProjectName5 = Atlantis.Framework.FTEAreaCodes.Test
		SccLocalPath5 = Atlantis.Framework.FTEAreaCodes.Test
		SccProjectUniqueName6 = ..\\Atlantis.Framework.DataCache\\Atlantis.Framework.DataCache\\Atlantis.Framework.DataCache.csproj
		SccProjectTopLevelParentUniqueName6 = Atlantis.Framework.FTEAreaCodes.sln
		SccProjectName6 = ../Atlantis.Framework.DataCache/Atlantis.Framework.DataCache
		SccLocalPath6 = ..\\Atlantis.Framework.DataCache\\Atlantis.Framework.DataCache
		SccProjectUniqueName7 = ..\\Atlantis.Framework.FTE.Interface\\Atlantis.Framework.FTE.Interface\\Atlantis.Framework.FTE.Interface.csproj
		SccProjectName7 = ../Atlantis.Framework.FTE.Interface/Atlantis.Framework.FTE.Interface
		SccLocalPath7 = ..\\Atlantis.Framework.FTE.Interface\\Atlantis.Framework.FTE.Interface
		SccProjectUniqueName8 = ..\\Atlantis.Framework.Nimitz\\Atlantis.Framework.Nimitz\\Atlantis.Framework.Nimitz.csproj
		SccProjectTopLevelParentUniqueName8 = Atlantis.Framework.FTEAreaCodes.sln
		SccProjectName8 = ../Atlantis.Framework.Nimitz/Atlantis.Framework.Nimitz
		SccLocalPath8 = ..\\Atlantis.Framework.Nimitz\\Atlantis.Framework.Nimitz
	EndGlobalSection
	GlobalSection(TestCaseManagementSettings) = postSolution
		CategoryFile = Atlantis.Framework.FTEAreaCodes.vsmdi
	EndGlobalSection
	GlobalSection(SolutionConfigurationPlatforms) = preSolution
		Debug|Any CPU = Debug|Any CPU
		Release|Any CPU = Release|Any CPU
	EndGlobalSection
	GlobalSection(ProjectConfigurationPlatforms) = postSolution
		{A083A52E-C3C3-42E0-8DFD-54719E4C3B25}.Debug|Any CPU.ActiveCfg = Debug|Any CPU
		{A083A52E-C3C3-42E0-8DFD-54719E4C3B25}.Debug|Any CPU.Build.0 = Debug|Any CPU
		{A083A52E-C3C3-42E0-8DFD-54719E4C3B25}.Release|Any CPU.ActiveCfg = Release|Any CPU
		{A083A52E-C3C3-42E0-8DFD-54719E4C3B25}.Release|Any CPU.Build.0 = Release|Any CPU
		{D30157B2-C1B3-4073-BA5E-632E2337A997}.Debug|Any CPU.ActiveCfg = Debug|Any CPU
		{D30157B2-C1B3-4073-BA5E-632E2337A997}.Debug|Any CPU.Build.0 = Debug|Any CPU
		{D30157B2-C1B3-4073-BA5E-632E2337A997}.Release|Any CPU.ActiveCfg = Release|Any CPU
		{D30157B2-C1B3-4073-BA5E-632E2337A997}.Release|Any CPU.Build.0 = Release|Any CPU
		{47C9AF7B-4E4A-41FD-B844-7BE8A95F8546}.Debug|Any CPU.ActiveCfg = Debug|Any CPU
		{47C9AF7B-4E4A-41FD-B844-7BE8A95F8546}.Debug|Any CPU.Build.0 = Debug|Any CPU
		{47C9AF7B-4E4A-41FD-B844-7BE8A95F8546}.Release|Any CPU.ActiveCfg = Release|Any CPU
		{47C9AF7B-4E4A-41FD-B844-7BE8A95F8546}.Release|Any CPU.Build.0 = Release|Any CPU
		{E12984EE-D12A-4EB5-BF6D-BEC7BCB18E98}.Debug|Any CPU.ActiveCfg = Debug|Any CPU
		{E12984EE-D12A-4EB5-BF6D-BEC7BCB18E98}.Debug|Any CPU.Build.0 = Debug|Any CPU
		{E12984EE-D12A-4EB5-BF6D-BEC7BCB18E98}.Release|Any CPU.ActiveCfg = Release|Any CPU
		{E12984EE-D12A-4EB5-BF6D-BEC7BCB18E98}.Release|Any CPU.Build.0 = Release|Any CPU
		{A94C7659-2A8C-4F94-A5BE-8E43D964B146}.Debug|Any CPU.ActiveCfg = Debug|Any CPU
		{A94C7659-2A8C-4F94-A5BE-8E43D964B146}.Debug|Any CPU.Build.0 = Debug|Any CPU
		{A94C7659-2A8C-4F94-A5BE-8E43D964B146}.Release|Any CPU.ActiveCfg = Release|Any CPU
		{A94C7659-2A8C-4F94-A5BE-8E43D964B146}.Release|Any CPU.Build.0 = Release|Any CPU
		{7F2738F8-683C-49E7-88CD-E986C70F0321}.Debug|Any CPU.ActiveCfg = Debug|Any CPU
		{7F2738F8-683C-49E7-88CD-E986C70F0321}.Debug|Any CPU.Build.0 = Debug|Any CPU
		{7F2738F8-683C-49E7-88CD-E986C70F0321}.Release|Any CPU.ActiveCfg = Release|Any CPU
		{7F2738F8-683C-49E7-88CD-E986C70F0321}.Release|Any CPU.Build.0 = Release|Any CPU
		{E9D92B34-AF65-469D-904D-71F431EE3A3D}.Debug|Any CPU.ActiveCfg = Debug|Any CPU
		{E9D92B34-AF65-469D-904D-71F431EE3A3D}.Debug|Any CPU.Build.0 = Debug|Any CPU
		{E9D92B34-AF65-469D-904D-71F431EE3A3D}.Release|Any CPU.ActiveCfg = Release|Any CPU
		{E9D92B34-AF65-469D-904D-71F431EE3A3D}.Release|Any CPU.Build.0 = Release|Any CPU
		{17EBED78-9469-4678-96B1-A175AB221916}.Debug|Any CPU.ActiveCfg = Debug|Any CPU
		{17EBED78-9469-4678-96B1-A175AB221916}.Debug|Any CPU.Build.0 = Debug|Any CPU
		{17EBED78-9469-4678-96B1-A175AB221916}.Release|Any CPU.ActiveCfg = Release|Any CPU
		{17EBED78-9469-4678-96B1-A175AB221916}.Release|Any CPU.Build.0 = Release|Any CPU
	EndGlobalSection
	GlobalSection(SolutionProperties) = preSolution
		HideSolutionNode = FALSE
	EndGlobalSection
	GlobalSection(NestedProjects) = preSolution
		{A083A52E-C3C3-42E0-8DFD-54719E4C3B25} = {D42DD548-6EFB-4594-B9DC-FAF90A4AF1C2}
		{D30157B2-C1B3-4073-BA5E-632E2337A997} = {D42DD548-6EFB-4594-B9DC-FAF90A4AF1C2}
		{7F2738F8-683C-49E7-88CD-E986C70F0321} = {D42DD548-6EFB-4594-B9DC-FAF90A4AF1C2}
		{17EBED78-9469-4678-96B1-A175AB221916} = {D42DD548-6EFB-4594-B9DC-FAF90A4AF1C2}
	EndGlobalSection
EndGlobal
