Microsoft Visual Studio Solution File, Format Version 12.00
# Visual Studio 2012
Project("{2150E333-8FDC-42A3-9474-1A3956D46DE8}") = "Solution Items", "Solution Items", "{C6288B59-17BF-4A35-A72D-7F60C3F10BEC}"
	ProjectSection(SolutionItems) = preProject
		Atlantis.Framework.PurchaseEmail.vsmdi = Atlantis.Framework.PurchaseEmail.vsmdi
		LocalTestRun.testrunconfig = LocalTestRun.testrunconfig
	EndProjectSection
EndProject
Project("{FAE04EC0-301F-11D3-BF4B-00C04F79EFBC}") = "Atlantis.Framework.Interface", "..\Atlantis.Framework.Engine\Atlantis.Framework.Interface\Atlantis.Framework.Interface.csproj", "{A083A52E-C3C3-42E0-8DFD-54719E4C3B25}"
EndProject
Project("{FAE04EC0-301F-11D3-BF4B-00C04F79EFBC}") = "Atlantis.Framework.Engine", "..\Atlantis.Framework.Engine\Atlantis.Framework.Engine\Atlantis.Framework.Engine.csproj", "{D30157B2-C1B3-4073-BA5E-632E2337A997}"
EndProject
Project("{FAE04EC0-301F-11D3-BF4B-00C04F79EFBC}") = "Atlantis.Framework.DataCache", "..\Atlantis.Framework.DataCache\Atlantis.Framework.DataCache\Atlantis.Framework.DataCache.csproj", "{7F2738F8-683C-49E7-88CD-E986C70F0321}"
EndProject
Project("{FAE04EC0-301F-11D3-BF4B-00C04F79EFBC}") = "Atlantis.Framework.MessagingProcess.Interface", "..\Atlantis.Framework.MessagingProcess\Atlantis.Framework.MessagingProcess.Interface\Atlantis.Framework.MessagingProcess.Interface.csproj", "{8D5F838D-A604-4CEF-9F86-FE9A6843584A}"
EndProject
Project("{FAE04EC0-301F-11D3-BF4B-00C04F79EFBC}") = "Atlantis.Framework.PurchaseEmail.Interface", "Atlantis.Framework.PurchaseEmail.Interface\Atlantis.Framework.PurchaseEmail.Interface.csproj", "{08FF7AA8-3870-45DF-B8A7-388C97D5B8AE}"
EndProject
Project("{FAE04EC0-301F-11D3-BF4B-00C04F79EFBC}") = "Atlantis.Framework.PurchaseEmail.Impl", "Atlantis.Framework.PurchaseEmail.Impl\Atlantis.Framework.PurchaseEmail.Impl.csproj", "{DAEE5994-B330-40AD-B81B-406FC6FEFF3E}"
EndProject
Project("{FAE04EC0-301F-11D3-BF4B-00C04F79EFBC}") = "Atlantis.Framework.MessagingProcess.Impl", "..\Atlantis.Framework.MessagingProcess\Atlantis.Framework.MessagingProcess.Impl\Atlantis.Framework.MessagingProcess.Impl.csproj", "{37FFC807-89F1-4E9E-B622-6850A1A05F97}"
EndProject
Project("{FAE04EC0-301F-11D3-BF4B-00C04F79EFBC}") = "Atlantis.Framework.PurchaseEmail.Tests", "Atlantis.Framework.PurchaseEmail.Tests\Atlantis.Framework.PurchaseEmail.Tests.csproj", "{6A5AA9F0-3F3C-42A9-BA61-D9F4287C68A6}"
EndProject
Project("{FAE04EC0-301F-11D3-BF4B-00C04F79EFBC}") = "Atlantis.Framework.GetShopper.Interface", "..\Atlantis.Framework.GetShopper\Atlantis.Framework.GetShopper.Interface\Atlantis.Framework.GetShopper.Interface.csproj", "{4AEB3769-5282-49FC-941B-1AF979BBF39A}"
EndProject
Project("{FAE04EC0-301F-11D3-BF4B-00C04F79EFBC}") = "Atlantis.Framework.GetShopper.Impl", "..\Atlantis.Framework.GetShopper\Atlantis.Framework.GetShopper.Impl\Atlantis.Framework.GetShopper.Impl.csproj", "{49CF00CB-B94A-493C-86BF-CD189164AF3F}"
EndProject
Project("{FAE04EC0-301F-11D3-BF4B-00C04F79EFBC}") = "Atlantis.Framework.LinkInfo.Interface", "..\Atlantis.Framework.LinkInfo\Atlantis.Framework.LinkInfo.Interface\Atlantis.Framework.LinkInfo.Interface.csproj", "{39A8B945-42C8-45E8-ADD6-5BC7EB73F423}"
EndProject
Project("{FAE04EC0-301F-11D3-BF4B-00C04F79EFBC}") = "Atlantis.Framework.LinkInfo.Impl", "..\Atlantis.Framework.LinkInfo\Atlantis.Framework.LinkInfo.Impl\Atlantis.Framework.LinkInfo.Impl.csproj", "{7D677835-485C-4E30-BAC3-DEFCDB0BDA92}"
EndProject
Project("{FAE04EC0-301F-11D3-BF4B-00C04F79EFBC}") = "Atlantis.Framework.ProductOffer.Interface", "..\Atlantis.Framework.ProductOffer\Atlantis.Framework.ProductOffer.Interface\Atlantis.Framework.ProductOffer.Interface.csproj", "{D7260EE7-F41C-4AC4-87FF-959BD107A4DE}"
EndProject
Project("{FAE04EC0-301F-11D3-BF4B-00C04F79EFBC}") = "Atlantis.Framework.ProductOffer.Impl", "..\Atlantis.Framework.ProductOffer\Atlantis.Framework.ProductOffer.Impl\Atlantis.Framework.ProductOffer.Impl.csproj", "{9E93F4AA-28B0-42FE-BFB8-0E3EDF2E0EA7}"
EndProject
Project("{FAE04EC0-301F-11D3-BF4B-00C04F79EFBC}") = "Atlantis.Framework.ShopperPriceType.Interface", "..\Atlantis.Framework.ShopperPriceType\Atlantis.Framework.ShopperPriceType.Interface\Atlantis.Framework.ShopperPriceType.Interface.csproj", "{F310FE92-7999-46F3-A64E-36F90243BA02}"
EndProject
Project("{FAE04EC0-301F-11D3-BF4B-00C04F79EFBC}") = "Atlantis.Framework.ShopperPriceType.Impl", "..\Atlantis.Framework.ShopperPriceType\Atlantis.Framework.ShopperPriceType.Impl\Atlantis.Framework.ShopperPriceType.Impl.csproj", "{B328AF05-4BEE-45BB-9913-C836E5593E50}"
EndProject
Project("{FAE04EC0-301F-11D3-BF4B-00C04F79EFBC}") = "Atlantis.Framework.DataProvider.Interface", "..\Atlantis.Framework.DataProvider\Atlantis.Framework.DataProvider.Interface\Atlantis.Framework.DataProvider.Interface.csproj", "{BEE136BA-2908-438B-9033-CCDB137CB5F9}"
EndProject
Project("{FAE04EC0-301F-11D3-BF4B-00C04F79EFBC}") = "Atlantis.Framework.DataProvider.Impl", "..\Atlantis.Framework.DataProvider\Atlantis.Framework.DataProvider.Impl\Atlantis.Framework.DataProvider.Impl.csproj", "{2082EE07-1D5E-4E67-AB16-FA409182FB13}"
EndProject
Project("{2150E333-8FDC-42A3-9474-1A3956D46DE8}") = "Core", "Core", "{B3FCB122-EC77-42DB-97ED-9006EDF85204}"
EndProject
Project("{FAE04EC0-301F-11D3-BF4B-00C04F79EFBC}") = "Atlantis.Framework.Nimitz", "..\Atlantis.Framework.Nimitz\Atlantis.Framework.Nimitz\Atlantis.Framework.Nimitz.csproj", "{3213E6DB-F026-4F17-A46A-7127F79F6620}"
EndProject
Project("{FAE04EC0-301F-11D3-BF4B-00C04F79EFBC}") = "Atlantis.Framework.Providers.Currency", "..\Atlantis.Framework.Providers.Currency\Atlantis.Framework.Providers.Currency\Atlantis.Framework.Providers.Currency.csproj", "{8581EB6C-5093-473E-AB04-318CE071E7FD}"
EndProject
Project("{FAE04EC0-301F-11D3-BF4B-00C04F79EFBC}") = "Atlantis.Framework.Providers.Interface", "..\Atlantis.Framework.Providers.Interface\Atlantis.Framework.Providers.Interface\Atlantis.Framework.Providers.Interface.csproj", "{6CC33C6B-FAA7-4B6A-8C3B-BFE94A1A65DE}"
EndProject
Project("{FAE04EC0-301F-11D3-BF4B-00C04F79EFBC}") = "Atlantis.Framework.Providers.Products", "..\Atlantis.Framework.Providers.Products\Atlantis.Framework.Providers.Products\Atlantis.Framework.Providers.Products.csproj", "{F078F62F-8023-4E25-8834-973377000D57}"
EndProject
Project("{FAE04EC0-301F-11D3-BF4B-00C04F79EFBC}") = "Atlantis.Framework.Providers.Links", "..\Atlantis.Framework.Providers.Links\Atlantis.Framework.Providers.Links\Atlantis.Framework.Providers.Links.csproj", "{1A992CC0-680A-4E62-8691-C3C8C629142F}"
EndProject
Project("{FAE04EC0-301F-11D3-BF4B-00C04F79EFBC}") = "Atlantis.Framework.Providers.Preferences", "..\Atlantis.Framework.Providers.Preferences\Atlantis.Framework.Providers.Preferences\Atlantis.Framework.Providers.Preferences.csproj", "{CA50A18E-5CA1-43BE-82C1-F1910F09780B}"
EndProject
Project("{FAE04EC0-301F-11D3-BF4B-00C04F79EFBC}") = "Atlantis.Framework.ShopperPrefGet.Impl", "..\Atlantis.Framework.ShopperPrefGet\Atlantis.Framework.ShopperPrefGet.Impl\Atlantis.Framework.ShopperPrefGet.Impl.csproj", "{F6887293-66C9-4BB8-98EF-8AC047D22E91}"
EndProject
Project("{FAE04EC0-301F-11D3-BF4B-00C04F79EFBC}") = "Atlantis.Framework.ShopperPrefGet.Interface", "..\Atlantis.Framework.ShopperPrefGet\Atlantis.Framework.ShopperPrefGet.Interface\Atlantis.Framework.ShopperPrefGet.Interface.csproj", "{9C1FBF6D-E420-4B6F-B5CF-9C5633FB5203}"
EndProject
Project("{FAE04EC0-301F-11D3-BF4B-00C04F79EFBC}") = "Atlantis.Framework.ShopperPrefUpdate.Impl", "..\Atlantis.Framework.ShopperPrefUpdate\Atlantis.Framework.ShopperPrefUpdate.Impl\Atlantis.Framework.ShopperPrefUpdate.Impl.csproj", "{881DDBDF-2E24-4260-A40A-64006D4B0412}"
EndProject
Project("{FAE04EC0-301F-11D3-BF4B-00C04F79EFBC}") = "Atlantis.Framework.ShopperPrefUpdate.Interface", "..\Atlantis.Framework.ShopperPrefUpdate\Atlantis.Framework.ShopperPrefUpdate.Interface\Atlantis.Framework.ShopperPrefUpdate.Interface.csproj", "{565624BE-ABB3-4A2F-B5CE-968C6F18E20A}"
EndProject
Project("{FAE04EC0-301F-11D3-BF4B-00C04F79EFBC}") = "Atlantis.Framework.ShopperPrefGetModDate.Impl", "..\Atlantis.Framework.ShopperPrefGetModDate\Atlantis.Framework.ShopperPrefGetModDate.Impl\Atlantis.Framework.ShopperPrefGetModDate.Impl.csproj", "{169C0776-313C-4A6F-BC7F-27BB86334C18}"
EndProject
Project("{FAE04EC0-301F-11D3-BF4B-00C04F79EFBC}") = "Atlantis.Framework.ShopperPrefGetModDate.Interface", "..\Atlantis.Framework.ShopperPrefGetModDate\Atlantis.Framework.ShopperPrefGetModDate.Interface\Atlantis.Framework.ShopperPrefGetModDate.Interface.csproj", "{C6399678-5F8B-40C1-B216-F507E92A1ACF}"
EndProject
Project("{FAE04EC0-301F-11D3-BF4B-00C04F79EFBC}") = "Atlantis.Framework.GetPaymentProfileAlternate.Interface", "..\Atlantis.Framework.GetPaymentProfileAlternate\Atlantis.Framework.GetPaymentProfileAlternate.Interface\Atlantis.Framework.GetPaymentProfileAlternate.Interface.csproj", "{91B47589-8892-4643-B1A0-715E6A061879}"
EndProject
Project("{FAE04EC0-301F-11D3-BF4B-00C04F79EFBC}") = "Atlantis.Framework.GetPaymentProfileAlternate.Impl", "..\Atlantis.Framework.GetPaymentProfileAlternate\Atlantis.Framework.GetPaymentProfileAlternate.Impl\Atlantis.Framework.GetPaymentProfileAlternate.Impl.csproj", "{201B3981-164A-4563-8454-E8286E988FC6}"
EndProject
Project("{FAE04EC0-301F-11D3-BF4B-00C04F79EFBC}") = "Atlantis.Framework.PromoData.Interface", "..\Atlantis.Framework.PromoData\Atlantis.Framework.PromoData.Interface\Atlantis.Framework.PromoData.Interface.csproj", "{42E827B4-1E98-453B-8A36-009C201DD85A}"
EndProject
Project("{FAE04EC0-301F-11D3-BF4B-00C04F79EFBC}") = "Atlantis.Framework.PromoData.Impl", "..\Atlantis.Framework.PromoData\Atlantis.Framework.PromoData.Impl\Atlantis.Framework.PromoData.Impl.csproj", "{8EB9D6B2-C2B6-4CD3-BEAE-2C22347A81DA}"
EndProject
Project("{FAE04EC0-301F-11D3-BF4B-00C04F79EFBC}") = "Atlantis.Framework.Providers.PromoData", "..\Atlantis.Framework.Providers.PromoData\Atlantis.Framework.Providers.PromoData\Atlantis.Framework.Providers.PromoData.csproj", "{D67BE3FC-BB67-4ADC-A368-98B04B395396}"
EndProject
Project("{FAE04EC0-301F-11D3-BF4B-00C04F79EFBC}") = "Atlantis.Framework.SessionCache", "..\Atlantis.Framework.SessionCache\Atlantis.Framework.SessionCache\Atlantis.Framework.SessionCache.csproj", "{53BE1E8C-C474-4D2D-B2E3-DB00CBE1B5F9}"
EndProject
Project("{FAE04EC0-301F-11D3-BF4B-00C04F79EFBC}") = "Atlantis.Framework.PLSignupInfo.Interface", "..\Atlantis.Framework.PLSignupInfo\Atlantis.Framework.PLSignupInfo.Interface\Atlantis.Framework.PLSignupInfo.Interface.csproj", "{3C228090-226D-435D-AC13-BE073CCDFAE2}"
EndProject
Project("{FAE04EC0-301F-11D3-BF4B-00C04F79EFBC}") = "Atlantis.Framework.PLSignupInfo.Impl", "..\Atlantis.Framework.PLSignupInfo\Atlantis.Framework.PLSignupInfo.Impl\Atlantis.Framework.PLSignupInfo.Impl.csproj", "{4DFB1615-1204-4095-B56E-C697A4EA6E03}"
EndProject
Project("{FAE04EC0-301F-11D3-BF4B-00C04F79EFBC}") = "Atlantis.Framework.ShopperFirstOrderGet.Impl", "..\Atlantis.Framework.ShopperFirstOrderGet\Atlantis.Framework.ShopperFirstOrderGet.Impl\Atlantis.Framework.ShopperFirstOrderGet.Impl.csproj", "{A97FE745-78C7-4184-91AE-89543CB8DE0D}"
EndProject
Project("{FAE04EC0-301F-11D3-BF4B-00C04F79EFBC}") = "Atlantis.Framework.ShopperFirstOrderGet.Interface", "..\Atlantis.Framework.ShopperFirstOrderGet\Atlantis.Framework.ShopperFirstOrderGet.Interface\Atlantis.Framework.ShopperFirstOrderGet.Interface.csproj", "{89210EF0-715A-4B27-ACB4-1F98C0EF773B}"
EndProject
Project("{FAE04EC0-301F-11D3-BF4B-00C04F79EFBC}") = "Atlantis.Framework.KiwiLogger.Interface", "..\Atlantis.Framework.KiwiLogger\Atlantis.Framework.KiwiLogger.Interface\Atlantis.Framework.KiwiLogger.Interface.csproj", "{5A01EC44-56C6-4216-8CF4-575B4AC4FD5A}"
EndProject
Project("{FAE04EC0-301F-11D3-BF4B-00C04F79EFBC}") = "Atlantis.Framework.KiwiLogger.Impl", "..\Atlantis.Framework.KiwiLogger\Atlantis.Framework.KiwiLogger.Impl\Atlantis.Framework.KiwiLogger.Impl.csproj", "{B25FA241-4ABE-4183-8C50-2DC6B684D0BD}"
EndProject
Project("{FAE04EC0-301F-11D3-BF4B-00C04F79EFBC}") = "Atlantis.Framework.EcommPaymentProfile.Interface", "..\Atlantis.Framework.EcommPaymentProfile\Atlantis.Framework.EcommPaymentProfile.Interface\Atlantis.Framework.EcommPaymentProfile.Interface.csproj", "{0066A523-3B95-41DE-96CA-1AC529D1BAA2}"
EndProject
Project("{FAE04EC0-301F-11D3-BF4B-00C04F79EFBC}") = "Atlantis.Framework.EcommPaymentProfile.Impl", "..\Atlantis.Framework.EcommPaymentProfile\Atlantis.Framework.EcommPaymentProfile.Impl\Atlantis.Framework.EcommPaymentProfile.Impl.csproj", "{BFA829D2-AB95-4913-BCF3-CB0748AD3AB4}"
EndProject
Project("{FAE04EC0-301F-11D3-BF4B-00C04F79EFBC}") = "Atlantis.Framework.PaymentProfile.Interface", "..\Atlantis.Framework.PaymentProfile\Atlantis.Framework.PaymentProfile.Interface\Atlantis.Framework.PaymentProfile.Interface.csproj", "{8B540B38-34E0-4136-B409-1DC7B322AA63}"
EndProject
Project("{FAE04EC0-301F-11D3-BF4B-00C04F79EFBC}") = "Atlantis.Framework.Providers.Links.Interface", "..\Atlantis.Framework.Providers.Links\Atlantis.Framework.Providers.Links.Interface\Atlantis.Framework.Providers.Links.Interface.csproj", "{9972E990-31F1-4C30-9BB5-AC1F3BD4E600}"
EndProject
Project("{FAE04EC0-301F-11D3-BF4B-00C04F79EFBC}") = "Atlantis.Framework.Providers.Preferences.Interface", "..\Atlantis.Framework.Providers.Preferences\Atlantis.Framework.Providers.Preferences.Interface\Atlantis.Framework.Providers.Preferences.Interface.csproj", "{1A50E3B8-4A5C-4E48-BAD4-17C5092F0DDE}"
EndProject
Project("{FAE04EC0-301F-11D3-BF4B-00C04F79EFBC}") = "Atlantis.Framework.Providers.Containers", "..\Atlantis.Framework.Providers.Containers\Atlantis.Framework.Providers.Containers\Atlantis.Framework.Providers.Containers.csproj", "{C333E679-494E-422D-AB5E-E4C0EC94ACD5}"
EndProject
Project("{FAE04EC0-301F-11D3-BF4B-00C04F79EFBC}") = "Atlantis.Framework.DataCacheService", "..\Atlantis.Framework.DataCache\Atlantis.Framework.DataCacheService\Atlantis.Framework.DataCacheService.csproj", "{3E299D3B-3C8D-455A-92A4-05FF6C60E6F3}"
EndProject
Project("{FAE04EC0-301F-11D3-BF4B-00C04F79EFBC}") = "Atlantis.Framework.MyaMirageData.Interface", "..\Atlantis.Framework.MyaMirageData\Atlantis.Framework.MyaMirageData.Interface\Atlantis.Framework.MyaMirageData.Interface.csproj", "{54FFFE85-22B9-49F1-B244-CB3FE5591416}"
EndProject
Project("{FAE04EC0-301F-11D3-BF4B-00C04F79EFBC}") = "Atlantis.Framework.MyaMirageData.Impl", "..\Atlantis.Framework.MyaMirageData\Atlantis.Framework.MyaMirageData.Impl\Atlantis.Framework.MyaMirageData.Impl.csproj", "{B6DFB2CC-BECA-4AF6-9B10-0D4BDBEEAE98}"
EndProject
Project("{FAE04EC0-301F-11D3-BF4B-00C04F79EFBC}") = "Atlantis.Framework.MyaRecentNamespaces.Interface", "..\Atlantis.Framework.MyaRecentNamespaces\Atlantis.Framework.MyaRecentNamespaces.Interface\Atlantis.Framework.MyaRecentNamespaces.Interface.csproj", "{7DBCB185-DF3C-495B-BD0F-C33E75355006}"
EndProject
Project("{FAE04EC0-301F-11D3-BF4B-00C04F79EFBC}") = "Atlantis.Framework.MyaRecentNamespaces.Impl", "..\Atlantis.Framework.MyaRecentNamespaces\Atlantis.Framework.MyaRecentNamespaces.Impl\Atlantis.Framework.MyaRecentNamespaces.Impl.csproj", "{EB87F27D-5BB1-4CA4-BE74-4FB36AEB8F33}"
EndProject
Project("{FAE04EC0-301F-11D3-BF4B-00C04F79EFBC}") = "Atlantis.Framework.MyaMirageStatus.Interface", "..\Atlantis.Framework.MyaMirageStatus\Atlantis.Framework.MyaMirageStatus.Interface\Atlantis.Framework.MyaMirageStatus.Interface.csproj", "{714D675D-326C-485F-B756-9ED2A931A2DC}"
EndProject
Project("{FAE04EC0-301F-11D3-BF4B-00C04F79EFBC}") = "Atlantis.Framework.MyaMirageStatus.Impl", "..\Atlantis.Framework.MyaMirageStatus\Atlantis.Framework.MyaMirageStatus.Impl\Atlantis.Framework.MyaMirageStatus.Impl.csproj", "{0DDDEC9B-FA49-47CF-AFDA-347D46E2ACDD}"
EndProject
Global
	GlobalSection(TeamFoundationVersionControl) = preSolution
		SccNumberOfProjects = 56
		SccEnterpriseProvider = {4CA58AB2-18FA-4F8D-95D4-32DDF27D184C}
		SccTeamFoundationServer = http://tfs2010:8080/tfs/gd
		SccLocalPath0 = .
		SccProjectUniqueName1 = ..\\Atlantis.Framework.Engine\\Atlantis.Framework.Interface\\Atlantis.Framework.Interface.csproj
		SccProjectTopLevelParentUniqueName1 = Atlantis.Framework.PurchaseEmail.sln
		SccProjectName1 = ../Atlantis.Framework.Engine/Atlantis.Framework.Interface
		SccLocalPath1 = ..\\Atlantis.Framework.Engine\\Atlantis.Framework.Interface
		SccProjectUniqueName2 = ..\\Atlantis.Framework.Engine\\Atlantis.Framework.Engine\\Atlantis.Framework.Engine.csproj
		SccProjectTopLevelParentUniqueName2 = Atlantis.Framework.PurchaseEmail.sln
		SccProjectName2 = ../Atlantis.Framework.Engine/Atlantis.Framework.Engine
		SccLocalPath2 = ..\\Atlantis.Framework.Engine\\Atlantis.Framework.Engine
		SccProjectUniqueName3 = ..\\Atlantis.Framework.DataCache\\Atlantis.Framework.DataCache\\Atlantis.Framework.DataCache.csproj
		SccProjectTopLevelParentUniqueName3 = Atlantis.Framework.PurchaseEmail.sln
		SccProjectName3 = ../Atlantis.Framework.DataCache/Atlantis.Framework.DataCache
		SccLocalPath3 = ..\\Atlantis.Framework.DataCache\\Atlantis.Framework.DataCache
		SccProjectUniqueName4 = ..\\Atlantis.Framework.MessagingProcess\\Atlantis.Framework.MessagingProcess.Interface\\Atlantis.Framework.MessagingProcess.Interface.csproj
		SccProjectTopLevelParentUniqueName4 = Atlantis.Framework.PurchaseEmail.sln
		SccProjectName4 = ../Atlantis.Framework.MessagingProcess/Atlantis.Framework.MessagingProcess.Interface
		SccLocalPath4 = ..\\Atlantis.Framework.MessagingProcess\\Atlantis.Framework.MessagingProcess.Interface
		SccProjectUniqueName5 = Atlantis.Framework.PurchaseEmail.Interface\\Atlantis.Framework.PurchaseEmail.Interface.csproj
		SccProjectName5 = Atlantis.Framework.PurchaseEmail.Interface
		SccLocalPath5 = Atlantis.Framework.PurchaseEmail.Interface
		SccProjectUniqueName6 = Atlantis.Framework.PurchaseEmail.Impl\\Atlantis.Framework.PurchaseEmail.Impl.csproj
		SccProjectName6 = Atlantis.Framework.PurchaseEmail.Impl
		SccLocalPath6 = Atlantis.Framework.PurchaseEmail.Impl
		SccProjectUniqueName7 = ..\\Atlantis.Framework.MessagingProcess\\Atlantis.Framework.MessagingProcess.Impl\\Atlantis.Framework.MessagingProcess.Impl.csproj
		SccProjectTopLevelParentUniqueName7 = Atlantis.Framework.PurchaseEmail.sln
		SccProjectName7 = ../Atlantis.Framework.MessagingProcess/Atlantis.Framework.MessagingProcess.Impl
		SccLocalPath7 = ..\\Atlantis.Framework.MessagingProcess\\Atlantis.Framework.MessagingProcess.Impl
		SccProjectUniqueName8 = Atlantis.Framework.PurchaseEmail.Tests\\Atlantis.Framework.PurchaseEmail.Tests.csproj
		SccProjectName8 = Atlantis.Framework.PurchaseEmail.Tests
		SccLocalPath8 = Atlantis.Framework.PurchaseEmail.Tests
		SccProjectUniqueName9 = ..\\Atlantis.Framework.GetShopper\\Atlantis.Framework.GetShopper.Interface\\Atlantis.Framework.GetShopper.Interface.csproj
		SccProjectTopLevelParentUniqueName9 = Atlantis.Framework.PurchaseEmail.sln
		SccProjectName9 = ../Atlantis.Framework.GetShopper/Atlantis.Framework.GetShopper.Interface
		SccLocalPath9 = ..\\Atlantis.Framework.GetShopper\\Atlantis.Framework.GetShopper.Interface
		SccProjectUniqueName10 = ..\\Atlantis.Framework.GetShopper\\Atlantis.Framework.GetShopper.Impl\\Atlantis.Framework.GetShopper.Impl.csproj
		SccProjectTopLevelParentUniqueName10 = Atlantis.Framework.PurchaseEmail.sln
		SccProjectName10 = ../Atlantis.Framework.GetShopper/Atlantis.Framework.GetShopper.Impl
		SccLocalPath10 = ..\\Atlantis.Framework.GetShopper\\Atlantis.Framework.GetShopper.Impl
		SccProjectUniqueName11 = ..\\Atlantis.Framework.LinkInfo\\Atlantis.Framework.LinkInfo.Interface\\Atlantis.Framework.LinkInfo.Interface.csproj
		SccProjectTopLevelParentUniqueName11 = Atlantis.Framework.PurchaseEmail.sln
		SccProjectName11 = ../Atlantis.Framework.LinkInfo/Atlantis.Framework.LinkInfo.Interface
		SccLocalPath11 = ..\\Atlantis.Framework.LinkInfo\\Atlantis.Framework.LinkInfo.Interface
		SccProjectUniqueName12 = ..\\Atlantis.Framework.LinkInfo\\Atlantis.Framework.LinkInfo.Impl\\Atlantis.Framework.LinkInfo.Impl.csproj
		SccProjectTopLevelParentUniqueName12 = Atlantis.Framework.PurchaseEmail.sln
		SccProjectName12 = ../Atlantis.Framework.LinkInfo/Atlantis.Framework.LinkInfo.Impl
		SccLocalPath12 = ..\\Atlantis.Framework.LinkInfo\\Atlantis.Framework.LinkInfo.Impl
		SccProjectUniqueName13 = ..\\Atlantis.Framework.ProductOffer\\Atlantis.Framework.ProductOffer.Interface\\Atlantis.Framework.ProductOffer.Interface.csproj
		SccProjectTopLevelParentUniqueName13 = Atlantis.Framework.PurchaseEmail.sln
		SccProjectName13 = ../Atlantis.Framework.ProductOffer/Atlantis.Framework.ProductOffer.Interface
		SccLocalPath13 = ..\\Atlantis.Framework.ProductOffer\\Atlantis.Framework.ProductOffer.Interface
		SccProjectUniqueName14 = ..\\Atlantis.Framework.ProductOffer\\Atlantis.Framework.ProductOffer.Impl\\Atlantis.Framework.ProductOffer.Impl.csproj
		SccProjectTopLevelParentUniqueName14 = Atlantis.Framework.PurchaseEmail.sln
		SccProjectName14 = ../Atlantis.Framework.ProductOffer/Atlantis.Framework.ProductOffer.Impl
		SccLocalPath14 = ..\\Atlantis.Framework.ProductOffer\\Atlantis.Framework.ProductOffer.Impl
		SccProjectUniqueName15 = ..\\Atlantis.Framework.ShopperPriceType\\Atlantis.Framework.ShopperPriceType.Interface\\Atlantis.Framework.ShopperPriceType.Interface.csproj
		SccProjectTopLevelParentUniqueName15 = Atlantis.Framework.PurchaseEmail.sln
		SccProjectName15 = ../Atlantis.Framework.ShopperPriceType/Atlantis.Framework.ShopperPriceType.Interface
		SccLocalPath15 = ..\\Atlantis.Framework.ShopperPriceType\\Atlantis.Framework.ShopperPriceType.Interface
		SccProjectUniqueName16 = ..\\Atlantis.Framework.ShopperPriceType\\Atlantis.Framework.ShopperPriceType.Impl\\Atlantis.Framework.ShopperPriceType.Impl.csproj
		SccProjectTopLevelParentUniqueName16 = Atlantis.Framework.PurchaseEmail.sln
		SccProjectName16 = ../Atlantis.Framework.ShopperPriceType/Atlantis.Framework.ShopperPriceType.Impl
		SccLocalPath16 = ..\\Atlantis.Framework.ShopperPriceType\\Atlantis.Framework.ShopperPriceType.Impl
		SccProjectUniqueName17 = ..\\Atlantis.Framework.DataProvider\\Atlantis.Framework.DataProvider.Interface\\Atlantis.Framework.DataProvider.Interface.csproj
		SccProjectTopLevelParentUniqueName17 = Atlantis.Framework.PurchaseEmail.sln
		SccProjectName17 = ../Atlantis.Framework.DataProvider/Atlantis.Framework.DataProvider.Interface
		SccLocalPath17 = ..\\Atlantis.Framework.DataProvider\\Atlantis.Framework.DataProvider.Interface
		SccProjectUniqueName18 = ..\\Atlantis.Framework.DataProvider\\Atlantis.Framework.DataProvider.Impl\\Atlantis.Framework.DataProvider.Impl.csproj
		SccProjectTopLevelParentUniqueName18 = Atlantis.Framework.PurchaseEmail.sln
		SccProjectName18 = ../Atlantis.Framework.DataProvider/Atlantis.Framework.DataProvider.Impl
		SccLocalPath18 = ..\\Atlantis.Framework.DataProvider\\Atlantis.Framework.DataProvider.Impl
		SccProjectUniqueName19 = ..\\Atlantis.Framework.Nimitz\\Atlantis.Framework.Nimitz\\Atlantis.Framework.Nimitz.csproj
		SccProjectTopLevelParentUniqueName19 = Atlantis.Framework.PurchaseEmail.sln
		SccProjectName19 = ../Atlantis.Framework.Nimitz/Atlantis.Framework.Nimitz
		SccLocalPath19 = ..\\Atlantis.Framework.Nimitz\\Atlantis.Framework.Nimitz
		SccProjectUniqueName20 = ..\\Atlantis.Framework.Providers.Currency\\Atlantis.Framework.Providers.Currency\\Atlantis.Framework.Providers.Currency.csproj
		SccProjectTopLevelParentUniqueName20 = Atlantis.Framework.PurchaseEmail.sln
		SccProjectName20 = ../Atlantis.Framework.Providers.Currency/Atlantis.Framework.Providers.Currency
		SccLocalPath20 = ..\\Atlantis.Framework.Providers.Currency\\Atlantis.Framework.Providers.Currency
		SccProjectUniqueName21 = ..\\Atlantis.Framework.Providers.Interface\\Atlantis.Framework.Providers.Interface\\Atlantis.Framework.Providers.Interface.csproj
		SccProjectTopLevelParentUniqueName21 = Atlantis.Framework.PurchaseEmail.sln
		SccProjectName21 = ../Atlantis.Framework.Providers.Interface/Atlantis.Framework.Providers.Interface
		SccLocalPath21 = ..\\Atlantis.Framework.Providers.Interface\\Atlantis.Framework.Providers.Interface
		SccProjectUniqueName22 = ..\\Atlantis.Framework.Providers.Products\\Atlantis.Framework.Providers.Products\\Atlantis.Framework.Providers.Products.csproj
		SccProjectTopLevelParentUniqueName22 = Atlantis.Framework.PurchaseEmail.sln
		SccProjectName22 = ../Atlantis.Framework.Providers.Products/Atlantis.Framework.Providers.Products
		SccLocalPath22 = ..\\Atlantis.Framework.Providers.Products\\Atlantis.Framework.Providers.Products
		SccProjectUniqueName23 = ..\\Atlantis.Framework.Providers.Links\\Atlantis.Framework.Providers.Links\\Atlantis.Framework.Providers.Links.csproj
		SccProjectTopLevelParentUniqueName23 = Atlantis.Framework.PurchaseEmail.sln
		SccProjectName23 = ../Atlantis.Framework.Providers.Links/Atlantis.Framework.Providers.Links
		SccLocalPath23 = ..\\Atlantis.Framework.Providers.Links\\Atlantis.Framework.Providers.Links
		SccProjectUniqueName24 = ..\\Atlantis.Framework.Providers.Preferences\\Atlantis.Framework.Providers.Preferences\\Atlantis.Framework.Providers.Preferences.csproj
		SccProjectTopLevelParentUniqueName24 = Atlantis.Framework.PurchaseEmail.sln
		SccProjectName24 = ../Atlantis.Framework.Providers.Preferences/Atlantis.Framework.Providers.Preferences
		SccLocalPath24 = ..\\Atlantis.Framework.Providers.Preferences\\Atlantis.Framework.Providers.Preferences
		SccProjectUniqueName25 = ..\\Atlantis.Framework.ShopperPrefGet\\Atlantis.Framework.ShopperPrefGet.Impl\\Atlantis.Framework.ShopperPrefGet.Impl.csproj
		SccProjectTopLevelParentUniqueName25 = Atlantis.Framework.PurchaseEmail.sln
		SccProjectName25 = ../Atlantis.Framework.ShopperPrefGet/Atlantis.Framework.ShopperPrefGet.Impl
		SccLocalPath25 = ..\\Atlantis.Framework.ShopperPrefGet\\Atlantis.Framework.ShopperPrefGet.Impl
		SccProjectUniqueName26 = ..\\Atlantis.Framework.ShopperPrefGet\\Atlantis.Framework.ShopperPrefGet.Interface\\Atlantis.Framework.ShopperPrefGet.Interface.csproj
		SccProjectTopLevelParentUniqueName26 = Atlantis.Framework.PurchaseEmail.sln
		SccProjectName26 = ../Atlantis.Framework.ShopperPrefGet/Atlantis.Framework.ShopperPrefGet.Interface
		SccLocalPath26 = ..\\Atlantis.Framework.ShopperPrefGet\\Atlantis.Framework.ShopperPrefGet.Interface
		SccProjectUniqueName27 = ..\\Atlantis.Framework.ShopperPrefUpdate\\Atlantis.Framework.ShopperPrefUpdate.Impl\\Atlantis.Framework.ShopperPrefUpdate.Impl.csproj
		SccProjectTopLevelParentUniqueName27 = Atlantis.Framework.PurchaseEmail.sln
		SccProjectName27 = ../Atlantis.Framework.ShopperPrefUpdate/Atlantis.Framework.ShopperPrefUpdate.Impl
		SccLocalPath27 = ..\\Atlantis.Framework.ShopperPrefUpdate\\Atlantis.Framework.ShopperPrefUpdate.Impl
		SccProjectUniqueName28 = ..\\Atlantis.Framework.ShopperPrefUpdate\\Atlantis.Framework.ShopperPrefUpdate.Interface\\Atlantis.Framework.ShopperPrefUpdate.Interface.csproj
		SccProjectTopLevelParentUniqueName28 = Atlantis.Framework.PurchaseEmail.sln
		SccProjectName28 = ../Atlantis.Framework.ShopperPrefUpdate/Atlantis.Framework.ShopperPrefUpdate.Interface
		SccLocalPath28 = ..\\Atlantis.Framework.ShopperPrefUpdate\\Atlantis.Framework.ShopperPrefUpdate.Interface
		SccProjectUniqueName29 = ..\\Atlantis.Framework.ShopperPrefGetModDate\\Atlantis.Framework.ShopperPrefGetModDate.Impl\\Atlantis.Framework.ShopperPrefGetModDate.Impl.csproj
		SccProjectTopLevelParentUniqueName29 = Atlantis.Framework.PurchaseEmail.sln
		SccProjectName29 = ../Atlantis.Framework.ShopperPrefGetModDate/Atlantis.Framework.ShopperPrefGetModDate.Impl
		SccLocalPath29 = ..\\Atlantis.Framework.ShopperPrefGetModDate\\Atlantis.Framework.ShopperPrefGetModDate.Impl
		SccProjectUniqueName30 = ..\\Atlantis.Framework.ShopperPrefGetModDate\\Atlantis.Framework.ShopperPrefGetModDate.Interface\\Atlantis.Framework.ShopperPrefGetModDate.Interface.csproj
		SccProjectTopLevelParentUniqueName30 = Atlantis.Framework.PurchaseEmail.sln
		SccProjectName30 = ../Atlantis.Framework.ShopperPrefGetModDate/Atlantis.Framework.ShopperPrefGetModDate.Interface
		SccLocalPath30 = ..\\Atlantis.Framework.ShopperPrefGetModDate\\Atlantis.Framework.ShopperPrefGetModDate.Interface
		SccProjectUniqueName31 = ..\\Atlantis.Framework.GetPaymentProfileAlternate\\Atlantis.Framework.GetPaymentProfileAlternate.Interface\\Atlantis.Framework.GetPaymentProfileAlternate.Interface.csproj
		SccProjectTopLevelParentUniqueName31 = Atlantis.Framework.PurchaseEmail.sln
		SccProjectName31 = ../Atlantis.Framework.GetPaymentProfileAlternate/Atlantis.Framework.GetPaymentProfileAlternate.Interface
		SccLocalPath31 = ..\\Atlantis.Framework.GetPaymentProfileAlternate\\Atlantis.Framework.GetPaymentProfileAlternate.Interface
		SccProjectUniqueName32 = ..\\Atlantis.Framework.GetPaymentProfileAlternate\\Atlantis.Framework.GetPaymentProfileAlternate.Impl\\Atlantis.Framework.GetPaymentProfileAlternate.Impl.csproj
		SccProjectTopLevelParentUniqueName32 = Atlantis.Framework.PurchaseEmail.sln
		SccProjectName32 = ../Atlantis.Framework.GetPaymentProfileAlternate/Atlantis.Framework.GetPaymentProfileAlternate.Impl
		SccLocalPath32 = ..\\Atlantis.Framework.GetPaymentProfileAlternate\\Atlantis.Framework.GetPaymentProfileAlternate.Impl
		SccProjectUniqueName33 = ..\\Atlantis.Framework.PromoData\\Atlantis.Framework.PromoData.Interface\\Atlantis.Framework.PromoData.Interface.csproj
		SccProjectTopLevelParentUniqueName33 = Atlantis.Framework.PurchaseEmail.sln
		SccProjectName33 = ../Atlantis.Framework.PromoData/Atlantis.Framework.PromoData.Interface
		SccLocalPath33 = ..\\Atlantis.Framework.PromoData\\Atlantis.Framework.PromoData.Interface
		SccProjectUniqueName34 = ..\\Atlantis.Framework.PromoData\\Atlantis.Framework.PromoData.Impl\\Atlantis.Framework.PromoData.Impl.csproj
		SccProjectTopLevelParentUniqueName34 = Atlantis.Framework.PurchaseEmail.sln
		SccProjectName34 = ../Atlantis.Framework.PromoData/Atlantis.Framework.PromoData.Impl
		SccLocalPath34 = ..\\Atlantis.Framework.PromoData\\Atlantis.Framework.PromoData.Impl
		SccProjectUniqueName35 = ..\\Atlantis.Framework.Providers.PromoData\\Atlantis.Framework.Providers.PromoData\\Atlantis.Framework.Providers.PromoData.csproj
		SccProjectTopLevelParentUniqueName35 = Atlantis.Framework.PurchaseEmail.sln
		SccProjectName35 = ../Atlantis.Framework.Providers.PromoData/Atlantis.Framework.Providers.PromoData
		SccLocalPath35 = ..\\Atlantis.Framework.Providers.PromoData\\Atlantis.Framework.Providers.PromoData
		SccProjectUniqueName36 = ..\\Atlantis.Framework.SessionCache\\Atlantis.Framework.SessionCache\\Atlantis.Framework.SessionCache.csproj
		SccProjectTopLevelParentUniqueName36 = Atlantis.Framework.PurchaseEmail.sln
		SccProjectName36 = ../Atlantis.Framework.SessionCache/Atlantis.Framework.SessionCache
		SccLocalPath36 = ..\\Atlantis.Framework.SessionCache\\Atlantis.Framework.SessionCache
		SccProjectUniqueName37 = ..\\Atlantis.Framework.PLSignupInfo\\Atlantis.Framework.PLSignupInfo.Interface\\Atlantis.Framework.PLSignupInfo.Interface.csproj
		SccProjectTopLevelParentUniqueName37 = Atlantis.Framework.PurchaseEmail.sln
		SccProjectName37 = ../Atlantis.Framework.PLSignupInfo/Atlantis.Framework.PLSignupInfo.Interface
		SccLocalPath37 = ..\\Atlantis.Framework.PLSignupInfo\\Atlantis.Framework.PLSignupInfo.Interface
		SccProjectUniqueName38 = ..\\Atlantis.Framework.PLSignupInfo\\Atlantis.Framework.PLSignupInfo.Impl\\Atlantis.Framework.PLSignupInfo.Impl.csproj
		SccProjectTopLevelParentUniqueName38 = Atlantis.Framework.PurchaseEmail.sln
		SccProjectName38 = ../Atlantis.Framework.PLSignupInfo/Atlantis.Framework.PLSignupInfo.Impl
		SccLocalPath38 = ..\\Atlantis.Framework.PLSignupInfo\\Atlantis.Framework.PLSignupInfo.Impl
		SccProjectUniqueName39 = ..\\Atlantis.Framework.ShopperFirstOrderGet\\Atlantis.Framework.ShopperFirstOrderGet.Impl\\Atlantis.Framework.ShopperFirstOrderGet.Impl.csproj
		SccProjectTopLevelParentUniqueName39 = Atlantis.Framework.PurchaseEmail.sln
		SccProjectName39 = ../Atlantis.Framework.ShopperFirstOrderGet/Atlantis.Framework.ShopperFirstOrderGet.Impl
		SccLocalPath39 = ..\\Atlantis.Framework.ShopperFirstOrderGet\\Atlantis.Framework.ShopperFirstOrderGet.Impl
		SccProjectUniqueName40 = ..\\Atlantis.Framework.ShopperFirstOrderGet\\Atlantis.Framework.ShopperFirstOrderGet.Interface\\Atlantis.Framework.ShopperFirstOrderGet.Interface.csproj
		SccProjectTopLevelParentUniqueName40 = Atlantis.Framework.PurchaseEmail.sln
		SccProjectName40 = ../Atlantis.Framework.ShopperFirstOrderGet/Atlantis.Framework.ShopperFirstOrderGet.Interface
		SccLocalPath40 = ..\\Atlantis.Framework.ShopperFirstOrderGet\\Atlantis.Framework.ShopperFirstOrderGet.Interface
		SccProjectUniqueName41 = ..\\Atlantis.Framework.KiwiLogger\\Atlantis.Framework.KiwiLogger.Interface\\Atlantis.Framework.KiwiLogger.Interface.csproj
		SccProjectTopLevelParentUniqueName41 = Atlantis.Framework.PurchaseEmail.sln
		SccProjectName41 = ../Atlantis.Framework.KiwiLogger/Atlantis.Framework.KiwiLogger.Interface
		SccLocalPath41 = ..\\Atlantis.Framework.KiwiLogger\\Atlantis.Framework.KiwiLogger.Interface
		SccProjectUniqueName42 = ..\\Atlantis.Framework.KiwiLogger\\Atlantis.Framework.KiwiLogger.Impl\\Atlantis.Framework.KiwiLogger.Impl.csproj
		SccProjectTopLevelParentUniqueName42 = Atlantis.Framework.PurchaseEmail.sln
		SccProjectName42 = ../Atlantis.Framework.KiwiLogger/Atlantis.Framework.KiwiLogger.Impl
		SccLocalPath42 = ..\\Atlantis.Framework.KiwiLogger\\Atlantis.Framework.KiwiLogger.Impl
		SccProjectUniqueName43 = ..\\Atlantis.Framework.EcommPaymentProfile\\Atlantis.Framework.EcommPaymentProfile.Interface\\Atlantis.Framework.EcommPaymentProfile.Interface.csproj
		SccProjectTopLevelParentUniqueName43 = Atlantis.Framework.PurchaseEmail.sln
		SccProjectName43 = ../Atlantis.Framework.EcommPaymentProfile/Atlantis.Framework.EcommPaymentProfile.Interface
		SccLocalPath43 = ..\\Atlantis.Framework.EcommPaymentProfile\\Atlantis.Framework.EcommPaymentProfile.Interface
		SccProjectUniqueName44 = ..\\Atlantis.Framework.EcommPaymentProfile\\Atlantis.Framework.EcommPaymentProfile.Impl\\Atlantis.Framework.EcommPaymentProfile.Impl.csproj
		SccProjectTopLevelParentUniqueName44 = Atlantis.Framework.PurchaseEmail.sln
		SccProjectName44 = ../Atlantis.Framework.EcommPaymentProfile/Atlantis.Framework.EcommPaymentProfile.Impl
		SccLocalPath44 = ..\\Atlantis.Framework.EcommPaymentProfile\\Atlantis.Framework.EcommPaymentProfile.Impl
		SccProjectUniqueName45 = ..\\Atlantis.Framework.PaymentProfile\\Atlantis.Framework.PaymentProfile.Interface\\Atlantis.Framework.PaymentProfile.Interface.csproj
		SccProjectTopLevelParentUniqueName45 = Atlantis.Framework.PurchaseEmail.sln
		SccProjectName45 = ../Atlantis.Framework.PaymentProfile/Atlantis.Framework.PaymentProfile.Interface
		SccLocalPath45 = ..\\Atlantis.Framework.PaymentProfile\\Atlantis.Framework.PaymentProfile.Interface
		SccProjectUniqueName46 = ..\\Atlantis.Framework.Providers.Links\\Atlantis.Framework.Providers.Links.Interface\\Atlantis.Framework.Providers.Links.Interface.csproj
		SccProjectTopLevelParentUniqueName46 = Atlantis.Framework.PurchaseEmail.sln
		SccProjectName46 = ../Atlantis.Framework.Providers.Links/Atlantis.Framework.Providers.Links.Interface
		SccLocalPath46 = ..\\Atlantis.Framework.Providers.Links\\Atlantis.Framework.Providers.Links.Interface
		SccProjectUniqueName47 = ..\\Atlantis.Framework.Providers.Preferences\\Atlantis.Framework.Providers.Preferences.Interface\\Atlantis.Framework.Providers.Preferences.Interface.csproj
		SccProjectTopLevelParentUniqueName47 = Atlantis.Framework.PurchaseEmail.sln
		SccProjectName47 = ../Atlantis.Framework.Providers.Preferences/Atlantis.Framework.Providers.Preferences.Interface
		SccLocalPath47 = ..\\Atlantis.Framework.Providers.Preferences\\Atlantis.Framework.Providers.Preferences.Interface
		SccProjectUniqueName48 = ..\\Atlantis.Framework.Providers.Containers\\Atlantis.Framework.Providers.Containers\\Atlantis.Framework.Providers.Containers.csproj
		SccProjectTopLevelParentUniqueName48 = Atlantis.Framework.PurchaseEmail.sln
		SccProjectName48 = ../Atlantis.Framework.Providers.Containers/Atlantis.Framework.Providers.Containers
		SccLocalPath48 = ..\\Atlantis.Framework.Providers.Containers\\Atlantis.Framework.Providers.Containers
		SccProjectUniqueName49 = ..\\Atlantis.Framework.DataCache\\Atlantis.Framework.DataCacheService\\Atlantis.Framework.DataCacheService.csproj
		SccProjectTopLevelParentUniqueName49 = Atlantis.Framework.PurchaseEmail.sln
		SccProjectName49 = ../Atlantis.Framework.DataCache/Atlantis.Framework.DataCacheService
		SccLocalPath49 = ..\\Atlantis.Framework.DataCache\\Atlantis.Framework.DataCacheService
		SccProjectUniqueName50 = ..\\Atlantis.Framework.MyaMirageData\\Atlantis.Framework.MyaMirageData.Interface\\Atlantis.Framework.MyaMirageData.Interface.csproj
		SccProjectTopLevelParentUniqueName50 = Atlantis.Framework.PurchaseEmail.sln
		SccProjectName50 = ../Atlantis.Framework.MyaMirageData/Atlantis.Framework.MyaMirageData.Interface
		SccLocalPath50 = ..\\Atlantis.Framework.MyaMirageData\\Atlantis.Framework.MyaMirageData.Interface
		SccProjectUniqueName51 = ..\\Atlantis.Framework.MyaMirageData\\Atlantis.Framework.MyaMirageData.Impl\\Atlantis.Framework.MyaMirageData.Impl.csproj
		SccProjectTopLevelParentUniqueName51 = Atlantis.Framework.PurchaseEmail.sln
		SccProjectName51 = ../Atlantis.Framework.MyaMirageData/Atlantis.Framework.MyaMirageData.Impl
		SccLocalPath51 = ..\\Atlantis.Framework.MyaMirageData\\Atlantis.Framework.MyaMirageData.Impl
		SccProjectUniqueName52 = ..\\Atlantis.Framework.MyaRecentNamespaces\\Atlantis.Framework.MyaRecentNamespaces.Interface\\Atlantis.Framework.MyaRecentNamespaces.Interface.csproj
		SccProjectTopLevelParentUniqueName52 = Atlantis.Framework.PurchaseEmail.sln
		SccProjectName52 = ../Atlantis.Framework.MyaRecentNamespaces/Atlantis.Framework.MyaRecentNamespaces.Interface
		SccLocalPath52 = ..\\Atlantis.Framework.MyaRecentNamespaces\\Atlantis.Framework.MyaRecentNamespaces.Interface
		SccProjectUniqueName53 = ..\\Atlantis.Framework.MyaRecentNamespaces\\Atlantis.Framework.MyaRecentNamespaces.Impl\\Atlantis.Framework.MyaRecentNamespaces.Impl.csproj
		SccProjectTopLevelParentUniqueName53 = Atlantis.Framework.PurchaseEmail.sln
		SccProjectName53 = ../Atlantis.Framework.MyaRecentNamespaces/Atlantis.Framework.MyaRecentNamespaces.Impl
		SccLocalPath53 = ..\\Atlantis.Framework.MyaRecentNamespaces\\Atlantis.Framework.MyaRecentNamespaces.Impl
		SccProjectUniqueName54 = ..\\Atlantis.Framework.MyaMirageStatus\\Atlantis.Framework.MyaMirageStatus.Interface\\Atlantis.Framework.MyaMirageStatus.Interface.csproj
		SccProjectTopLevelParentUniqueName54 = Atlantis.Framework.PurchaseEmail.sln
		SccProjectName54 = ../Atlantis.Framework.MyaMirageStatus/Atlantis.Framework.MyaMirageStatus.Interface
		SccLocalPath54 = ..\\Atlantis.Framework.MyaMirageStatus\\Atlantis.Framework.MyaMirageStatus.Interface
		SccProjectUniqueName55 = ..\\Atlantis.Framework.MyaMirageStatus\\Atlantis.Framework.MyaMirageStatus.Impl\\Atlantis.Framework.MyaMirageStatus.Impl.csproj
		SccProjectTopLevelParentUniqueName55 = Atlantis.Framework.PurchaseEmail.sln
		SccProjectName55 = ../Atlantis.Framework.MyaMirageStatus/Atlantis.Framework.MyaMirageStatus.Impl
		SccLocalPath55 = ..\\Atlantis.Framework.MyaMirageStatus\\Atlantis.Framework.MyaMirageStatus.Impl
	EndGlobalSection
	GlobalSection(TestCaseManagementSettings) = postSolution
		CategoryFile = Atlantis.Framework.PurchaseEmail.vsmdi
	EndGlobalSection
	GlobalSection(SolutionConfigurationPlatforms) = preSolution
		Debug|Any CPU = Debug|Any CPU
		Debug|Mixed Platforms = Debug|Mixed Platforms
		Debug|x86 = Debug|x86
		Release|Any CPU = Release|Any CPU
		Release|Mixed Platforms = Release|Mixed Platforms
		Release|x86 = Release|x86
	EndGlobalSection
	GlobalSection(ProjectConfigurationPlatforms) = postSolution
		{A083A52E-C3C3-42E0-8DFD-54719E4C3B25}.Debug|Any CPU.ActiveCfg = Debug|Any CPU
		{A083A52E-C3C3-42E0-8DFD-54719E4C3B25}.Debug|Any CPU.Build.0 = Debug|Any CPU
		{A083A52E-C3C3-42E0-8DFD-54719E4C3B25}.Debug|Mixed Platforms.ActiveCfg = Debug|Any CPU
		{A083A52E-C3C3-42E0-8DFD-54719E4C3B25}.Debug|Mixed Platforms.Build.0 = Debug|Any CPU
		{A083A52E-C3C3-42E0-8DFD-54719E4C3B25}.Debug|x86.ActiveCfg = Debug|Any CPU
		{A083A52E-C3C3-42E0-8DFD-54719E4C3B25}.Release|Any CPU.ActiveCfg = Release|Any CPU
		{A083A52E-C3C3-42E0-8DFD-54719E4C3B25}.Release|Any CPU.Build.0 = Release|Any CPU
		{A083A52E-C3C3-42E0-8DFD-54719E4C3B25}.Release|Mixed Platforms.ActiveCfg = Release|Any CPU
		{A083A52E-C3C3-42E0-8DFD-54719E4C3B25}.Release|Mixed Platforms.Build.0 = Release|Any CPU
		{A083A52E-C3C3-42E0-8DFD-54719E4C3B25}.Release|x86.ActiveCfg = Release|Any CPU
		{D30157B2-C1B3-4073-BA5E-632E2337A997}.Debug|Any CPU.ActiveCfg = Debug|Any CPU
		{D30157B2-C1B3-4073-BA5E-632E2337A997}.Debug|Any CPU.Build.0 = Debug|Any CPU
		{D30157B2-C1B3-4073-BA5E-632E2337A997}.Debug|Mixed Platforms.ActiveCfg = Debug|Any CPU
		{D30157B2-C1B3-4073-BA5E-632E2337A997}.Debug|Mixed Platforms.Build.0 = Debug|Any CPU
		{D30157B2-C1B3-4073-BA5E-632E2337A997}.Debug|x86.ActiveCfg = Debug|Any CPU
		{D30157B2-C1B3-4073-BA5E-632E2337A997}.Release|Any CPU.ActiveCfg = Release|Any CPU
		{D30157B2-C1B3-4073-BA5E-632E2337A997}.Release|Any CPU.Build.0 = Release|Any CPU
		{D30157B2-C1B3-4073-BA5E-632E2337A997}.Release|Mixed Platforms.ActiveCfg = Release|Any CPU
		{D30157B2-C1B3-4073-BA5E-632E2337A997}.Release|Mixed Platforms.Build.0 = Release|Any CPU
		{D30157B2-C1B3-4073-BA5E-632E2337A997}.Release|x86.ActiveCfg = Release|Any CPU
		{7F2738F8-683C-49E7-88CD-E986C70F0321}.Debug|Any CPU.ActiveCfg = Debug|Any CPU
		{7F2738F8-683C-49E7-88CD-E986C70F0321}.Debug|Any CPU.Build.0 = Debug|Any CPU
		{7F2738F8-683C-49E7-88CD-E986C70F0321}.Debug|Mixed Platforms.ActiveCfg = Debug|Any CPU
		{7F2738F8-683C-49E7-88CD-E986C70F0321}.Debug|Mixed Platforms.Build.0 = Debug|Any CPU
		{7F2738F8-683C-49E7-88CD-E986C70F0321}.Debug|x86.ActiveCfg = Debug|Any CPU
		{7F2738F8-683C-49E7-88CD-E986C70F0321}.Release|Any CPU.ActiveCfg = Release|Any CPU
		{7F2738F8-683C-49E7-88CD-E986C70F0321}.Release|Any CPU.Build.0 = Release|Any CPU
		{7F2738F8-683C-49E7-88CD-E986C70F0321}.Release|Mixed Platforms.ActiveCfg = Release|Any CPU
		{7F2738F8-683C-49E7-88CD-E986C70F0321}.Release|Mixed Platforms.Build.0 = Release|Any CPU
		{7F2738F8-683C-49E7-88CD-E986C70F0321}.Release|x86.ActiveCfg = Release|Any CPU
		{8D5F838D-A604-4CEF-9F86-FE9A6843584A}.Debug|Any CPU.ActiveCfg = Debug|Any CPU
		{8D5F838D-A604-4CEF-9F86-FE9A6843584A}.Debug|Any CPU.Build.0 = Debug|Any CPU
		{8D5F838D-A604-4CEF-9F86-FE9A6843584A}.Debug|Mixed Platforms.ActiveCfg = Debug|Any CPU
		{8D5F838D-A604-4CEF-9F86-FE9A6843584A}.Debug|Mixed Platforms.Build.0 = Debug|Any CPU
		{8D5F838D-A604-4CEF-9F86-FE9A6843584A}.Debug|x86.ActiveCfg = Debug|Any CPU
		{8D5F838D-A604-4CEF-9F86-FE9A6843584A}.Release|Any CPU.ActiveCfg = Release|Any CPU
		{8D5F838D-A604-4CEF-9F86-FE9A6843584A}.Release|Any CPU.Build.0 = Release|Any CPU
		{8D5F838D-A604-4CEF-9F86-FE9A6843584A}.Release|Mixed Platforms.ActiveCfg = Release|Any CPU
		{8D5F838D-A604-4CEF-9F86-FE9A6843584A}.Release|Mixed Platforms.Build.0 = Release|Any CPU
		{8D5F838D-A604-4CEF-9F86-FE9A6843584A}.Release|x86.ActiveCfg = Release|Any CPU
		{08FF7AA8-3870-45DF-B8A7-388C97D5B8AE}.Debug|Any CPU.ActiveCfg = Debug|Any CPU
		{08FF7AA8-3870-45DF-B8A7-388C97D5B8AE}.Debug|Any CPU.Build.0 = Debug|Any CPU
		{08FF7AA8-3870-45DF-B8A7-388C97D5B8AE}.Debug|Mixed Platforms.ActiveCfg = Debug|Any CPU
		{08FF7AA8-3870-45DF-B8A7-388C97D5B8AE}.Debug|Mixed Platforms.Build.0 = Debug|Any CPU
		{08FF7AA8-3870-45DF-B8A7-388C97D5B8AE}.Debug|x86.ActiveCfg = Debug|Any CPU
		{08FF7AA8-3870-45DF-B8A7-388C97D5B8AE}.Release|Any CPU.ActiveCfg = Release|Any CPU
		{08FF7AA8-3870-45DF-B8A7-388C97D5B8AE}.Release|Any CPU.Build.0 = Release|Any CPU
		{08FF7AA8-3870-45DF-B8A7-388C97D5B8AE}.Release|Mixed Platforms.ActiveCfg = Release|Any CPU
		{08FF7AA8-3870-45DF-B8A7-388C97D5B8AE}.Release|Mixed Platforms.Build.0 = Release|Any CPU
		{08FF7AA8-3870-45DF-B8A7-388C97D5B8AE}.Release|x86.ActiveCfg = Release|Any CPU
		{DAEE5994-B330-40AD-B81B-406FC6FEFF3E}.Debug|Any CPU.ActiveCfg = Debug|Any CPU
		{DAEE5994-B330-40AD-B81B-406FC6FEFF3E}.Debug|Any CPU.Build.0 = Debug|Any CPU
		{DAEE5994-B330-40AD-B81B-406FC6FEFF3E}.Debug|Mixed Platforms.ActiveCfg = Debug|Any CPU
		{DAEE5994-B330-40AD-B81B-406FC6FEFF3E}.Debug|Mixed Platforms.Build.0 = Debug|Any CPU
		{DAEE5994-B330-40AD-B81B-406FC6FEFF3E}.Debug|x86.ActiveCfg = Debug|Any CPU
		{DAEE5994-B330-40AD-B81B-406FC6FEFF3E}.Release|Any CPU.ActiveCfg = Release|Any CPU
		{DAEE5994-B330-40AD-B81B-406FC6FEFF3E}.Release|Any CPU.Build.0 = Release|Any CPU
		{DAEE5994-B330-40AD-B81B-406FC6FEFF3E}.Release|Mixed Platforms.ActiveCfg = Release|Any CPU
		{DAEE5994-B330-40AD-B81B-406FC6FEFF3E}.Release|Mixed Platforms.Build.0 = Release|Any CPU
		{DAEE5994-B330-40AD-B81B-406FC6FEFF3E}.Release|x86.ActiveCfg = Release|Any CPU
		{37FFC807-89F1-4E9E-B622-6850A1A05F97}.Debug|Any CPU.ActiveCfg = Debug|Any CPU
		{37FFC807-89F1-4E9E-B622-6850A1A05F97}.Debug|Any CPU.Build.0 = Debug|Any CPU
		{37FFC807-89F1-4E9E-B622-6850A1A05F97}.Debug|Mixed Platforms.ActiveCfg = Debug|Any CPU
		{37FFC807-89F1-4E9E-B622-6850A1A05F97}.Debug|Mixed Platforms.Build.0 = Debug|Any CPU
		{37FFC807-89F1-4E9E-B622-6850A1A05F97}.Debug|x86.ActiveCfg = Debug|Any CPU
		{37FFC807-89F1-4E9E-B622-6850A1A05F97}.Release|Any CPU.ActiveCfg = Release|Any CPU
		{37FFC807-89F1-4E9E-B622-6850A1A05F97}.Release|Any CPU.Build.0 = Release|Any CPU
		{37FFC807-89F1-4E9E-B622-6850A1A05F97}.Release|Mixed Platforms.ActiveCfg = Release|Any CPU
		{37FFC807-89F1-4E9E-B622-6850A1A05F97}.Release|Mixed Platforms.Build.0 = Release|Any CPU
		{37FFC807-89F1-4E9E-B622-6850A1A05F97}.Release|x86.ActiveCfg = Release|Any CPU
		{6A5AA9F0-3F3C-42A9-BA61-D9F4287C68A6}.Debug|Any CPU.ActiveCfg = Debug|Any CPU
		{6A5AA9F0-3F3C-42A9-BA61-D9F4287C68A6}.Debug|Any CPU.Build.0 = Debug|Any CPU
		{6A5AA9F0-3F3C-42A9-BA61-D9F4287C68A6}.Debug|Mixed Platforms.ActiveCfg = Debug|Any CPU
		{6A5AA9F0-3F3C-42A9-BA61-D9F4287C68A6}.Debug|Mixed Platforms.Build.0 = Debug|Any CPU
		{6A5AA9F0-3F3C-42A9-BA61-D9F4287C68A6}.Debug|x86.ActiveCfg = Debug|Any CPU
		{6A5AA9F0-3F3C-42A9-BA61-D9F4287C68A6}.Release|Any CPU.ActiveCfg = Release|Any CPU
		{6A5AA9F0-3F3C-42A9-BA61-D9F4287C68A6}.Release|Any CPU.Build.0 = Release|Any CPU
		{6A5AA9F0-3F3C-42A9-BA61-D9F4287C68A6}.Release|Mixed Platforms.ActiveCfg = Release|Any CPU
		{6A5AA9F0-3F3C-42A9-BA61-D9F4287C68A6}.Release|Mixed Platforms.Build.0 = Release|Any CPU
		{6A5AA9F0-3F3C-42A9-BA61-D9F4287C68A6}.Release|x86.ActiveCfg = Release|Any CPU
		{4AEB3769-5282-49FC-941B-1AF979BBF39A}.Debug|Any CPU.ActiveCfg = Debug|Any CPU
		{4AEB3769-5282-49FC-941B-1AF979BBF39A}.Debug|Any CPU.Build.0 = Debug|Any CPU
		{4AEB3769-5282-49FC-941B-1AF979BBF39A}.Debug|Mixed Platforms.ActiveCfg = Debug|Any CPU
		{4AEB3769-5282-49FC-941B-1AF979BBF39A}.Debug|Mixed Platforms.Build.0 = Debug|Any CPU
		{4AEB3769-5282-49FC-941B-1AF979BBF39A}.Debug|x86.ActiveCfg = Debug|Any CPU
		{4AEB3769-5282-49FC-941B-1AF979BBF39A}.Release|Any CPU.ActiveCfg = Release|Any CPU
		{4AEB3769-5282-49FC-941B-1AF979BBF39A}.Release|Any CPU.Build.0 = Release|Any CPU
		{4AEB3769-5282-49FC-941B-1AF979BBF39A}.Release|Mixed Platforms.ActiveCfg = Release|Any CPU
		{4AEB3769-5282-49FC-941B-1AF979BBF39A}.Release|Mixed Platforms.Build.0 = Release|Any CPU
		{4AEB3769-5282-49FC-941B-1AF979BBF39A}.Release|x86.ActiveCfg = Release|Any CPU
		{49CF00CB-B94A-493C-86BF-CD189164AF3F}.Debug|Any CPU.ActiveCfg = Debug|Any CPU
		{49CF00CB-B94A-493C-86BF-CD189164AF3F}.Debug|Any CPU.Build.0 = Debug|Any CPU
		{49CF00CB-B94A-493C-86BF-CD189164AF3F}.Debug|Mixed Platforms.ActiveCfg = Debug|Any CPU
		{49CF00CB-B94A-493C-86BF-CD189164AF3F}.Debug|Mixed Platforms.Build.0 = Debug|Any CPU
		{49CF00CB-B94A-493C-86BF-CD189164AF3F}.Debug|x86.ActiveCfg = Debug|Any CPU
		{49CF00CB-B94A-493C-86BF-CD189164AF3F}.Release|Any CPU.ActiveCfg = Release|Any CPU
		{49CF00CB-B94A-493C-86BF-CD189164AF3F}.Release|Any CPU.Build.0 = Release|Any CPU
		{49CF00CB-B94A-493C-86BF-CD189164AF3F}.Release|Mixed Platforms.ActiveCfg = Release|Any CPU
		{49CF00CB-B94A-493C-86BF-CD189164AF3F}.Release|Mixed Platforms.Build.0 = Release|Any CPU
		{49CF00CB-B94A-493C-86BF-CD189164AF3F}.Release|x86.ActiveCfg = Release|Any CPU
		{39A8B945-42C8-45E8-ADD6-5BC7EB73F423}.Debug|Any CPU.ActiveCfg = Debug|Any CPU
		{39A8B945-42C8-45E8-ADD6-5BC7EB73F423}.Debug|Any CPU.Build.0 = Debug|Any CPU
		{39A8B945-42C8-45E8-ADD6-5BC7EB73F423}.Debug|Mixed Platforms.ActiveCfg = Debug|Any CPU
		{39A8B945-42C8-45E8-ADD6-5BC7EB73F423}.Debug|Mixed Platforms.Build.0 = Debug|Any CPU
		{39A8B945-42C8-45E8-ADD6-5BC7EB73F423}.Debug|x86.ActiveCfg = Debug|Any CPU
		{39A8B945-42C8-45E8-ADD6-5BC7EB73F423}.Release|Any CPU.ActiveCfg = Release|Any CPU
		{39A8B945-42C8-45E8-ADD6-5BC7EB73F423}.Release|Any CPU.Build.0 = Release|Any CPU
		{39A8B945-42C8-45E8-ADD6-5BC7EB73F423}.Release|Mixed Platforms.ActiveCfg = Release|Any CPU
		{39A8B945-42C8-45E8-ADD6-5BC7EB73F423}.Release|Mixed Platforms.Build.0 = Release|Any CPU
		{39A8B945-42C8-45E8-ADD6-5BC7EB73F423}.Release|x86.ActiveCfg = Release|Any CPU
		{7D677835-485C-4E30-BAC3-DEFCDB0BDA92}.Debug|Any CPU.ActiveCfg = Debug|Any CPU
		{7D677835-485C-4E30-BAC3-DEFCDB0BDA92}.Debug|Any CPU.Build.0 = Debug|Any CPU
		{7D677835-485C-4E30-BAC3-DEFCDB0BDA92}.Debug|Mixed Platforms.ActiveCfg = Debug|Any CPU
		{7D677835-485C-4E30-BAC3-DEFCDB0BDA92}.Debug|Mixed Platforms.Build.0 = Debug|Any CPU
		{7D677835-485C-4E30-BAC3-DEFCDB0BDA92}.Debug|x86.ActiveCfg = Debug|Any CPU
		{7D677835-485C-4E30-BAC3-DEFCDB0BDA92}.Release|Any CPU.ActiveCfg = Release|Any CPU
		{7D677835-485C-4E30-BAC3-DEFCDB0BDA92}.Release|Any CPU.Build.0 = Release|Any CPU
		{7D677835-485C-4E30-BAC3-DEFCDB0BDA92}.Release|Mixed Platforms.ActiveCfg = Release|Any CPU
		{7D677835-485C-4E30-BAC3-DEFCDB0BDA92}.Release|Mixed Platforms.Build.0 = Release|Any CPU
		{7D677835-485C-4E30-BAC3-DEFCDB0BDA92}.Release|x86.ActiveCfg = Release|Any CPU
		{D7260EE7-F41C-4AC4-87FF-959BD107A4DE}.Debug|Any CPU.ActiveCfg = Debug|Any CPU
		{D7260EE7-F41C-4AC4-87FF-959BD107A4DE}.Debug|Any CPU.Build.0 = Debug|Any CPU
		{D7260EE7-F41C-4AC4-87FF-959BD107A4DE}.Debug|Mixed Platforms.ActiveCfg = Debug|Any CPU
		{D7260EE7-F41C-4AC4-87FF-959BD107A4DE}.Debug|Mixed Platforms.Build.0 = Debug|Any CPU
		{D7260EE7-F41C-4AC4-87FF-959BD107A4DE}.Debug|x86.ActiveCfg = Debug|Any CPU
		{D7260EE7-F41C-4AC4-87FF-959BD107A4DE}.Release|Any CPU.ActiveCfg = Release|Any CPU
		{D7260EE7-F41C-4AC4-87FF-959BD107A4DE}.Release|Any CPU.Build.0 = Release|Any CPU
		{D7260EE7-F41C-4AC4-87FF-959BD107A4DE}.Release|Mixed Platforms.ActiveCfg = Release|Any CPU
		{D7260EE7-F41C-4AC4-87FF-959BD107A4DE}.Release|Mixed Platforms.Build.0 = Release|Any CPU
		{D7260EE7-F41C-4AC4-87FF-959BD107A4DE}.Release|x86.ActiveCfg = Release|Any CPU
		{9E93F4AA-28B0-42FE-BFB8-0E3EDF2E0EA7}.Debug|Any CPU.ActiveCfg = Debug|Any CPU
		{9E93F4AA-28B0-42FE-BFB8-0E3EDF2E0EA7}.Debug|Any CPU.Build.0 = Debug|Any CPU
		{9E93F4AA-28B0-42FE-BFB8-0E3EDF2E0EA7}.Debug|Mixed Platforms.ActiveCfg = Debug|Any CPU
		{9E93F4AA-28B0-42FE-BFB8-0E3EDF2E0EA7}.Debug|Mixed Platforms.Build.0 = Debug|Any CPU
		{9E93F4AA-28B0-42FE-BFB8-0E3EDF2E0EA7}.Debug|x86.ActiveCfg = Debug|Any CPU
		{9E93F4AA-28B0-42FE-BFB8-0E3EDF2E0EA7}.Release|Any CPU.ActiveCfg = Release|Any CPU
		{9E93F4AA-28B0-42FE-BFB8-0E3EDF2E0EA7}.Release|Any CPU.Build.0 = Release|Any CPU
		{9E93F4AA-28B0-42FE-BFB8-0E3EDF2E0EA7}.Release|Mixed Platforms.ActiveCfg = Release|Any CPU
		{9E93F4AA-28B0-42FE-BFB8-0E3EDF2E0EA7}.Release|Mixed Platforms.Build.0 = Release|Any CPU
		{9E93F4AA-28B0-42FE-BFB8-0E3EDF2E0EA7}.Release|x86.ActiveCfg = Release|Any CPU
		{F310FE92-7999-46F3-A64E-36F90243BA02}.Debug|Any CPU.ActiveCfg = Debug|Any CPU
		{F310FE92-7999-46F3-A64E-36F90243BA02}.Debug|Any CPU.Build.0 = Debug|Any CPU
		{F310FE92-7999-46F3-A64E-36F90243BA02}.Debug|Mixed Platforms.ActiveCfg = Debug|Any CPU
		{F310FE92-7999-46F3-A64E-36F90243BA02}.Debug|Mixed Platforms.Build.0 = Debug|Any CPU
		{F310FE92-7999-46F3-A64E-36F90243BA02}.Debug|x86.ActiveCfg = Debug|Any CPU
		{F310FE92-7999-46F3-A64E-36F90243BA02}.Release|Any CPU.ActiveCfg = Release|Any CPU
		{F310FE92-7999-46F3-A64E-36F90243BA02}.Release|Any CPU.Build.0 = Release|Any CPU
		{F310FE92-7999-46F3-A64E-36F90243BA02}.Release|Mixed Platforms.ActiveCfg = Release|Any CPU
		{F310FE92-7999-46F3-A64E-36F90243BA02}.Release|Mixed Platforms.Build.0 = Release|Any CPU
		{F310FE92-7999-46F3-A64E-36F90243BA02}.Release|x86.ActiveCfg = Release|Any CPU
		{B328AF05-4BEE-45BB-9913-C836E5593E50}.Debug|Any CPU.ActiveCfg = Debug|Any CPU
		{B328AF05-4BEE-45BB-9913-C836E5593E50}.Debug|Any CPU.Build.0 = Debug|Any CPU
		{B328AF05-4BEE-45BB-9913-C836E5593E50}.Debug|Mixed Platforms.ActiveCfg = Debug|Any CPU
		{B328AF05-4BEE-45BB-9913-C836E5593E50}.Debug|Mixed Platforms.Build.0 = Debug|Any CPU
		{B328AF05-4BEE-45BB-9913-C836E5593E50}.Debug|x86.ActiveCfg = Debug|Any CPU
		{B328AF05-4BEE-45BB-9913-C836E5593E50}.Release|Any CPU.ActiveCfg = Release|Any CPU
		{B328AF05-4BEE-45BB-9913-C836E5593E50}.Release|Any CPU.Build.0 = Release|Any CPU
		{B328AF05-4BEE-45BB-9913-C836E5593E50}.Release|Mixed Platforms.ActiveCfg = Release|Any CPU
		{B328AF05-4BEE-45BB-9913-C836E5593E50}.Release|Mixed Platforms.Build.0 = Release|Any CPU
		{B328AF05-4BEE-45BB-9913-C836E5593E50}.Release|x86.ActiveCfg = Release|Any CPU
		{BEE136BA-2908-438B-9033-CCDB137CB5F9}.Debug|Any CPU.ActiveCfg = Debug|Any CPU
		{BEE136BA-2908-438B-9033-CCDB137CB5F9}.Debug|Any CPU.Build.0 = Debug|Any CPU
		{BEE136BA-2908-438B-9033-CCDB137CB5F9}.Debug|Mixed Platforms.ActiveCfg = Debug|Any CPU
		{BEE136BA-2908-438B-9033-CCDB137CB5F9}.Debug|Mixed Platforms.Build.0 = Debug|Any CPU
		{BEE136BA-2908-438B-9033-CCDB137CB5F9}.Debug|x86.ActiveCfg = Debug|Any CPU
		{BEE136BA-2908-438B-9033-CCDB137CB5F9}.Release|Any CPU.ActiveCfg = Release|Any CPU
		{BEE136BA-2908-438B-9033-CCDB137CB5F9}.Release|Any CPU.Build.0 = Release|Any CPU
		{BEE136BA-2908-438B-9033-CCDB137CB5F9}.Release|Mixed Platforms.ActiveCfg = Release|Any CPU
		{BEE136BA-2908-438B-9033-CCDB137CB5F9}.Release|Mixed Platforms.Build.0 = Release|Any CPU
		{BEE136BA-2908-438B-9033-CCDB137CB5F9}.Release|x86.ActiveCfg = Release|Any CPU
		{2082EE07-1D5E-4E67-AB16-FA409182FB13}.Debug|Any CPU.ActiveCfg = Debug|Any CPU
		{2082EE07-1D5E-4E67-AB16-FA409182FB13}.Debug|Any CPU.Build.0 = Debug|Any CPU
		{2082EE07-1D5E-4E67-AB16-FA409182FB13}.Debug|Mixed Platforms.ActiveCfg = Debug|Any CPU
		{2082EE07-1D5E-4E67-AB16-FA409182FB13}.Debug|Mixed Platforms.Build.0 = Debug|Any CPU
		{2082EE07-1D5E-4E67-AB16-FA409182FB13}.Debug|x86.ActiveCfg = Debug|Any CPU
		{2082EE07-1D5E-4E67-AB16-FA409182FB13}.Release|Any CPU.ActiveCfg = Release|Any CPU
		{2082EE07-1D5E-4E67-AB16-FA409182FB13}.Release|Any CPU.Build.0 = Release|Any CPU
		{2082EE07-1D5E-4E67-AB16-FA409182FB13}.Release|Mixed Platforms.ActiveCfg = Release|Any CPU
		{2082EE07-1D5E-4E67-AB16-FA409182FB13}.Release|Mixed Platforms.Build.0 = Release|Any CPU
		{2082EE07-1D5E-4E67-AB16-FA409182FB13}.Release|x86.ActiveCfg = Release|Any CPU
		{3213E6DB-F026-4F17-A46A-7127F79F6620}.Debug|Any CPU.ActiveCfg = Debug|Any CPU
		{3213E6DB-F026-4F17-A46A-7127F79F6620}.Debug|Any CPU.Build.0 = Debug|Any CPU
		{3213E6DB-F026-4F17-A46A-7127F79F6620}.Debug|Mixed Platforms.ActiveCfg = Debug|Any CPU
		{3213E6DB-F026-4F17-A46A-7127F79F6620}.Debug|Mixed Platforms.Build.0 = Debug|Any CPU
		{3213E6DB-F026-4F17-A46A-7127F79F6620}.Debug|x86.ActiveCfg = Debug|Any CPU
		{3213E6DB-F026-4F17-A46A-7127F79F6620}.Release|Any CPU.ActiveCfg = Release|Any CPU
		{3213E6DB-F026-4F17-A46A-7127F79F6620}.Release|Any CPU.Build.0 = Release|Any CPU
		{3213E6DB-F026-4F17-A46A-7127F79F6620}.Release|Mixed Platforms.ActiveCfg = Release|Any CPU
		{3213E6DB-F026-4F17-A46A-7127F79F6620}.Release|Mixed Platforms.Build.0 = Release|Any CPU
		{3213E6DB-F026-4F17-A46A-7127F79F6620}.Release|x86.ActiveCfg = Release|Any CPU
		{8581EB6C-5093-473E-AB04-318CE071E7FD}.Debug|Any CPU.ActiveCfg = Debug|Any CPU
		{8581EB6C-5093-473E-AB04-318CE071E7FD}.Debug|Any CPU.Build.0 = Debug|Any CPU
		{8581EB6C-5093-473E-AB04-318CE071E7FD}.Debug|Mixed Platforms.ActiveCfg = Debug|Any CPU
		{8581EB6C-5093-473E-AB04-318CE071E7FD}.Debug|Mixed Platforms.Build.0 = Debug|Any CPU
		{8581EB6C-5093-473E-AB04-318CE071E7FD}.Debug|x86.ActiveCfg = Debug|Any CPU
		{8581EB6C-5093-473E-AB04-318CE071E7FD}.Release|Any CPU.ActiveCfg = Release|Any CPU
		{8581EB6C-5093-473E-AB04-318CE071E7FD}.Release|Any CPU.Build.0 = Release|Any CPU
		{8581EB6C-5093-473E-AB04-318CE071E7FD}.Release|Mixed Platforms.ActiveCfg = Release|Any CPU
		{8581EB6C-5093-473E-AB04-318CE071E7FD}.Release|Mixed Platforms.Build.0 = Release|Any CPU
		{8581EB6C-5093-473E-AB04-318CE071E7FD}.Release|x86.ActiveCfg = Release|Any CPU
		{6CC33C6B-FAA7-4B6A-8C3B-BFE94A1A65DE}.Debug|Any CPU.ActiveCfg = Debug|Any CPU
		{6CC33C6B-FAA7-4B6A-8C3B-BFE94A1A65DE}.Debug|Any CPU.Build.0 = Debug|Any CPU
		{6CC33C6B-FAA7-4B6A-8C3B-BFE94A1A65DE}.Debug|Mixed Platforms.ActiveCfg = Debug|Any CPU
		{6CC33C6B-FAA7-4B6A-8C3B-BFE94A1A65DE}.Debug|Mixed Platforms.Build.0 = Debug|Any CPU
		{6CC33C6B-FAA7-4B6A-8C3B-BFE94A1A65DE}.Debug|x86.ActiveCfg = Debug|Any CPU
		{6CC33C6B-FAA7-4B6A-8C3B-BFE94A1A65DE}.Release|Any CPU.ActiveCfg = Release|Any CPU
		{6CC33C6B-FAA7-4B6A-8C3B-BFE94A1A65DE}.Release|Any CPU.Build.0 = Release|Any CPU
		{6CC33C6B-FAA7-4B6A-8C3B-BFE94A1A65DE}.Release|Mixed Platforms.ActiveCfg = Release|Any CPU
		{6CC33C6B-FAA7-4B6A-8C3B-BFE94A1A65DE}.Release|Mixed Platforms.Build.0 = Release|Any CPU
		{6CC33C6B-FAA7-4B6A-8C3B-BFE94A1A65DE}.Release|x86.ActiveCfg = Release|Any CPU
		{F078F62F-8023-4E25-8834-973377000D57}.Debug|Any CPU.ActiveCfg = Debug|Any CPU
		{F078F62F-8023-4E25-8834-973377000D57}.Debug|Any CPU.Build.0 = Debug|Any CPU
		{F078F62F-8023-4E25-8834-973377000D57}.Debug|Mixed Platforms.ActiveCfg = Debug|Any CPU
		{F078F62F-8023-4E25-8834-973377000D57}.Debug|Mixed Platforms.Build.0 = Debug|Any CPU
		{F078F62F-8023-4E25-8834-973377000D57}.Debug|x86.ActiveCfg = Debug|Any CPU
		{F078F62F-8023-4E25-8834-973377000D57}.Release|Any CPU.ActiveCfg = Release|Any CPU
		{F078F62F-8023-4E25-8834-973377000D57}.Release|Any CPU.Build.0 = Release|Any CPU
		{F078F62F-8023-4E25-8834-973377000D57}.Release|Mixed Platforms.ActiveCfg = Release|Any CPU
		{F078F62F-8023-4E25-8834-973377000D57}.Release|Mixed Platforms.Build.0 = Release|Any CPU
		{F078F62F-8023-4E25-8834-973377000D57}.Release|x86.ActiveCfg = Release|Any CPU
		{1A992CC0-680A-4E62-8691-C3C8C629142F}.Debug|Any CPU.ActiveCfg = Debug|Any CPU
		{1A992CC0-680A-4E62-8691-C3C8C629142F}.Debug|Any CPU.Build.0 = Debug|Any CPU
		{1A992CC0-680A-4E62-8691-C3C8C629142F}.Debug|Mixed Platforms.ActiveCfg = Debug|Any CPU
		{1A992CC0-680A-4E62-8691-C3C8C629142F}.Debug|Mixed Platforms.Build.0 = Debug|Any CPU
		{1A992CC0-680A-4E62-8691-C3C8C629142F}.Debug|x86.ActiveCfg = Debug|Any CPU
		{1A992CC0-680A-4E62-8691-C3C8C629142F}.Release|Any CPU.ActiveCfg = Release|Any CPU
		{1A992CC0-680A-4E62-8691-C3C8C629142F}.Release|Any CPU.Build.0 = Release|Any CPU
		{1A992CC0-680A-4E62-8691-C3C8C629142F}.Release|Mixed Platforms.ActiveCfg = Release|Any CPU
		{1A992CC0-680A-4E62-8691-C3C8C629142F}.Release|Mixed Platforms.Build.0 = Release|Any CPU
		{1A992CC0-680A-4E62-8691-C3C8C629142F}.Release|x86.ActiveCfg = Release|Any CPU
		{CA50A18E-5CA1-43BE-82C1-F1910F09780B}.Debug|Any CPU.ActiveCfg = Debug|Any CPU
		{CA50A18E-5CA1-43BE-82C1-F1910F09780B}.Debug|Any CPU.Build.0 = Debug|Any CPU
		{CA50A18E-5CA1-43BE-82C1-F1910F09780B}.Debug|Mixed Platforms.ActiveCfg = Debug|Any CPU
		{CA50A18E-5CA1-43BE-82C1-F1910F09780B}.Debug|Mixed Platforms.Build.0 = Debug|Any CPU
		{CA50A18E-5CA1-43BE-82C1-F1910F09780B}.Debug|x86.ActiveCfg = Debug|Any CPU
		{CA50A18E-5CA1-43BE-82C1-F1910F09780B}.Release|Any CPU.ActiveCfg = Release|Any CPU
		{CA50A18E-5CA1-43BE-82C1-F1910F09780B}.Release|Any CPU.Build.0 = Release|Any CPU
		{CA50A18E-5CA1-43BE-82C1-F1910F09780B}.Release|Mixed Platforms.ActiveCfg = Release|Any CPU
		{CA50A18E-5CA1-43BE-82C1-F1910F09780B}.Release|Mixed Platforms.Build.0 = Release|Any CPU
		{CA50A18E-5CA1-43BE-82C1-F1910F09780B}.Release|x86.ActiveCfg = Release|Any CPU
		{F6887293-66C9-4BB8-98EF-8AC047D22E91}.Debug|Any CPU.ActiveCfg = Debug|Any CPU
		{F6887293-66C9-4BB8-98EF-8AC047D22E91}.Debug|Any CPU.Build.0 = Debug|Any CPU
		{F6887293-66C9-4BB8-98EF-8AC047D22E91}.Debug|Mixed Platforms.ActiveCfg = Debug|Any CPU
		{F6887293-66C9-4BB8-98EF-8AC047D22E91}.Debug|Mixed Platforms.Build.0 = Debug|Any CPU
		{F6887293-66C9-4BB8-98EF-8AC047D22E91}.Debug|x86.ActiveCfg = Debug|Any CPU
		{F6887293-66C9-4BB8-98EF-8AC047D22E91}.Release|Any CPU.ActiveCfg = Release|Any CPU
		{F6887293-66C9-4BB8-98EF-8AC047D22E91}.Release|Any CPU.Build.0 = Release|Any CPU
		{F6887293-66C9-4BB8-98EF-8AC047D22E91}.Release|Mixed Platforms.ActiveCfg = Release|Any CPU
		{F6887293-66C9-4BB8-98EF-8AC047D22E91}.Release|Mixed Platforms.Build.0 = Release|Any CPU
		{F6887293-66C9-4BB8-98EF-8AC047D22E91}.Release|x86.ActiveCfg = Release|Any CPU
		{9C1FBF6D-E420-4B6F-B5CF-9C5633FB5203}.Debug|Any CPU.ActiveCfg = Debug|Any CPU
		{9C1FBF6D-E420-4B6F-B5CF-9C5633FB5203}.Debug|Any CPU.Build.0 = Debug|Any CPU
		{9C1FBF6D-E420-4B6F-B5CF-9C5633FB5203}.Debug|Mixed Platforms.ActiveCfg = Debug|Any CPU
		{9C1FBF6D-E420-4B6F-B5CF-9C5633FB5203}.Debug|Mixed Platforms.Build.0 = Debug|Any CPU
		{9C1FBF6D-E420-4B6F-B5CF-9C5633FB5203}.Debug|x86.ActiveCfg = Debug|Any CPU
		{9C1FBF6D-E420-4B6F-B5CF-9C5633FB5203}.Release|Any CPU.ActiveCfg = Release|Any CPU
		{9C1FBF6D-E420-4B6F-B5CF-9C5633FB5203}.Release|Any CPU.Build.0 = Release|Any CPU
		{9C1FBF6D-E420-4B6F-B5CF-9C5633FB5203}.Release|Mixed Platforms.ActiveCfg = Release|Any CPU
		{9C1FBF6D-E420-4B6F-B5CF-9C5633FB5203}.Release|Mixed Platforms.Build.0 = Release|Any CPU
		{9C1FBF6D-E420-4B6F-B5CF-9C5633FB5203}.Release|x86.ActiveCfg = Release|Any CPU
		{881DDBDF-2E24-4260-A40A-64006D4B0412}.Debug|Any CPU.ActiveCfg = Debug|Any CPU
		{881DDBDF-2E24-4260-A40A-64006D4B0412}.Debug|Any CPU.Build.0 = Debug|Any CPU
		{881DDBDF-2E24-4260-A40A-64006D4B0412}.Debug|Mixed Platforms.ActiveCfg = Debug|Any CPU
		{881DDBDF-2E24-4260-A40A-64006D4B0412}.Debug|Mixed Platforms.Build.0 = Debug|Any CPU
		{881DDBDF-2E24-4260-A40A-64006D4B0412}.Debug|x86.ActiveCfg = Debug|Any CPU
		{881DDBDF-2E24-4260-A40A-64006D4B0412}.Release|Any CPU.ActiveCfg = Release|Any CPU
		{881DDBDF-2E24-4260-A40A-64006D4B0412}.Release|Any CPU.Build.0 = Release|Any CPU
		{881DDBDF-2E24-4260-A40A-64006D4B0412}.Release|Mixed Platforms.ActiveCfg = Release|Any CPU
		{881DDBDF-2E24-4260-A40A-64006D4B0412}.Release|Mixed Platforms.Build.0 = Release|Any CPU
		{881DDBDF-2E24-4260-A40A-64006D4B0412}.Release|x86.ActiveCfg = Release|Any CPU
		{565624BE-ABB3-4A2F-B5CE-968C6F18E20A}.Debug|Any CPU.ActiveCfg = Debug|Any CPU
		{565624BE-ABB3-4A2F-B5CE-968C6F18E20A}.Debug|Any CPU.Build.0 = Debug|Any CPU
		{565624BE-ABB3-4A2F-B5CE-968C6F18E20A}.Debug|Mixed Platforms.ActiveCfg = Debug|Any CPU
		{565624BE-ABB3-4A2F-B5CE-968C6F18E20A}.Debug|Mixed Platforms.Build.0 = Debug|Any CPU
		{565624BE-ABB3-4A2F-B5CE-968C6F18E20A}.Debug|x86.ActiveCfg = Debug|Any CPU
		{565624BE-ABB3-4A2F-B5CE-968C6F18E20A}.Release|Any CPU.ActiveCfg = Release|Any CPU
		{565624BE-ABB3-4A2F-B5CE-968C6F18E20A}.Release|Any CPU.Build.0 = Release|Any CPU
		{565624BE-ABB3-4A2F-B5CE-968C6F18E20A}.Release|Mixed Platforms.ActiveCfg = Release|Any CPU
		{565624BE-ABB3-4A2F-B5CE-968C6F18E20A}.Release|Mixed Platforms.Build.0 = Release|Any CPU
		{565624BE-ABB3-4A2F-B5CE-968C6F18E20A}.Release|x86.ActiveCfg = Release|Any CPU
		{169C0776-313C-4A6F-BC7F-27BB86334C18}.Debug|Any CPU.ActiveCfg = Debug|Any CPU
		{169C0776-313C-4A6F-BC7F-27BB86334C18}.Debug|Any CPU.Build.0 = Debug|Any CPU
		{169C0776-313C-4A6F-BC7F-27BB86334C18}.Debug|Mixed Platforms.ActiveCfg = Debug|Any CPU
		{169C0776-313C-4A6F-BC7F-27BB86334C18}.Debug|Mixed Platforms.Build.0 = Debug|Any CPU
		{169C0776-313C-4A6F-BC7F-27BB86334C18}.Debug|x86.ActiveCfg = Debug|Any CPU
		{169C0776-313C-4A6F-BC7F-27BB86334C18}.Release|Any CPU.ActiveCfg = Release|Any CPU
		{169C0776-313C-4A6F-BC7F-27BB86334C18}.Release|Any CPU.Build.0 = Release|Any CPU
		{169C0776-313C-4A6F-BC7F-27BB86334C18}.Release|Mixed Platforms.ActiveCfg = Release|Any CPU
		{169C0776-313C-4A6F-BC7F-27BB86334C18}.Release|Mixed Platforms.Build.0 = Release|Any CPU
		{169C0776-313C-4A6F-BC7F-27BB86334C18}.Release|x86.ActiveCfg = Release|Any CPU
		{C6399678-5F8B-40C1-B216-F507E92A1ACF}.Debug|Any CPU.ActiveCfg = Debug|Any CPU
		{C6399678-5F8B-40C1-B216-F507E92A1ACF}.Debug|Any CPU.Build.0 = Debug|Any CPU
		{C6399678-5F8B-40C1-B216-F507E92A1ACF}.Debug|Mixed Platforms.ActiveCfg = Debug|Any CPU
		{C6399678-5F8B-40C1-B216-F507E92A1ACF}.Debug|Mixed Platforms.Build.0 = Debug|Any CPU
		{C6399678-5F8B-40C1-B216-F507E92A1ACF}.Debug|x86.ActiveCfg = Debug|Any CPU
		{C6399678-5F8B-40C1-B216-F507E92A1ACF}.Release|Any CPU.ActiveCfg = Release|Any CPU
		{C6399678-5F8B-40C1-B216-F507E92A1ACF}.Release|Any CPU.Build.0 = Release|Any CPU
		{C6399678-5F8B-40C1-B216-F507E92A1ACF}.Release|Mixed Platforms.ActiveCfg = Release|Any CPU
		{C6399678-5F8B-40C1-B216-F507E92A1ACF}.Release|Mixed Platforms.Build.0 = Release|Any CPU
		{C6399678-5F8B-40C1-B216-F507E92A1ACF}.Release|x86.ActiveCfg = Release|Any CPU
		{91B47589-8892-4643-B1A0-715E6A061879}.Debug|Any CPU.ActiveCfg = Debug|Any CPU
		{91B47589-8892-4643-B1A0-715E6A061879}.Debug|Any CPU.Build.0 = Debug|Any CPU
		{91B47589-8892-4643-B1A0-715E6A061879}.Debug|Mixed Platforms.ActiveCfg = Debug|Any CPU
		{91B47589-8892-4643-B1A0-715E6A061879}.Debug|Mixed Platforms.Build.0 = Debug|Any CPU
		{91B47589-8892-4643-B1A0-715E6A061879}.Debug|x86.ActiveCfg = Debug|Any CPU
		{91B47589-8892-4643-B1A0-715E6A061879}.Release|Any CPU.ActiveCfg = Release|Any CPU
		{91B47589-8892-4643-B1A0-715E6A061879}.Release|Any CPU.Build.0 = Release|Any CPU
		{91B47589-8892-4643-B1A0-715E6A061879}.Release|Mixed Platforms.ActiveCfg = Release|Any CPU
		{91B47589-8892-4643-B1A0-715E6A061879}.Release|Mixed Platforms.Build.0 = Release|Any CPU
		{91B47589-8892-4643-B1A0-715E6A061879}.Release|x86.ActiveCfg = Release|Any CPU
		{201B3981-164A-4563-8454-E8286E988FC6}.Debug|Any CPU.ActiveCfg = Debug|Any CPU
		{201B3981-164A-4563-8454-E8286E988FC6}.Debug|Any CPU.Build.0 = Debug|Any CPU
		{201B3981-164A-4563-8454-E8286E988FC6}.Debug|Mixed Platforms.ActiveCfg = Debug|Any CPU
		{201B3981-164A-4563-8454-E8286E988FC6}.Debug|Mixed Platforms.Build.0 = Debug|Any CPU
		{201B3981-164A-4563-8454-E8286E988FC6}.Debug|x86.ActiveCfg = Debug|Any CPU
		{201B3981-164A-4563-8454-E8286E988FC6}.Release|Any CPU.ActiveCfg = Release|Any CPU
		{201B3981-164A-4563-8454-E8286E988FC6}.Release|Any CPU.Build.0 = Release|Any CPU
		{201B3981-164A-4563-8454-E8286E988FC6}.Release|Mixed Platforms.ActiveCfg = Release|Any CPU
		{201B3981-164A-4563-8454-E8286E988FC6}.Release|Mixed Platforms.Build.0 = Release|Any CPU
		{201B3981-164A-4563-8454-E8286E988FC6}.Release|x86.ActiveCfg = Release|Any CPU
		{42E827B4-1E98-453B-8A36-009C201DD85A}.Debug|Any CPU.ActiveCfg = Debug|x86
		{42E827B4-1E98-453B-8A36-009C201DD85A}.Debug|Mixed Platforms.ActiveCfg = Debug|x86
		{42E827B4-1E98-453B-8A36-009C201DD85A}.Debug|Mixed Platforms.Build.0 = Debug|x86
		{42E827B4-1E98-453B-8A36-009C201DD85A}.Debug|x86.ActiveCfg = Debug|x86
		{42E827B4-1E98-453B-8A36-009C201DD85A}.Debug|x86.Build.0 = Debug|x86
		{42E827B4-1E98-453B-8A36-009C201DD85A}.Release|Any CPU.ActiveCfg = Release|x86
		{42E827B4-1E98-453B-8A36-009C201DD85A}.Release|Mixed Platforms.ActiveCfg = Release|x86
		{42E827B4-1E98-453B-8A36-009C201DD85A}.Release|Mixed Platforms.Build.0 = Release|x86
		{42E827B4-1E98-453B-8A36-009C201DD85A}.Release|x86.ActiveCfg = Release|x86
		{42E827B4-1E98-453B-8A36-009C201DD85A}.Release|x86.Build.0 = Release|x86
		{8EB9D6B2-C2B6-4CD3-BEAE-2C22347A81DA}.Debug|Any CPU.ActiveCfg = Debug|x86
		{8EB9D6B2-C2B6-4CD3-BEAE-2C22347A81DA}.Debug|Mixed Platforms.ActiveCfg = Debug|x86
		{8EB9D6B2-C2B6-4CD3-BEAE-2C22347A81DA}.Debug|Mixed Platforms.Build.0 = Debug|x86
		{8EB9D6B2-C2B6-4CD3-BEAE-2C22347A81DA}.Debug|x86.ActiveCfg = Debug|x86
		{8EB9D6B2-C2B6-4CD3-BEAE-2C22347A81DA}.Debug|x86.Build.0 = Debug|x86
		{8EB9D6B2-C2B6-4CD3-BEAE-2C22347A81DA}.Release|Any CPU.ActiveCfg = Release|x86
		{8EB9D6B2-C2B6-4CD3-BEAE-2C22347A81DA}.Release|Mixed Platforms.ActiveCfg = Release|x86
		{8EB9D6B2-C2B6-4CD3-BEAE-2C22347A81DA}.Release|Mixed Platforms.Build.0 = Release|x86
		{8EB9D6B2-C2B6-4CD3-BEAE-2C22347A81DA}.Release|x86.ActiveCfg = Release|x86
		{8EB9D6B2-C2B6-4CD3-BEAE-2C22347A81DA}.Release|x86.Build.0 = Release|x86
		{D67BE3FC-BB67-4ADC-A368-98B04B395396}.Debug|Any CPU.ActiveCfg = Debug|Any CPU
		{D67BE3FC-BB67-4ADC-A368-98B04B395396}.Debug|Any CPU.Build.0 = Debug|Any CPU
		{D67BE3FC-BB67-4ADC-A368-98B04B395396}.Debug|Mixed Platforms.ActiveCfg = Debug|Any CPU
		{D67BE3FC-BB67-4ADC-A368-98B04B395396}.Debug|Mixed Platforms.Build.0 = Debug|Any CPU
		{D67BE3FC-BB67-4ADC-A368-98B04B395396}.Debug|x86.ActiveCfg = Debug|Any CPU
		{D67BE3FC-BB67-4ADC-A368-98B04B395396}.Release|Any CPU.ActiveCfg = Release|Any CPU
		{D67BE3FC-BB67-4ADC-A368-98B04B395396}.Release|Any CPU.Build.0 = Release|Any CPU
		{D67BE3FC-BB67-4ADC-A368-98B04B395396}.Release|Mixed Platforms.ActiveCfg = Release|Any CPU
		{D67BE3FC-BB67-4ADC-A368-98B04B395396}.Release|Mixed Platforms.Build.0 = Release|Any CPU
		{D67BE3FC-BB67-4ADC-A368-98B04B395396}.Release|x86.ActiveCfg = Release|Any CPU
		{53BE1E8C-C474-4D2D-B2E3-DB00CBE1B5F9}.Debug|Any CPU.ActiveCfg = Debug|Any CPU
		{53BE1E8C-C474-4D2D-B2E3-DB00CBE1B5F9}.Debug|Any CPU.Build.0 = Debug|Any CPU
		{53BE1E8C-C474-4D2D-B2E3-DB00CBE1B5F9}.Debug|Mixed Platforms.ActiveCfg = Debug|Any CPU
		{53BE1E8C-C474-4D2D-B2E3-DB00CBE1B5F9}.Debug|Mixed Platforms.Build.0 = Debug|Any CPU
		{53BE1E8C-C474-4D2D-B2E3-DB00CBE1B5F9}.Debug|x86.ActiveCfg = Debug|Any CPU
		{53BE1E8C-C474-4D2D-B2E3-DB00CBE1B5F9}.Release|Any CPU.ActiveCfg = Release|Any CPU
		{53BE1E8C-C474-4D2D-B2E3-DB00CBE1B5F9}.Release|Any CPU.Build.0 = Release|Any CPU
		{53BE1E8C-C474-4D2D-B2E3-DB00CBE1B5F9}.Release|Mixed Platforms.ActiveCfg = Release|Any CPU
		{53BE1E8C-C474-4D2D-B2E3-DB00CBE1B5F9}.Release|Mixed Platforms.Build.0 = Release|Any CPU
		{53BE1E8C-C474-4D2D-B2E3-DB00CBE1B5F9}.Release|x86.ActiveCfg = Release|Any CPU
		{3C228090-226D-435D-AC13-BE073CCDFAE2}.Debug|Any CPU.ActiveCfg = Debug|Any CPU
		{3C228090-226D-435D-AC13-BE073CCDFAE2}.Debug|Any CPU.Build.0 = Debug|Any CPU
		{3C228090-226D-435D-AC13-BE073CCDFAE2}.Debug|Mixed Platforms.ActiveCfg = Debug|Any CPU
		{3C228090-226D-435D-AC13-BE073CCDFAE2}.Debug|Mixed Platforms.Build.0 = Debug|Any CPU
		{3C228090-226D-435D-AC13-BE073CCDFAE2}.Debug|x86.ActiveCfg = Debug|Any CPU
		{3C228090-226D-435D-AC13-BE073CCDFAE2}.Release|Any CPU.ActiveCfg = Release|Any CPU
		{3C228090-226D-435D-AC13-BE073CCDFAE2}.Release|Any CPU.Build.0 = Release|Any CPU
		{3C228090-226D-435D-AC13-BE073CCDFAE2}.Release|Mixed Platforms.ActiveCfg = Release|Any CPU
		{3C228090-226D-435D-AC13-BE073CCDFAE2}.Release|Mixed Platforms.Build.0 = Release|Any CPU
		{3C228090-226D-435D-AC13-BE073CCDFAE2}.Release|x86.ActiveCfg = Release|Any CPU
		{4DFB1615-1204-4095-B56E-C697A4EA6E03}.Debug|Any CPU.ActiveCfg = Debug|Any CPU
		{4DFB1615-1204-4095-B56E-C697A4EA6E03}.Debug|Any CPU.Build.0 = Debug|Any CPU
		{4DFB1615-1204-4095-B56E-C697A4EA6E03}.Debug|Mixed Platforms.ActiveCfg = Debug|Any CPU
		{4DFB1615-1204-4095-B56E-C697A4EA6E03}.Debug|Mixed Platforms.Build.0 = Debug|Any CPU
		{4DFB1615-1204-4095-B56E-C697A4EA6E03}.Debug|x86.ActiveCfg = Debug|Any CPU
		{4DFB1615-1204-4095-B56E-C697A4EA6E03}.Release|Any CPU.ActiveCfg = Release|Any CPU
		{4DFB1615-1204-4095-B56E-C697A4EA6E03}.Release|Any CPU.Build.0 = Release|Any CPU
		{4DFB1615-1204-4095-B56E-C697A4EA6E03}.Release|Mixed Platforms.ActiveCfg = Release|Any CPU
		{4DFB1615-1204-4095-B56E-C697A4EA6E03}.Release|Mixed Platforms.Build.0 = Release|Any CPU
		{4DFB1615-1204-4095-B56E-C697A4EA6E03}.Release|x86.ActiveCfg = Release|Any CPU
		{A97FE745-78C7-4184-91AE-89543CB8DE0D}.Debug|Any CPU.ActiveCfg = Debug|Any CPU
		{A97FE745-78C7-4184-91AE-89543CB8DE0D}.Debug|Any CPU.Build.0 = Debug|Any CPU
		{A97FE745-78C7-4184-91AE-89543CB8DE0D}.Debug|Mixed Platforms.ActiveCfg = Debug|Any CPU
		{A97FE745-78C7-4184-91AE-89543CB8DE0D}.Debug|Mixed Platforms.Build.0 = Debug|Any CPU
		{A97FE745-78C7-4184-91AE-89543CB8DE0D}.Debug|x86.ActiveCfg = Debug|Any CPU
		{A97FE745-78C7-4184-91AE-89543CB8DE0D}.Release|Any CPU.ActiveCfg = Release|Any CPU
		{A97FE745-78C7-4184-91AE-89543CB8DE0D}.Release|Any CPU.Build.0 = Release|Any CPU
		{A97FE745-78C7-4184-91AE-89543CB8DE0D}.Release|Mixed Platforms.ActiveCfg = Release|Any CPU
		{A97FE745-78C7-4184-91AE-89543CB8DE0D}.Release|Mixed Platforms.Build.0 = Release|Any CPU
		{A97FE745-78C7-4184-91AE-89543CB8DE0D}.Release|x86.ActiveCfg = Release|Any CPU
		{89210EF0-715A-4B27-ACB4-1F98C0EF773B}.Debug|Any CPU.ActiveCfg = Debug|Any CPU
		{89210EF0-715A-4B27-ACB4-1F98C0EF773B}.Debug|Any CPU.Build.0 = Debug|Any CPU
		{89210EF0-715A-4B27-ACB4-1F98C0EF773B}.Debug|Mixed Platforms.ActiveCfg = Debug|Any CPU
		{89210EF0-715A-4B27-ACB4-1F98C0EF773B}.Debug|Mixed Platforms.Build.0 = Debug|Any CPU
		{89210EF0-715A-4B27-ACB4-1F98C0EF773B}.Debug|x86.ActiveCfg = Debug|Any CPU
		{89210EF0-715A-4B27-ACB4-1F98C0EF773B}.Release|Any CPU.ActiveCfg = Release|Any CPU
		{89210EF0-715A-4B27-ACB4-1F98C0EF773B}.Release|Any CPU.Build.0 = Release|Any CPU
		{89210EF0-715A-4B27-ACB4-1F98C0EF773B}.Release|Mixed Platforms.ActiveCfg = Release|Any CPU
		{89210EF0-715A-4B27-ACB4-1F98C0EF773B}.Release|Mixed Platforms.Build.0 = Release|Any CPU
		{89210EF0-715A-4B27-ACB4-1F98C0EF773B}.Release|x86.ActiveCfg = Release|Any CPU
		{5A01EC44-56C6-4216-8CF4-575B4AC4FD5A}.Debug|Any CPU.ActiveCfg = Debug|Any CPU
		{5A01EC44-56C6-4216-8CF4-575B4AC4FD5A}.Debug|Any CPU.Build.0 = Debug|Any CPU
		{5A01EC44-56C6-4216-8CF4-575B4AC4FD5A}.Debug|Mixed Platforms.ActiveCfg = Debug|Any CPU
		{5A01EC44-56C6-4216-8CF4-575B4AC4FD5A}.Debug|Mixed Platforms.Build.0 = Debug|Any CPU
		{5A01EC44-56C6-4216-8CF4-575B4AC4FD5A}.Debug|x86.ActiveCfg = Debug|Any CPU
		{5A01EC44-56C6-4216-8CF4-575B4AC4FD5A}.Release|Any CPU.ActiveCfg = Release|Any CPU
		{5A01EC44-56C6-4216-8CF4-575B4AC4FD5A}.Release|Any CPU.Build.0 = Release|Any CPU
		{5A01EC44-56C6-4216-8CF4-575B4AC4FD5A}.Release|Mixed Platforms.ActiveCfg = Release|Any CPU
		{5A01EC44-56C6-4216-8CF4-575B4AC4FD5A}.Release|Mixed Platforms.Build.0 = Release|Any CPU
		{5A01EC44-56C6-4216-8CF4-575B4AC4FD5A}.Release|x86.ActiveCfg = Release|Any CPU
		{B25FA241-4ABE-4183-8C50-2DC6B684D0BD}.Debug|Any CPU.ActiveCfg = Debug|Any CPU
		{B25FA241-4ABE-4183-8C50-2DC6B684D0BD}.Debug|Any CPU.Build.0 = Debug|Any CPU
		{B25FA241-4ABE-4183-8C50-2DC6B684D0BD}.Debug|Mixed Platforms.ActiveCfg = Debug|Any CPU
		{B25FA241-4ABE-4183-8C50-2DC6B684D0BD}.Debug|Mixed Platforms.Build.0 = Debug|Any CPU
		{B25FA241-4ABE-4183-8C50-2DC6B684D0BD}.Debug|x86.ActiveCfg = Debug|Any CPU
		{B25FA241-4ABE-4183-8C50-2DC6B684D0BD}.Release|Any CPU.ActiveCfg = Release|Any CPU
		{B25FA241-4ABE-4183-8C50-2DC6B684D0BD}.Release|Any CPU.Build.0 = Release|Any CPU
		{B25FA241-4ABE-4183-8C50-2DC6B684D0BD}.Release|Mixed Platforms.ActiveCfg = Release|Any CPU
		{B25FA241-4ABE-4183-8C50-2DC6B684D0BD}.Release|Mixed Platforms.Build.0 = Release|Any CPU
		{B25FA241-4ABE-4183-8C50-2DC6B684D0BD}.Release|x86.ActiveCfg = Release|Any CPU
		{0066A523-3B95-41DE-96CA-1AC529D1BAA2}.Debug|Any CPU.ActiveCfg = Debug|Any CPU
		{0066A523-3B95-41DE-96CA-1AC529D1BAA2}.Debug|Any CPU.Build.0 = Debug|Any CPU
		{0066A523-3B95-41DE-96CA-1AC529D1BAA2}.Debug|Mixed Platforms.ActiveCfg = Debug|Any CPU
		{0066A523-3B95-41DE-96CA-1AC529D1BAA2}.Debug|Mixed Platforms.Build.0 = Debug|Any CPU
		{0066A523-3B95-41DE-96CA-1AC529D1BAA2}.Debug|x86.ActiveCfg = Debug|Any CPU
		{0066A523-3B95-41DE-96CA-1AC529D1BAA2}.Release|Any CPU.ActiveCfg = Release|Any CPU
		{0066A523-3B95-41DE-96CA-1AC529D1BAA2}.Release|Any CPU.Build.0 = Release|Any CPU
		{0066A523-3B95-41DE-96CA-1AC529D1BAA2}.Release|Mixed Platforms.ActiveCfg = Release|Any CPU
		{0066A523-3B95-41DE-96CA-1AC529D1BAA2}.Release|Mixed Platforms.Build.0 = Release|Any CPU
		{0066A523-3B95-41DE-96CA-1AC529D1BAA2}.Release|x86.ActiveCfg = Release|Any CPU
		{BFA829D2-AB95-4913-BCF3-CB0748AD3AB4}.Debug|Any CPU.ActiveCfg = Debug|Any CPU
		{BFA829D2-AB95-4913-BCF3-CB0748AD3AB4}.Debug|Any CPU.Build.0 = Debug|Any CPU
		{BFA829D2-AB95-4913-BCF3-CB0748AD3AB4}.Debug|Mixed Platforms.ActiveCfg = Debug|Any CPU
		{BFA829D2-AB95-4913-BCF3-CB0748AD3AB4}.Debug|Mixed Platforms.Build.0 = Debug|Any CPU
		{BFA829D2-AB95-4913-BCF3-CB0748AD3AB4}.Debug|x86.ActiveCfg = Debug|Any CPU
		{BFA829D2-AB95-4913-BCF3-CB0748AD3AB4}.Release|Any CPU.ActiveCfg = Release|Any CPU
		{BFA829D2-AB95-4913-BCF3-CB0748AD3AB4}.Release|Any CPU.Build.0 = Release|Any CPU
		{BFA829D2-AB95-4913-BCF3-CB0748AD3AB4}.Release|Mixed Platforms.ActiveCfg = Release|Any CPU
		{BFA829D2-AB95-4913-BCF3-CB0748AD3AB4}.Release|Mixed Platforms.Build.0 = Release|Any CPU
		{BFA829D2-AB95-4913-BCF3-CB0748AD3AB4}.Release|x86.ActiveCfg = Release|Any CPU
		{8B540B38-34E0-4136-B409-1DC7B322AA63}.Debug|Any CPU.ActiveCfg = Debug|Any CPU
		{8B540B38-34E0-4136-B409-1DC7B322AA63}.Debug|Any CPU.Build.0 = Debug|Any CPU
		{8B540B38-34E0-4136-B409-1DC7B322AA63}.Debug|Mixed Platforms.ActiveCfg = Debug|Any CPU
		{8B540B38-34E0-4136-B409-1DC7B322AA63}.Debug|Mixed Platforms.Build.0 = Debug|Any CPU
		{8B540B38-34E0-4136-B409-1DC7B322AA63}.Debug|x86.ActiveCfg = Debug|Any CPU
		{8B540B38-34E0-4136-B409-1DC7B322AA63}.Release|Any CPU.ActiveCfg = Release|Any CPU
		{8B540B38-34E0-4136-B409-1DC7B322AA63}.Release|Any CPU.Build.0 = Release|Any CPU
		{8B540B38-34E0-4136-B409-1DC7B322AA63}.Release|Mixed Platforms.ActiveCfg = Release|Any CPU
		{8B540B38-34E0-4136-B409-1DC7B322AA63}.Release|Mixed Platforms.Build.0 = Release|Any CPU
		{8B540B38-34E0-4136-B409-1DC7B322AA63}.Release|x86.ActiveCfg = Release|Any CPU
		{9972E990-31F1-4C30-9BB5-AC1F3BD4E600}.Debug|Any CPU.ActiveCfg = Debug|Any CPU
		{9972E990-31F1-4C30-9BB5-AC1F3BD4E600}.Debug|Any CPU.Build.0 = Debug|Any CPU
		{9972E990-31F1-4C30-9BB5-AC1F3BD4E600}.Debug|Mixed Platforms.ActiveCfg = Debug|Any CPU
		{9972E990-31F1-4C30-9BB5-AC1F3BD4E600}.Debug|Mixed Platforms.Build.0 = Debug|Any CPU
		{9972E990-31F1-4C30-9BB5-AC1F3BD4E600}.Debug|x86.ActiveCfg = Debug|Any CPU
		{9972E990-31F1-4C30-9BB5-AC1F3BD4E600}.Release|Any CPU.ActiveCfg = Release|Any CPU
		{9972E990-31F1-4C30-9BB5-AC1F3BD4E600}.Release|Any CPU.Build.0 = Release|Any CPU
		{9972E990-31F1-4C30-9BB5-AC1F3BD4E600}.Release|Mixed Platforms.ActiveCfg = Release|Any CPU
		{9972E990-31F1-4C30-9BB5-AC1F3BD4E600}.Release|Mixed Platforms.Build.0 = Release|Any CPU
		{9972E990-31F1-4C30-9BB5-AC1F3BD4E600}.Release|x86.ActiveCfg = Release|Any CPU
		{1A50E3B8-4A5C-4E48-BAD4-17C5092F0DDE}.Debug|Any CPU.ActiveCfg = Debug|Any CPU
		{1A50E3B8-4A5C-4E48-BAD4-17C5092F0DDE}.Debug|Any CPU.Build.0 = Debug|Any CPU
		{1A50E3B8-4A5C-4E48-BAD4-17C5092F0DDE}.Debug|Mixed Platforms.ActiveCfg = Debug|Any CPU
		{1A50E3B8-4A5C-4E48-BAD4-17C5092F0DDE}.Debug|Mixed Platforms.Build.0 = Debug|Any CPU
		{1A50E3B8-4A5C-4E48-BAD4-17C5092F0DDE}.Debug|x86.ActiveCfg = Debug|Any CPU
		{1A50E3B8-4A5C-4E48-BAD4-17C5092F0DDE}.Release|Any CPU.ActiveCfg = Release|Any CPU
		{1A50E3B8-4A5C-4E48-BAD4-17C5092F0DDE}.Release|Any CPU.Build.0 = Release|Any CPU
		{1A50E3B8-4A5C-4E48-BAD4-17C5092F0DDE}.Release|Mixed Platforms.ActiveCfg = Release|Any CPU
		{1A50E3B8-4A5C-4E48-BAD4-17C5092F0DDE}.Release|Mixed Platforms.Build.0 = Release|Any CPU
		{1A50E3B8-4A5C-4E48-BAD4-17C5092F0DDE}.Release|x86.ActiveCfg = Release|Any CPU
		{C333E679-494E-422D-AB5E-E4C0EC94ACD5}.Debug|Any CPU.ActiveCfg = Debug|Any CPU
		{C333E679-494E-422D-AB5E-E4C0EC94ACD5}.Debug|Any CPU.Build.0 = Debug|Any CPU
		{C333E679-494E-422D-AB5E-E4C0EC94ACD5}.Debug|Mixed Platforms.ActiveCfg = Debug|Any CPU
		{C333E679-494E-422D-AB5E-E4C0EC94ACD5}.Debug|Mixed Platforms.Build.0 = Debug|Any CPU
		{C333E679-494E-422D-AB5E-E4C0EC94ACD5}.Debug|x86.ActiveCfg = Debug|Any CPU
		{C333E679-494E-422D-AB5E-E4C0EC94ACD5}.Release|Any CPU.ActiveCfg = Release|Any CPU
		{C333E679-494E-422D-AB5E-E4C0EC94ACD5}.Release|Any CPU.Build.0 = Release|Any CPU
		{C333E679-494E-422D-AB5E-E4C0EC94ACD5}.Release|Mixed Platforms.ActiveCfg = Release|Any CPU
		{C333E679-494E-422D-AB5E-E4C0EC94ACD5}.Release|Mixed Platforms.Build.0 = Release|Any CPU
		{C333E679-494E-422D-AB5E-E4C0EC94ACD5}.Release|x86.ActiveCfg = Release|Any CPU
		{3E299D3B-3C8D-455A-92A4-05FF6C60E6F3}.Debug|Any CPU.ActiveCfg = Debug|Any CPU
		{3E299D3B-3C8D-455A-92A4-05FF6C60E6F3}.Debug|Any CPU.Build.0 = Debug|Any CPU
		{3E299D3B-3C8D-455A-92A4-05FF6C60E6F3}.Debug|Mixed Platforms.ActiveCfg = Debug|Any CPU
		{3E299D3B-3C8D-455A-92A4-05FF6C60E6F3}.Debug|Mixed Platforms.Build.0 = Debug|Any CPU
		{3E299D3B-3C8D-455A-92A4-05FF6C60E6F3}.Debug|x86.ActiveCfg = Debug|Any CPU
		{3E299D3B-3C8D-455A-92A4-05FF6C60E6F3}.Release|Any CPU.ActiveCfg = Release|Any CPU
		{3E299D3B-3C8D-455A-92A4-05FF6C60E6F3}.Release|Any CPU.Build.0 = Release|Any CPU
		{3E299D3B-3C8D-455A-92A4-05FF6C60E6F3}.Release|Mixed Platforms.ActiveCfg = Release|Any CPU
		{3E299D3B-3C8D-455A-92A4-05FF6C60E6F3}.Release|Mixed Platforms.Build.0 = Release|Any CPU
		{3E299D3B-3C8D-455A-92A4-05FF6C60E6F3}.Release|x86.ActiveCfg = Release|Any CPU
		{54FFFE85-22B9-49F1-B244-CB3FE5591416}.Debug|Any CPU.ActiveCfg = Debug|Any CPU
		{54FFFE85-22B9-49F1-B244-CB3FE5591416}.Debug|Any CPU.Build.0 = Debug|Any CPU
		{54FFFE85-22B9-49F1-B244-CB3FE5591416}.Debug|Mixed Platforms.ActiveCfg = Debug|Any CPU
		{54FFFE85-22B9-49F1-B244-CB3FE5591416}.Debug|Mixed Platforms.Build.0 = Debug|Any CPU
		{54FFFE85-22B9-49F1-B244-CB3FE5591416}.Debug|x86.ActiveCfg = Debug|Any CPU
		{54FFFE85-22B9-49F1-B244-CB3FE5591416}.Release|Any CPU.ActiveCfg = Release|Any CPU
		{54FFFE85-22B9-49F1-B244-CB3FE5591416}.Release|Any CPU.Build.0 = Release|Any CPU
		{54FFFE85-22B9-49F1-B244-CB3FE5591416}.Release|Mixed Platforms.ActiveCfg = Release|Any CPU
		{54FFFE85-22B9-49F1-B244-CB3FE5591416}.Release|Mixed Platforms.Build.0 = Release|Any CPU
		{54FFFE85-22B9-49F1-B244-CB3FE5591416}.Release|x86.ActiveCfg = Release|Any CPU
		{B6DFB2CC-BECA-4AF6-9B10-0D4BDBEEAE98}.Debug|Any CPU.ActiveCfg = Debug|Any CPU
		{B6DFB2CC-BECA-4AF6-9B10-0D4BDBEEAE98}.Debug|Any CPU.Build.0 = Debug|Any CPU
		{B6DFB2CC-BECA-4AF6-9B10-0D4BDBEEAE98}.Debug|Mixed Platforms.ActiveCfg = Debug|Any CPU
		{B6DFB2CC-BECA-4AF6-9B10-0D4BDBEEAE98}.Debug|Mixed Platforms.Build.0 = Debug|Any CPU
		{B6DFB2CC-BECA-4AF6-9B10-0D4BDBEEAE98}.Debug|x86.ActiveCfg = Debug|Any CPU
		{B6DFB2CC-BECA-4AF6-9B10-0D4BDBEEAE98}.Release|Any CPU.ActiveCfg = Release|Any CPU
		{B6DFB2CC-BECA-4AF6-9B10-0D4BDBEEAE98}.Release|Any CPU.Build.0 = Release|Any CPU
		{B6DFB2CC-BECA-4AF6-9B10-0D4BDBEEAE98}.Release|Mixed Platforms.ActiveCfg = Release|Any CPU
		{B6DFB2CC-BECA-4AF6-9B10-0D4BDBEEAE98}.Release|Mixed Platforms.Build.0 = Release|Any CPU
		{B6DFB2CC-BECA-4AF6-9B10-0D4BDBEEAE98}.Release|x86.ActiveCfg = Release|Any CPU
		{7DBCB185-DF3C-495B-BD0F-C33E75355006}.Debug|Any CPU.ActiveCfg = Debug|Any CPU
		{7DBCB185-DF3C-495B-BD0F-C33E75355006}.Debug|Any CPU.Build.0 = Debug|Any CPU
		{7DBCB185-DF3C-495B-BD0F-C33E75355006}.Debug|Mixed Platforms.ActiveCfg = Debug|Any CPU
		{7DBCB185-DF3C-495B-BD0F-C33E75355006}.Debug|Mixed Platforms.Build.0 = Debug|Any CPU
		{7DBCB185-DF3C-495B-BD0F-C33E75355006}.Debug|x86.ActiveCfg = Debug|Any CPU
		{7DBCB185-DF3C-495B-BD0F-C33E75355006}.Release|Any CPU.ActiveCfg = Release|Any CPU
		{7DBCB185-DF3C-495B-BD0F-C33E75355006}.Release|Any CPU.Build.0 = Release|Any CPU
		{7DBCB185-DF3C-495B-BD0F-C33E75355006}.Release|Mixed Platforms.ActiveCfg = Release|Any CPU
		{7DBCB185-DF3C-495B-BD0F-C33E75355006}.Release|Mixed Platforms.Build.0 = Release|Any CPU
		{7DBCB185-DF3C-495B-BD0F-C33E75355006}.Release|x86.ActiveCfg = Release|Any CPU
		{EB87F27D-5BB1-4CA4-BE74-4FB36AEB8F33}.Debug|Any CPU.ActiveCfg = Debug|Any CPU
		{EB87F27D-5BB1-4CA4-BE74-4FB36AEB8F33}.Debug|Any CPU.Build.0 = Debug|Any CPU
		{EB87F27D-5BB1-4CA4-BE74-4FB36AEB8F33}.Debug|Mixed Platforms.ActiveCfg = Debug|Any CPU
		{EB87F27D-5BB1-4CA4-BE74-4FB36AEB8F33}.Debug|Mixed Platforms.Build.0 = Debug|Any CPU
		{EB87F27D-5BB1-4CA4-BE74-4FB36AEB8F33}.Debug|x86.ActiveCfg = Debug|Any CPU
		{EB87F27D-5BB1-4CA4-BE74-4FB36AEB8F33}.Release|Any CPU.ActiveCfg = Release|Any CPU
		{EB87F27D-5BB1-4CA4-BE74-4FB36AEB8F33}.Release|Any CPU.Build.0 = Release|Any CPU
		{EB87F27D-5BB1-4CA4-BE74-4FB36AEB8F33}.Release|Mixed Platforms.ActiveCfg = Release|Any CPU
		{EB87F27D-5BB1-4CA4-BE74-4FB36AEB8F33}.Release|Mixed Platforms.Build.0 = Release|Any CPU
		{EB87F27D-5BB1-4CA4-BE74-4FB36AEB8F33}.Release|x86.ActiveCfg = Release|Any CPU
		{714D675D-326C-485F-B756-9ED2A931A2DC}.Debug|Any CPU.ActiveCfg = Debug|Any CPU
		{714D675D-326C-485F-B756-9ED2A931A2DC}.Debug|Any CPU.Build.0 = Debug|Any CPU
		{714D675D-326C-485F-B756-9ED2A931A2DC}.Debug|Mixed Platforms.ActiveCfg = Debug|Any CPU
		{714D675D-326C-485F-B756-9ED2A931A2DC}.Debug|Mixed Platforms.Build.0 = Debug|Any CPU
		{714D675D-326C-485F-B756-9ED2A931A2DC}.Debug|x86.ActiveCfg = Debug|Any CPU
		{714D675D-326C-485F-B756-9ED2A931A2DC}.Release|Any CPU.ActiveCfg = Release|Any CPU
		{714D675D-326C-485F-B756-9ED2A931A2DC}.Release|Any CPU.Build.0 = Release|Any CPU
		{714D675D-326C-485F-B756-9ED2A931A2DC}.Release|Mixed Platforms.ActiveCfg = Release|Any CPU
		{714D675D-326C-485F-B756-9ED2A931A2DC}.Release|Mixed Platforms.Build.0 = Release|Any CPU
		{714D675D-326C-485F-B756-9ED2A931A2DC}.Release|x86.ActiveCfg = Release|Any CPU
		{0DDDEC9B-FA49-47CF-AFDA-347D46E2ACDD}.Debug|Any CPU.ActiveCfg = Debug|Any CPU
		{0DDDEC9B-FA49-47CF-AFDA-347D46E2ACDD}.Debug|Any CPU.Build.0 = Debug|Any CPU
		{0DDDEC9B-FA49-47CF-AFDA-347D46E2ACDD}.Debug|Mixed Platforms.ActiveCfg = Debug|Any CPU
		{0DDDEC9B-FA49-47CF-AFDA-347D46E2ACDD}.Debug|Mixed Platforms.Build.0 = Debug|Any CPU
		{0DDDEC9B-FA49-47CF-AFDA-347D46E2ACDD}.Debug|x86.ActiveCfg = Debug|Any CPU
		{0DDDEC9B-FA49-47CF-AFDA-347D46E2ACDD}.Release|Any CPU.ActiveCfg = Release|Any CPU
		{0DDDEC9B-FA49-47CF-AFDA-347D46E2ACDD}.Release|Any CPU.Build.0 = Release|Any CPU
		{0DDDEC9B-FA49-47CF-AFDA-347D46E2ACDD}.Release|Mixed Platforms.ActiveCfg = Release|Any CPU
		{0DDDEC9B-FA49-47CF-AFDA-347D46E2ACDD}.Release|Mixed Platforms.Build.0 = Release|Any CPU
		{0DDDEC9B-FA49-47CF-AFDA-347D46E2ACDD}.Release|x86.ActiveCfg = Release|Any CPU
	EndGlobalSection
	GlobalSection(SolutionProperties) = preSolution
		HideSolutionNode = FALSE
	EndGlobalSection
	GlobalSection(NestedProjects) = preSolution
		{D30157B2-C1B3-4073-BA5E-632E2337A997} = {B3FCB122-EC77-42DB-97ED-9006EDF85204}
		{7F2738F8-683C-49E7-88CD-E986C70F0321} = {B3FCB122-EC77-42DB-97ED-9006EDF85204}
		{8D5F838D-A604-4CEF-9F86-FE9A6843584A} = {B3FCB122-EC77-42DB-97ED-9006EDF85204}
		{37FFC807-89F1-4E9E-B622-6850A1A05F97} = {B3FCB122-EC77-42DB-97ED-9006EDF85204}
		{4AEB3769-5282-49FC-941B-1AF979BBF39A} = {B3FCB122-EC77-42DB-97ED-9006EDF85204}
		{49CF00CB-B94A-493C-86BF-CD189164AF3F} = {B3FCB122-EC77-42DB-97ED-9006EDF85204}
		{39A8B945-42C8-45E8-ADD6-5BC7EB73F423} = {B3FCB122-EC77-42DB-97ED-9006EDF85204}
		{7D677835-485C-4E30-BAC3-DEFCDB0BDA92} = {B3FCB122-EC77-42DB-97ED-9006EDF85204}
		{D7260EE7-F41C-4AC4-87FF-959BD107A4DE} = {B3FCB122-EC77-42DB-97ED-9006EDF85204}
		{9E93F4AA-28B0-42FE-BFB8-0E3EDF2E0EA7} = {B3FCB122-EC77-42DB-97ED-9006EDF85204}
		{F310FE92-7999-46F3-A64E-36F90243BA02} = {B3FCB122-EC77-42DB-97ED-9006EDF85204}
		{B328AF05-4BEE-45BB-9913-C836E5593E50} = {B3FCB122-EC77-42DB-97ED-9006EDF85204}
		{BEE136BA-2908-438B-9033-CCDB137CB5F9} = {B3FCB122-EC77-42DB-97ED-9006EDF85204}
		{2082EE07-1D5E-4E67-AB16-FA409182FB13} = {B3FCB122-EC77-42DB-97ED-9006EDF85204}
		{A083A52E-C3C3-42E0-8DFD-54719E4C3B25} = {B3FCB122-EC77-42DB-97ED-9006EDF85204}
		{3213E6DB-F026-4F17-A46A-7127F79F6620} = {B3FCB122-EC77-42DB-97ED-9006EDF85204}
		{8581EB6C-5093-473E-AB04-318CE071E7FD} = {B3FCB122-EC77-42DB-97ED-9006EDF85204}
		{6CC33C6B-FAA7-4B6A-8C3B-BFE94A1A65DE} = {B3FCB122-EC77-42DB-97ED-9006EDF85204}
		{F078F62F-8023-4E25-8834-973377000D57} = {B3FCB122-EC77-42DB-97ED-9006EDF85204}
		{1A992CC0-680A-4E62-8691-C3C8C629142F} = {B3FCB122-EC77-42DB-97ED-9006EDF85204}
		{CA50A18E-5CA1-43BE-82C1-F1910F09780B} = {B3FCB122-EC77-42DB-97ED-9006EDF85204}
		{F6887293-66C9-4BB8-98EF-8AC047D22E91} = {B3FCB122-EC77-42DB-97ED-9006EDF85204}
		{9C1FBF6D-E420-4B6F-B5CF-9C5633FB5203} = {B3FCB122-EC77-42DB-97ED-9006EDF85204}
		{881DDBDF-2E24-4260-A40A-64006D4B0412} = {B3FCB122-EC77-42DB-97ED-9006EDF85204}
		{565624BE-ABB3-4A2F-B5CE-968C6F18E20A} = {B3FCB122-EC77-42DB-97ED-9006EDF85204}
		{169C0776-313C-4A6F-BC7F-27BB86334C18} = {B3FCB122-EC77-42DB-97ED-9006EDF85204}
		{C6399678-5F8B-40C1-B216-F507E92A1ACF} = {B3FCB122-EC77-42DB-97ED-9006EDF85204}
		{91B47589-8892-4643-B1A0-715E6A061879} = {B3FCB122-EC77-42DB-97ED-9006EDF85204}
		{201B3981-164A-4563-8454-E8286E988FC6} = {B3FCB122-EC77-42DB-97ED-9006EDF85204}
		{42E827B4-1E98-453B-8A36-009C201DD85A} = {B3FCB122-EC77-42DB-97ED-9006EDF85204}
		{8EB9D6B2-C2B6-4CD3-BEAE-2C22347A81DA} = {B3FCB122-EC77-42DB-97ED-9006EDF85204}
		{D67BE3FC-BB67-4ADC-A368-98B04B395396} = {B3FCB122-EC77-42DB-97ED-9006EDF85204}
		{53BE1E8C-C474-4D2D-B2E3-DB00CBE1B5F9} = {B3FCB122-EC77-42DB-97ED-9006EDF85204}
		{3C228090-226D-435D-AC13-BE073CCDFAE2} = {B3FCB122-EC77-42DB-97ED-9006EDF85204}
		{4DFB1615-1204-4095-B56E-C697A4EA6E03} = {B3FCB122-EC77-42DB-97ED-9006EDF85204}
		{A97FE745-78C7-4184-91AE-89543CB8DE0D} = {B3FCB122-EC77-42DB-97ED-9006EDF85204}
		{89210EF0-715A-4B27-ACB4-1F98C0EF773B} = {B3FCB122-EC77-42DB-97ED-9006EDF85204}
		{5A01EC44-56C6-4216-8CF4-575B4AC4FD5A} = {B3FCB122-EC77-42DB-97ED-9006EDF85204}
		{B25FA241-4ABE-4183-8C50-2DC6B684D0BD} = {B3FCB122-EC77-42DB-97ED-9006EDF85204}
		{0066A523-3B95-41DE-96CA-1AC529D1BAA2} = {B3FCB122-EC77-42DB-97ED-9006EDF85204}
		{BFA829D2-AB95-4913-BCF3-CB0748AD3AB4} = {B3FCB122-EC77-42DB-97ED-9006EDF85204}
		{8B540B38-34E0-4136-B409-1DC7B322AA63} = {B3FCB122-EC77-42DB-97ED-9006EDF85204}
		{9972E990-31F1-4C30-9BB5-AC1F3BD4E600} = {B3FCB122-EC77-42DB-97ED-9006EDF85204}
		{1A50E3B8-4A5C-4E48-BAD4-17C5092F0DDE} = {B3FCB122-EC77-42DB-97ED-9006EDF85204}
		{C333E679-494E-422D-AB5E-E4C0EC94ACD5} = {B3FCB122-EC77-42DB-97ED-9006EDF85204}
		{3E299D3B-3C8D-455A-92A4-05FF6C60E6F3} = {B3FCB122-EC77-42DB-97ED-9006EDF85204}
		{54FFFE85-22B9-49F1-B244-CB3FE5591416} = {B3FCB122-EC77-42DB-97ED-9006EDF85204}
		{B6DFB2CC-BECA-4AF6-9B10-0D4BDBEEAE98} = {B3FCB122-EC77-42DB-97ED-9006EDF85204}
		{7DBCB185-DF3C-495B-BD0F-C33E75355006} = {B3FCB122-EC77-42DB-97ED-9006EDF85204}
		{EB87F27D-5BB1-4CA4-BE74-4FB36AEB8F33} = {B3FCB122-EC77-42DB-97ED-9006EDF85204}
		{714D675D-326C-485F-B756-9ED2A931A2DC} = {B3FCB122-EC77-42DB-97ED-9006EDF85204}
		{0DDDEC9B-FA49-47CF-AFDA-347D46E2ACDD} = {B3FCB122-EC77-42DB-97ED-9006EDF85204}
	EndGlobalSection
EndGlobal
