
Microsoft Visual Studio Solution File, Format Version 11.00
# Visual Studio 2010
Project("{2150E333-8FDC-42A3-9474-1A3956D46DE8}") = "Core", "Core", "{2AB74430-F8D6-49B0-8478-312D39651C8A}"
EndProject
Project("{FAE04EC0-301F-11D3-BF4B-00C04F79EFBC}") = "Atlantis.Framework.SessionCache", "..\Atlantis.Framework.SessionCache\Atlantis.Framework.SessionCache\Atlantis.Framework.SessionCache.csproj", "{53BE1E8C-C474-4D2D-B2E3-DB00CBE1B5F9}"
EndProject
Project("{FAE04EC0-301F-11D3-BF4B-00C04F79EFBC}") = "Atlantis.Framework.Testing.MockHttpContext", "..\Atlantis.Framework.Testing\Atlantis.Framework.Testing.MockHttpContext\Atlantis.Framework.Testing.MockHttpContext.csproj", "{2F8983B4-801B-461A-9D76-26A58A496261}"
EndProject
Project("{FAE04EC0-301F-11D3-BF4B-00C04F79EFBC}") = "Atlantis.Framework.Engine", "..\Atlantis.Framework.Engine\Atlantis.Framework.Engine\Atlantis.Framework.Engine.csproj", "{D30157B2-C1B3-4073-BA5E-632E2337A997}"
EndProject
Project("{FAE04EC0-301F-11D3-BF4B-00C04F79EFBC}") = "Atlantis.Framework.Interface", "..\Atlantis.Framework.Engine\Atlantis.Framework.Interface\Atlantis.Framework.Interface.csproj", "{A083A52E-C3C3-42E0-8DFD-54719E4C3B25}"
EndProject
Project("{FAE04EC0-301F-11D3-BF4B-00C04F79EFBC}") = "Atlantis.Framework.GetSurveyTakenInfo.Impl", "Atlantis.Framework.GetSurveyTakenInfo.Impl\Atlantis.Framework.GetSurveyTakenInfo.Impl.csproj", "{88BE356A-5B85-408D-BA8F-5B0F04CBED24}"
EndProject
Project("{FAE04EC0-301F-11D3-BF4B-00C04F79EFBC}") = "Atlantis.Framework.GetSurveyTakenInfo.Interface", "Atlantis.Framework.GetSurveyTakenInfo.Interface\Atlantis.Framework.GetSurveyTakenInfo.Interface.csproj", "{E0293767-D56C-417E-95CE-739A23AF79BD}"
EndProject
Project("{00000000-0000-0000-0000-000000000000}") = "Atlantis.Framework.GetSurveyTakenInfo.Tests", "Atlantis.Framework.GetSurveyTakenInfo.Tests\Atlantis.Framework.GetSurveyTakenInfo.Tests.csproj", "{7BBAAF70-B67E-4C7D-9D94-0A29316060B9}"
EndProject
Global
	GlobalSection(TeamFoundationVersionControl) = preSolution
		SccNumberOfProjects = 8
		SccEnterpriseProvider = {4CA58AB2-18FA-4F8D-95D4-32DDF27D184C}
		SccTeamFoundationServer = http://tfs:8080/
		SccProjectUniqueName0 = ..\\Atlantis.Framework.SessionCache\\Atlantis.Framework.SessionCache\\Atlantis.Framework.SessionCache.csproj
		SccProjectTopLevelParentUniqueName0 = Atlantis.Framework.GetSurveyTakenInfo.sln
		SccProjectName0 = ../Atlantis.Framework.SessionCache/Atlantis.Framework.SessionCache
		SccLocalPath0 = ..\\Atlantis.Framework.SessionCache\\Atlantis.Framework.SessionCache
		SccProjectUniqueName1 = ..\\Atlantis.Framework.Testing\\Atlantis.Framework.Testing.MockHttpContext\\Atlantis.Framework.Testing.MockHttpContext.csproj
		SccProjectTopLevelParentUniqueName1 = Atlantis.Framework.GetSurveyTakenInfo.sln
		SccProjectName1 = ../Atlantis.Framework.Testing/Atlantis.Framework.Testing.MockHttpContext
		SccLocalPath1 = ..\\Atlantis.Framework.Testing\\Atlantis.Framework.Testing.MockHttpContext
		SccProjectUniqueName2 = ..\\Atlantis.Framework.Engine\\Atlantis.Framework.Engine\\Atlantis.Framework.Engine.csproj
		SccProjectTopLevelParentUniqueName2 = Atlantis.Framework.GetSurveyTakenInfo.sln
		SccProjectName2 = ../Atlantis.Framework.Engine/Atlantis.Framework.Engine
		SccLocalPath2 = ..\\Atlantis.Framework.Engine\\Atlantis.Framework.Engine
		SccProjectUniqueName3 = ..\\Atlantis.Framework.Engine\\Atlantis.Framework.Interface\\Atlantis.Framework.Interface.csproj
		SccProjectTopLevelParentUniqueName3 = Atlantis.Framework.GetSurveyTakenInfo.sln
		SccProjectName3 = ../Atlantis.Framework.Engine/Atlantis.Framework.Interface
		SccLocalPath3 = ..\\Atlantis.Framework.Engine\\Atlantis.Framework.Interface
		SccLocalPath4 = .
		SccProjectUniqueName5 = Atlantis.Framework.GetSurveyTakenInfo.Impl\\Atlantis.Framework.GetSurveyTakenInfo.Impl.csproj
		SccProjectName5 = Atlantis.Framework.GetSurveyTakenInfo.Impl
		SccLocalPath5 = Atlantis.Framework.GetSurveyTakenInfo.Impl
		SccProjectUniqueName6 = Atlantis.Framework.GetSurveyTakenInfo.Interface\\Atlantis.Framework.GetSurveyTakenInfo.Interface.csproj
		SccProjectName6 = Atlantis.Framework.GetSurveyTakenInfo.Interface
		SccLocalPath6 = Atlantis.Framework.GetSurveyTakenInfo.Interface
		SccProjectUniqueName7 = Atlantis.Framework.GetSurveyTakenInfo.Tests\\Atlantis.Framework.GetSurveyTakenInfo.Tests.csproj
		SccProjectName7 = Atlantis.Framework.GetSurveyTakenInfo.Tests
		SccLocalPath7 = Atlantis.Framework.GetSurveyTakenInfo.Tests
	EndGlobalSection
	GlobalSection(SolutionConfigurationPlatforms) = preSolution
		Debug|Any CPU = Debug|Any CPU
		Release|Any CPU = Release|Any CPU
	EndGlobalSection
	GlobalSection(ProjectConfigurationPlatforms) = postSolution
		{53BE1E8C-C474-4D2D-B2E3-DB00CBE1B5F9}.Debug|Any CPU.ActiveCfg = Debug|Any CPU
		{53BE1E8C-C474-4D2D-B2E3-DB00CBE1B5F9}.Debug|Any CPU.Build.0 = Debug|Any CPU
		{53BE1E8C-C474-4D2D-B2E3-DB00CBE1B5F9}.Release|Any CPU.ActiveCfg = Release|Any CPU
		{53BE1E8C-C474-4D2D-B2E3-DB00CBE1B5F9}.Release|Any CPU.Build.0 = Release|Any CPU
		{2F8983B4-801B-461A-9D76-26A58A496261}.Debug|Any CPU.ActiveCfg = Debug|Any CPU
		{2F8983B4-801B-461A-9D76-26A58A496261}.Debug|Any CPU.Build.0 = Debug|Any CPU
		{2F8983B4-801B-461A-9D76-26A58A496261}.Release|Any CPU.ActiveCfg = Release|Any CPU
		{2F8983B4-801B-461A-9D76-26A58A496261}.Release|Any CPU.Build.0 = Release|Any CPU
		{D30157B2-C1B3-4073-BA5E-632E2337A997}.Debug|Any CPU.ActiveCfg = Debug|Any CPU
		{D30157B2-C1B3-4073-BA5E-632E2337A997}.Debug|Any CPU.Build.0 = Debug|Any CPU
		{D30157B2-C1B3-4073-BA5E-632E2337A997}.Release|Any CPU.ActiveCfg = Release|Any CPU
		{D30157B2-C1B3-4073-BA5E-632E2337A997}.Release|Any CPU.Build.0 = Release|Any CPU
		{A083A52E-C3C3-42E0-8DFD-54719E4C3B25}.Debug|Any CPU.ActiveCfg = Debug|Any CPU
		{A083A52E-C3C3-42E0-8DFD-54719E4C3B25}.Debug|Any CPU.Build.0 = Debug|Any CPU
		{A083A52E-C3C3-42E0-8DFD-54719E4C3B25}.Release|Any CPU.ActiveCfg = Release|Any CPU
		{A083A52E-C3C3-42E0-8DFD-54719E4C3B25}.Release|Any CPU.Build.0 = Release|Any CPU
		{88BE356A-5B85-408D-BA8F-5B0F04CBED24}.Debug|Any CPU.ActiveCfg = Debug|Any CPU
		{88BE356A-5B85-408D-BA8F-5B0F04CBED24}.Debug|Any CPU.Build.0 = Debug|Any CPU
		{88BE356A-5B85-408D-BA8F-5B0F04CBED24}.Release|Any CPU.ActiveCfg = Release|Any CPU
		{88BE356A-5B85-408D-BA8F-5B0F04CBED24}.Release|Any CPU.Build.0 = Release|Any CPU
		{E0293767-D56C-417E-95CE-739A23AF79BD}.Debug|Any CPU.ActiveCfg = Debug|Any CPU
		{E0293767-D56C-417E-95CE-739A23AF79BD}.Debug|Any CPU.Build.0 = Debug|Any CPU
		{E0293767-D56C-417E-95CE-739A23AF79BD}.Release|Any CPU.ActiveCfg = Release|Any CPU
		{E0293767-D56C-417E-95CE-739A23AF79BD}.Release|Any CPU.Build.0 = Release|Any CPU
		{7BBAAF70-B67E-4C7D-9D94-0A29316060B9}.Debug|Any CPU.ActiveCfg = Debug|Any CPU
		{7BBAAF70-B67E-4C7D-9D94-0A29316060B9}.Debug|Any CPU.Build.0 = Debug|Any CPU
		{7BBAAF70-B67E-4C7D-9D94-0A29316060B9}.Release|Any CPU.ActiveCfg = Release|Any CPU
		{7BBAAF70-B67E-4C7D-9D94-0A29316060B9}.Release|Any CPU.Build.0 = Release|Any CPU
	EndGlobalSection
	GlobalSection(SolutionProperties) = preSolution
		HideSolutionNode = FALSE
	EndGlobalSection
	GlobalSection(NestedProjects) = preSolution
		{53BE1E8C-C474-4D2D-B2E3-DB00CBE1B5F9} = {2AB74430-F8D6-49B0-8478-312D39651C8A}
		{2F8983B4-801B-461A-9D76-26A58A496261} = {2AB74430-F8D6-49B0-8478-312D39651C8A}
		{D30157B2-C1B3-4073-BA5E-632E2337A997} = {2AB74430-F8D6-49B0-8478-312D39651C8A}
		{A083A52E-C3C3-42E0-8DFD-54719E4C3B25} = {2AB74430-F8D6-49B0-8478-312D39651C8A}
	EndGlobalSection
EndGlobal
