
Microsoft Visual Studio Solution File, Format Version 12.00
# Visual Studio 2012
Project("{2150E333-8FDC-42A3-9474-1A3956D46DE8}") = "Core", "Core", "{27DC88D4-1618-493B-835B-EAF192592826}"
EndProject
Project("{FAE04EC0-301F-11D3-BF4B-00C04F79EFBC}") = "Atlantis.Framework.Engine", "..\..\Atlantis.Framework.Engine\Atlantis.Framework.Engine\Atlantis.Framework.Engine.csproj", "{D30157B2-C1B3-4073-BA5E-632E2337A997}"
EndProject
Project("{FAE04EC0-301F-11D3-BF4B-00C04F79EFBC}") = "Atlantis.Framework.Interface", "..\..\Atlantis.Framework.Engine\Atlantis.Framework.Interface\Atlantis.Framework.Interface.csproj", "{A083A52E-C3C3-42E0-8DFD-54719E4C3B25}"
EndProject
Project("{FAE04EC0-301F-11D3-BF4B-00C04F79EFBC}") = "Atlantis.Framework.Providers.BasketOrder", "Atlantis.Framework.Providers.BasketOrder\Atlantis.Framework.Providers.BasketOrder.csproj", "{6AE0C74B-78E4-4B5A-B225-165526F56686}"
EndProject
Project("{FAE04EC0-301F-11D3-BF4B-00C04F79EFBC}") = "Atlantis.Framework.Providers.BasketOrder.Interface", "Atlantis.Framework.Providers.BasketOrder.Interface\Atlantis.Framework.Providers.BasketOrder.Interface.csproj", "{9F871127-456A-439A-B743-BD23E91F21E6}"
EndProject
Project("{FAE04EC0-301F-11D3-BF4B-00C04F79EFBC}") = "Atlantis.Framework.Providers.BasketOrder.Tests", "Atlantis.Framework.Providers.BasketOrder.Tests\Atlantis.Framework.Providers.BasketOrder.Tests.csproj", "{77BCDA92-BED8-4698-84DF-3F23D3FA0DAB}"
EndProject
Project("{FAE04EC0-301F-11D3-BF4B-00C04F79EFBC}") = "Atlantis.Framework.GetBasketPrice.Interface", "..\..\Atlantis.Framework.GetBasketPrice\Atlantis.Framework.GetBasketPrice.Interface\Atlantis.Framework.GetBasketPrice.Interface.csproj", "{0F29FE8F-6B5B-4484-8ED6-F799C256FBCF}"
EndProject
Project("{FAE04EC0-301F-11D3-BF4B-00C04F79EFBC}") = "Atlantis.Framework.GetBasketPrice.Impl", "..\..\Atlantis.Framework.GetBasketPrice\Atlantis.Framework.GetBasketPrice.Impl\Atlantis.Framework.GetBasketPrice.Impl.csproj", "{B03F9052-91C7-4E1A-805D-FF1572EFE1F3}"
EndProject
Global
	GlobalSection(TeamFoundationVersionControl) = preSolution
		SccNumberOfProjects = 8
		SccEnterpriseProvider = {4CA58AB2-18FA-4F8D-95D4-32DDF27D184C}
		SccTeamFoundationServer = http://tfs2010:8080/tfs/gd
		SccLocalPath0 = .
		SccProjectUniqueName1 = ..\\..\\Atlantis.Framework.Engine\\Atlantis.Framework.Interface\\Atlantis.Framework.Interface.csproj
		SccProjectTopLevelParentUniqueName1 = BasketOrder.sln
		SccProjectName1 = ../../Atlantis.Framework.Engine/Atlantis.Framework.Interface
		SccLocalPath1 = ..\\..\\Atlantis.Framework.Engine\\Atlantis.Framework.Interface
		SccProjectUniqueName2 = ..\\..\\Atlantis.Framework.Engine\\Atlantis.Framework.Engine\\Atlantis.Framework.Engine.csproj
		SccProjectTopLevelParentUniqueName2 = BasketOrder.sln
		SccProjectName2 = ../../Atlantis.Framework.Engine/Atlantis.Framework.Engine
		SccLocalPath2 = ..\\..\\Atlantis.Framework.Engine\\Atlantis.Framework.Engine
		SccProjectUniqueName3 = ..\\..\\Atlantis.Framework.GetBasketPrice\\Atlantis.Framework.GetBasketPrice.Interface\\Atlantis.Framework.GetBasketPrice.Interface.csproj
		SccProjectTopLevelParentUniqueName3 = BasketOrder.sln
		SccProjectName3 = ../../Atlantis.Framework.GetBasketPrice/Atlantis.Framework.GetBasketPrice.Interface
		SccLocalPath3 = ..\\..\\Atlantis.Framework.GetBasketPrice\\Atlantis.Framework.GetBasketPrice.Interface
		SccProjectUniqueName4 = Atlantis.Framework.Providers.BasketOrder\\Atlantis.Framework.Providers.BasketOrder.csproj
		SccProjectName4 = Atlantis.Framework.Providers.BasketOrder
		SccLocalPath4 = Atlantis.Framework.Providers.BasketOrder
		SccProjectUniqueName5 = Atlantis.Framework.Providers.BasketOrder.Interface\\Atlantis.Framework.Providers.BasketOrder.Interface.csproj
		SccProjectName5 = Atlantis.Framework.Providers.BasketOrder.Interface
		SccLocalPath5 = Atlantis.Framework.Providers.BasketOrder.Interface
		SccProjectUniqueName6 = Atlantis.Framework.Providers.BasketOrder.Tests\\Atlantis.Framework.Providers.BasketOrder.Tests.csproj
		SccProjectName6 = Atlantis.Framework.Providers.BasketOrder.Tests
		SccLocalPath6 = Atlantis.Framework.Providers.BasketOrder.Tests
		SccProjectUniqueName7 = ..\\..\\Atlantis.Framework.GetBasketPrice\\Atlantis.Framework.GetBasketPrice.Impl\\Atlantis.Framework.GetBasketPrice.Impl.csproj
		SccProjectTopLevelParentUniqueName7 = BasketOrder.sln
		SccProjectName7 = ../../Atlantis.Framework.GetBasketPrice/Atlantis.Framework.GetBasketPrice.Impl
		SccLocalPath7 = ..\\..\\Atlantis.Framework.GetBasketPrice\\Atlantis.Framework.GetBasketPrice.Impl
	EndGlobalSection
	GlobalSection(SolutionConfigurationPlatforms) = preSolution
		Debug|Any CPU = Debug|Any CPU
		Release|Any CPU = Release|Any CPU
	EndGlobalSection
	GlobalSection(ProjectConfigurationPlatforms) = postSolution
		{D30157B2-C1B3-4073-BA5E-632E2337A997}.Debug|Any CPU.ActiveCfg = Debug|Any CPU
		{D30157B2-C1B3-4073-BA5E-632E2337A997}.Debug|Any CPU.Build.0 = Debug|Any CPU
		{D30157B2-C1B3-4073-BA5E-632E2337A997}.Release|Any CPU.ActiveCfg = Release|Any CPU
		{D30157B2-C1B3-4073-BA5E-632E2337A997}.Release|Any CPU.Build.0 = Release|Any CPU
		{A083A52E-C3C3-42E0-8DFD-54719E4C3B25}.Debug|Any CPU.ActiveCfg = Debug|Any CPU
		{A083A52E-C3C3-42E0-8DFD-54719E4C3B25}.Debug|Any CPU.Build.0 = Debug|Any CPU
		{A083A52E-C3C3-42E0-8DFD-54719E4C3B25}.Release|Any CPU.ActiveCfg = Release|Any CPU
		{A083A52E-C3C3-42E0-8DFD-54719E4C3B25}.Release|Any CPU.Build.0 = Release|Any CPU
		{6AE0C74B-78E4-4B5A-B225-165526F56686}.Debug|Any CPU.ActiveCfg = Debug|Any CPU
		{6AE0C74B-78E4-4B5A-B225-165526F56686}.Debug|Any CPU.Build.0 = Debug|Any CPU
		{6AE0C74B-78E4-4B5A-B225-165526F56686}.Release|Any CPU.ActiveCfg = Release|Any CPU
		{6AE0C74B-78E4-4B5A-B225-165526F56686}.Release|Any CPU.Build.0 = Release|Any CPU
		{9F871127-456A-439A-B743-BD23E91F21E6}.Debug|Any CPU.ActiveCfg = Debug|Any CPU
		{9F871127-456A-439A-B743-BD23E91F21E6}.Debug|Any CPU.Build.0 = Debug|Any CPU
		{9F871127-456A-439A-B743-BD23E91F21E6}.Release|Any CPU.ActiveCfg = Release|Any CPU
		{9F871127-456A-439A-B743-BD23E91F21E6}.Release|Any CPU.Build.0 = Release|Any CPU
		{77BCDA92-BED8-4698-84DF-3F23D3FA0DAB}.Debug|Any CPU.ActiveCfg = Debug|Any CPU
		{77BCDA92-BED8-4698-84DF-3F23D3FA0DAB}.Debug|Any CPU.Build.0 = Debug|Any CPU
		{77BCDA92-BED8-4698-84DF-3F23D3FA0DAB}.Release|Any CPU.ActiveCfg = Release|Any CPU
		{77BCDA92-BED8-4698-84DF-3F23D3FA0DAB}.Release|Any CPU.Build.0 = Release|Any CPU
		{0F29FE8F-6B5B-4484-8ED6-F799C256FBCF}.Debug|Any CPU.ActiveCfg = Debug|Any CPU
		{0F29FE8F-6B5B-4484-8ED6-F799C256FBCF}.Debug|Any CPU.Build.0 = Debug|Any CPU
		{0F29FE8F-6B5B-4484-8ED6-F799C256FBCF}.Release|Any CPU.ActiveCfg = Release|Any CPU
		{0F29FE8F-6B5B-4484-8ED6-F799C256FBCF}.Release|Any CPU.Build.0 = Release|Any CPU
		{B03F9052-91C7-4E1A-805D-FF1572EFE1F3}.Debug|Any CPU.ActiveCfg = Debug|Any CPU
		{B03F9052-91C7-4E1A-805D-FF1572EFE1F3}.Debug|Any CPU.Build.0 = Debug|Any CPU
		{B03F9052-91C7-4E1A-805D-FF1572EFE1F3}.Release|Any CPU.ActiveCfg = Release|Any CPU
		{B03F9052-91C7-4E1A-805D-FF1572EFE1F3}.Release|Any CPU.Build.0 = Release|Any CPU
	EndGlobalSection
	GlobalSection(SolutionProperties) = preSolution
		HideSolutionNode = FALSE
	EndGlobalSection
	GlobalSection(NestedProjects) = preSolution
		{D30157B2-C1B3-4073-BA5E-632E2337A997} = {27DC88D4-1618-493B-835B-EAF192592826}
		{A083A52E-C3C3-42E0-8DFD-54719E4C3B25} = {27DC88D4-1618-493B-835B-EAF192592826}
		{0F29FE8F-6B5B-4484-8ED6-F799C256FBCF} = {27DC88D4-1618-493B-835B-EAF192592826}
		{B03F9052-91C7-4E1A-805D-FF1572EFE1F3} = {27DC88D4-1618-493B-835B-EAF192592826}
	EndGlobalSection
EndGlobal
