
Microsoft Visual Studio Solution File, Format Version 12.00
# Visual Studio 2012
Project("{2150E333-8FDC-42A3-9474-1A3956D46DE8}") = "Core", "Core", "{508F7E69-FE35-44D3-BE3E-942A9E890A74}"
EndProject
Project("{FAE04EC0-301F-11D3-BF4B-00C04F79EFBC}") = "Atlantis.Framework.Interface", "..\..\Atlantis.Framework.Engine\Atlantis.Framework.Interface\Atlantis.Framework.Interface.csproj", "{A083A52E-C3C3-42E0-8DFD-54719E4C3B25}"
EndProject
Project("{FAE04EC0-301F-11D3-BF4B-00C04F79EFBC}") = "Atlantis.Framework.Engine", "..\..\Atlantis.Framework.Engine\Atlantis.Framework.Engine\Atlantis.Framework.Engine.csproj", "{D30157B2-C1B3-4073-BA5E-632E2337A997}"
EndProject
Project("{FAE04EC0-301F-11D3-BF4B-00C04F79EFBC}") = "Atlantis.Framework.DataCacheService", "..\..\Atlantis.Framework.DataCache\Atlantis.Framework.DataCacheService\Atlantis.Framework.DataCacheService.csproj", "{3E299D3B-3C8D-455A-92A4-05FF6C60E6F3}"
EndProject
Project("{FAE04EC0-301F-11D3-BF4B-00C04F79EFBC}") = "Atlantis.Framework.Geo.Interface", "Atlantis.Framework.Geo.Interface\Atlantis.Framework.Geo.Interface.csproj", "{27F0CD4D-3807-445B-AB34-2B96E7937492}"
EndProject
Project("{FAE04EC0-301F-11D3-BF4B-00C04F79EFBC}") = "Atlantis.Framework.Geo.Impl", "Atlantis.Framework.Geo.Impl\Atlantis.Framework.Geo.Impl.csproj", "{95A7334D-A6EE-46D4-97C3-320E119ABC59}"
EndProject
Project("{FAE04EC0-301F-11D3-BF4B-00C04F79EFBC}") = "Atlantis.Framework.Geo.Tests", "Atlantis.Framework.Geo.Tests\Atlantis.Framework.Geo.Tests.csproj", "{229D7511-1C70-48C7-AF31-C60DDA43A7A3}"
EndProject
Project("{2150E333-8FDC-42A3-9474-1A3956D46DE8}") = "Solution Items", "Solution Items", "{A8D1A4BC-F335-4621-A5A5-EC1DC5C1C076}"
EndProject
Global
	GlobalSection(TeamFoundationVersionControl) = preSolution
		SccNumberOfProjects = 7
		SccEnterpriseProvider = {4CA58AB2-18FA-4F8D-95D4-32DDF27D184C}
		SccTeamFoundationServer = http://tfs2010:8080/tfs/gd
		SccLocalPath0 = .
		SccProjectUniqueName1 = ..\\..\\Atlantis.Framework.Engine\\Atlantis.Framework.Interface\\Atlantis.Framework.Interface.csproj
		SccProjectTopLevelParentUniqueName1 = Geo.sln
		SccProjectName1 = ../../Atlantis.Framework.Engine/Atlantis.Framework.Interface
		SccLocalPath1 = ..\\..\\Atlantis.Framework.Engine\\Atlantis.Framework.Interface
		SccProjectUniqueName2 = ..\\..\\Atlantis.Framework.Engine\\Atlantis.Framework.Engine\\Atlantis.Framework.Engine.csproj
		SccProjectTopLevelParentUniqueName2 = Geo.sln
		SccProjectName2 = ../../Atlantis.Framework.Engine/Atlantis.Framework.Engine
		SccLocalPath2 = ..\\..\\Atlantis.Framework.Engine\\Atlantis.Framework.Engine
		SccProjectUniqueName3 = ..\\..\\Atlantis.Framework.DataCache\\Atlantis.Framework.DataCacheService\\Atlantis.Framework.DataCacheService.csproj
		SccProjectTopLevelParentUniqueName3 = Geo.sln
		SccProjectName3 = ../../Atlantis.Framework.DataCache/Atlantis.Framework.DataCacheService
		SccLocalPath3 = ..\\..\\Atlantis.Framework.DataCache\\Atlantis.Framework.DataCacheService
		SccProjectUniqueName4 = Atlantis.Framework.Geo.Impl\\Atlantis.Framework.Geo.Impl.csproj
		SccProjectName4 = Atlantis.Framework.Geo.Impl
		SccLocalPath4 = Atlantis.Framework.Geo.Impl
		SccProjectUniqueName5 = Atlantis.Framework.Geo.Interface\\Atlantis.Framework.Geo.Interface.csproj
		SccProjectName5 = Atlantis.Framework.Geo.Interface
		SccLocalPath5 = Atlantis.Framework.Geo.Interface
		SccProjectUniqueName6 = Atlantis.Framework.Geo.Tests\\Atlantis.Framework.Geo.Tests.csproj
		SccProjectName6 = Atlantis.Framework.Geo.Tests
		SccLocalPath6 = Atlantis.Framework.Geo.Tests
	EndGlobalSection
	GlobalSection(SolutionConfigurationPlatforms) = preSolution
		Debug|Any CPU = Debug|Any CPU
		Release|Any CPU = Release|Any CPU
	EndGlobalSection
	GlobalSection(ProjectConfigurationPlatforms) = postSolution
		{A083A52E-C3C3-42E0-8DFD-54719E4C3B25}.Debug|Any CPU.ActiveCfg = Debug|Any CPU
		{A083A52E-C3C3-42E0-8DFD-54719E4C3B25}.Debug|Any CPU.Build.0 = Debug|Any CPU
		{A083A52E-C3C3-42E0-8DFD-54719E4C3B25}.Release|Any CPU.ActiveCfg = Release|Any CPU
		{A083A52E-C3C3-42E0-8DFD-54719E4C3B25}.Release|Any CPU.Build.0 = Release|Any CPU
		{D30157B2-C1B3-4073-BA5E-632E2337A997}.Debug|Any CPU.ActiveCfg = Debug|Any CPU
		{D30157B2-C1B3-4073-BA5E-632E2337A997}.Debug|Any CPU.Build.0 = Debug|Any CPU
		{D30157B2-C1B3-4073-BA5E-632E2337A997}.Release|Any CPU.ActiveCfg = Release|Any CPU
		{D30157B2-C1B3-4073-BA5E-632E2337A997}.Release|Any CPU.Build.0 = Release|Any CPU
		{3E299D3B-3C8D-455A-92A4-05FF6C60E6F3}.Debug|Any CPU.ActiveCfg = Debug|Any CPU
		{3E299D3B-3C8D-455A-92A4-05FF6C60E6F3}.Debug|Any CPU.Build.0 = Debug|Any CPU
		{3E299D3B-3C8D-455A-92A4-05FF6C60E6F3}.Release|Any CPU.ActiveCfg = Release|Any CPU
		{3E299D3B-3C8D-455A-92A4-05FF6C60E6F3}.Release|Any CPU.Build.0 = Release|Any CPU
		{27F0CD4D-3807-445B-AB34-2B96E7937492}.Debug|Any CPU.ActiveCfg = Debug|Any CPU
		{27F0CD4D-3807-445B-AB34-2B96E7937492}.Debug|Any CPU.Build.0 = Debug|Any CPU
		{27F0CD4D-3807-445B-AB34-2B96E7937492}.Release|Any CPU.ActiveCfg = Release|Any CPU
		{27F0CD4D-3807-445B-AB34-2B96E7937492}.Release|Any CPU.Build.0 = Release|Any CPU
		{95A7334D-A6EE-46D4-97C3-320E119ABC59}.Debug|Any CPU.ActiveCfg = Debug|Any CPU
		{95A7334D-A6EE-46D4-97C3-320E119ABC59}.Debug|Any CPU.Build.0 = Debug|Any CPU
		{95A7334D-A6EE-46D4-97C3-320E119ABC59}.Release|Any CPU.ActiveCfg = Release|Any CPU
		{95A7334D-A6EE-46D4-97C3-320E119ABC59}.Release|Any CPU.Build.0 = Release|Any CPU
		{229D7511-1C70-48C7-AF31-C60DDA43A7A3}.Debug|Any CPU.ActiveCfg = Debug|Any CPU
		{229D7511-1C70-48C7-AF31-C60DDA43A7A3}.Debug|Any CPU.Build.0 = Debug|Any CPU
		{229D7511-1C70-48C7-AF31-C60DDA43A7A3}.Release|Any CPU.ActiveCfg = Release|Any CPU
		{229D7511-1C70-48C7-AF31-C60DDA43A7A3}.Release|Any CPU.Build.0 = Release|Any CPU
	EndGlobalSection
	GlobalSection(SolutionProperties) = preSolution
		HideSolutionNode = FALSE
	EndGlobalSection
	GlobalSection(NestedProjects) = preSolution
		{A083A52E-C3C3-42E0-8DFD-54719E4C3B25} = {508F7E69-FE35-44D3-BE3E-942A9E890A74}
		{D30157B2-C1B3-4073-BA5E-632E2337A997} = {508F7E69-FE35-44D3-BE3E-942A9E890A74}
		{3E299D3B-3C8D-455A-92A4-05FF6C60E6F3} = {508F7E69-FE35-44D3-BE3E-942A9E890A74}
	EndGlobalSection
EndGlobal
