
Microsoft Visual Studio Solution File, Format Version 12.00
# Visual Studio 2012
Project("{2150E333-8FDC-42A3-9474-1A3956D46DE8}") = "Core", "Core", "{6F69C42D-1434-4749-ACF4-61996F78610A}"
EndProject
Project("{FAE04EC0-301F-11D3-BF4B-00C04F79EFBC}") = "Atlantis.Framework.RegDotTypeRegistry.Interface", "Atlantis.Framework.RegDotTypeRegistry.Interface\Atlantis.Framework.RegDotTypeRegistry.Interface.csproj", "{970B458C-3FDF-45D7-8B0E-3D8818907FFD}"
EndProject
Project("{FAE04EC0-301F-11D3-BF4B-00C04F79EFBC}") = "Atlantis.Framework.RegDotTypeRegistry.Impl", "Atlantis.Framework.RegDotTypeRegistry.Impl\Atlantis.Framework.RegDotTypeRegistry.Impl.csproj", "{B7560459-22ED-46D7-B32C-D49EA5B9F74A}"
EndProject
Project("{FAE04EC0-301F-11D3-BF4B-00C04F79EFBC}") = "Atlantis.Framework.RegDotTypeRegistry.Tests", "Atlantis.Framework.RegDotTypeRegistry.Tests\Atlantis.Framework.RegDotTypeRegistry.Tests.csproj", "{4201C978-24A2-4F56-A76D-E2FF5E557805}"
EndProject
Global
	GlobalSection(TeamFoundationVersionControl) = preSolution
		SccNumberOfProjects = 4
		SccEnterpriseProvider = {4CA58AB2-18FA-4F8D-95D4-32DDF27D184C}
		SccTeamFoundationServer = http://tfs2010:8080/tfs/gd
		SccLocalPath0 = .
		SccProjectUniqueName1 = Atlantis.Framework.RegDotTypeRegistry.Impl\\Atlantis.Framework.RegDotTypeRegistry.Impl.csproj
		SccProjectName1 = Atlantis.Framework.RegDotTypeRegistry.Impl
		SccLocalPath1 = Atlantis.Framework.RegDotTypeRegistry.Impl
		SccProjectUniqueName2 = Atlantis.Framework.RegDotTypeRegistry.Interface\\Atlantis.Framework.RegDotTypeRegistry.Interface.csproj
		SccProjectName2 = Atlantis.Framework.RegDotTypeRegistry.Interface
		SccLocalPath2 = Atlantis.Framework.RegDotTypeRegistry.Interface
		SccProjectUniqueName3 = Atlantis.Framework.RegDotTypeRegistry.Tests\\Atlantis.Framework.RegDotTypeRegistry.Tests.csproj
		SccProjectName3 = Atlantis.Framework.RegDotTypeRegistry.Tests
		SccLocalPath3 = Atlantis.Framework.RegDotTypeRegistry.Tests
	EndGlobalSection
	GlobalSection(SolutionConfigurationPlatforms) = preSolution
		Debug|Any CPU = Debug|Any CPU
		Release|Any CPU = Release|Any CPU
	EndGlobalSection
	GlobalSection(ProjectConfigurationPlatforms) = postSolution
		{970B458C-3FDF-45D7-8B0E-3D8818907FFD}.Debug|Any CPU.ActiveCfg = Debug|Any CPU
		{970B458C-3FDF-45D7-8B0E-3D8818907FFD}.Debug|Any CPU.Build.0 = Debug|Any CPU
		{970B458C-3FDF-45D7-8B0E-3D8818907FFD}.Release|Any CPU.ActiveCfg = Release|Any CPU
		{970B458C-3FDF-45D7-8B0E-3D8818907FFD}.Release|Any CPU.Build.0 = Release|Any CPU
		{B7560459-22ED-46D7-B32C-D49EA5B9F74A}.Debug|Any CPU.ActiveCfg = Debug|Any CPU
		{B7560459-22ED-46D7-B32C-D49EA5B9F74A}.Debug|Any CPU.Build.0 = Debug|Any CPU
		{B7560459-22ED-46D7-B32C-D49EA5B9F74A}.Release|Any CPU.ActiveCfg = Release|Any CPU
		{B7560459-22ED-46D7-B32C-D49EA5B9F74A}.Release|Any CPU.Build.0 = Release|Any CPU
		{4201C978-24A2-4F56-A76D-E2FF5E557805}.Debug|Any CPU.ActiveCfg = Debug|Any CPU
		{4201C978-24A2-4F56-A76D-E2FF5E557805}.Debug|Any CPU.Build.0 = Debug|Any CPU
		{4201C978-24A2-4F56-A76D-E2FF5E557805}.Release|Any CPU.ActiveCfg = Release|Any CPU
		{4201C978-24A2-4F56-A76D-E2FF5E557805}.Release|Any CPU.Build.0 = Release|Any CPU
	EndGlobalSection
	GlobalSection(SolutionProperties) = preSolution
		HideSolutionNode = FALSE
	EndGlobalSection
EndGlobal
