
Microsoft Visual Studio Solution File, Format Version 12.00
# Visual Studio 2012
Project("{FAE04EC0-301F-11D3-BF4B-00C04F79EFBC}") = "Atlantis.Framework.MyaMirageData.Impl", "Atlantis.Framework.MyaMirageData.Impl\Atlantis.Framework.MyaMirageData.Impl.csproj", "{B6DFB2CC-BECA-4AF6-9B10-0D4BDBEEAE98}"
EndProject
Project("{FAE04EC0-301F-11D3-BF4B-00C04F79EFBC}") = "Atlantis.Framework.MyaMirageData.Interface", "Atlantis.Framework.MyaMirageData.Interface\Atlantis.Framework.MyaMirageData.Interface.csproj", "{54FFFE85-22B9-49F1-B244-CB3FE5591416}"
EndProject
Project("{FAE04EC0-301F-11D3-BF4B-00C04F79EFBC}") = "Atlantis.Framework.MyaMirageData.Tests", "Atlantis.Framework.MyaMirageData.Tests\Atlantis.Framework.MyaMirageData.Tests.csproj", "{DF84DB73-E1A9-4248-BE51-69E8D02B2C78}"
EndProject
Global
	GlobalSection(TeamFoundationVersionControl) = preSolution
		SccNumberOfProjects = 4
		SccEnterpriseProvider = {4CA58AB2-18FA-4F8D-95D4-32DDF27D184C}
		SccTeamFoundationServer = http://tfs2010:8080/tfs/gd
		SccLocalPath0 = .
		SccProjectUniqueName1 = Atlantis.Framework.MyaMirageData.Impl\\Atlantis.Framework.MyaMirageData.Impl.csproj
		SccProjectName1 = Atlantis.Framework.MyaMirageData.Impl
		SccLocalPath1 = Atlantis.Framework.MyaMirageData.Impl
		SccProjectUniqueName2 = Atlantis.Framework.MyaMirageData.Interface\\Atlantis.Framework.MyaMirageData.Interface.csproj
		SccProjectName2 = Atlantis.Framework.MyaMirageData.Interface
		SccLocalPath2 = Atlantis.Framework.MyaMirageData.Interface
		SccProjectUniqueName3 = Atlantis.Framework.MyaMirageData.Tests\\Atlantis.Framework.MyaMirageData.Tests.csproj
		SccProjectName3 = Atlantis.Framework.MyaMirageData.Tests
		SccLocalPath3 = Atlantis.Framework.MyaMirageData.Tests
	EndGlobalSection
	GlobalSection(SolutionConfigurationPlatforms) = preSolution
		Debug|Any CPU = Debug|Any CPU
		Release|Any CPU = Release|Any CPU
	EndGlobalSection
	GlobalSection(ProjectConfigurationPlatforms) = postSolution
		{B6DFB2CC-BECA-4AF6-9B10-0D4BDBEEAE98}.Debug|Any CPU.ActiveCfg = Debug|Any CPU
		{B6DFB2CC-BECA-4AF6-9B10-0D4BDBEEAE98}.Debug|Any CPU.Build.0 = Debug|Any CPU
		{B6DFB2CC-BECA-4AF6-9B10-0D4BDBEEAE98}.Release|Any CPU.ActiveCfg = Release|Any CPU
		{B6DFB2CC-BECA-4AF6-9B10-0D4BDBEEAE98}.Release|Any CPU.Build.0 = Release|Any CPU
		{54FFFE85-22B9-49F1-B244-CB3FE5591416}.Debug|Any CPU.ActiveCfg = Debug|Any CPU
		{54FFFE85-22B9-49F1-B244-CB3FE5591416}.Debug|Any CPU.Build.0 = Debug|Any CPU
		{54FFFE85-22B9-49F1-B244-CB3FE5591416}.Release|Any CPU.ActiveCfg = Release|Any CPU
		{54FFFE85-22B9-49F1-B244-CB3FE5591416}.Release|Any CPU.Build.0 = Release|Any CPU
		{DF84DB73-E1A9-4248-BE51-69E8D02B2C78}.Debug|Any CPU.ActiveCfg = Debug|Any CPU
		{DF84DB73-E1A9-4248-BE51-69E8D02B2C78}.Debug|Any CPU.Build.0 = Debug|Any CPU
		{DF84DB73-E1A9-4248-BE51-69E8D02B2C78}.Release|Any CPU.ActiveCfg = Release|Any CPU
		{DF84DB73-E1A9-4248-BE51-69E8D02B2C78}.Release|Any CPU.Build.0 = Release|Any CPU
	EndGlobalSection
	GlobalSection(SolutionProperties) = preSolution
		HideSolutionNode = FALSE
	EndGlobalSection
EndGlobal
