
Microsoft Visual Studio Solution File, Format Version 12.00
# Visual Studio 2012
Project("{2150E333-8FDC-42A3-9474-1A3956D46DE8}") = "Core", "Core", "{2F3ABB1B-90E1-4602-AE8E-BE8B26502B38}"
EndProject
Project("{FAE04EC0-301F-11D3-BF4B-00C04F79EFBC}") = "Atlantis.Framework.Interface", "..\Atlantis.Framework.Engine\Atlantis.Framework.Interface\Atlantis.Framework.Interface.csproj", "{A083A52E-C3C3-42E0-8DFD-54719E4C3B25}"
EndProject
Project("{FAE04EC0-301F-11D3-BF4B-00C04F79EFBC}") = "Atlantis.Framework.Providers.ProxyContext", "Atlantis.Framework.Providers.ProxyContext\Atlantis.Framework.Providers.ProxyContext.csproj", "{016D33CB-E21F-430C-B793-4E345D2837BF}"
EndProject
Project("{FAE04EC0-301F-11D3-BF4B-00C04F79EFBC}") = "Atlantis.Framework.Testing.MockHttpContext", "..\Atlantis.Framework.Testing\Atlantis.Framework.Testing.MockHttpContext\Atlantis.Framework.Testing.MockHttpContext.csproj", "{2F8983B4-801B-461A-9D76-26A58A496261}"
EndProject
Project("{FAE04EC0-301F-11D3-BF4B-00C04F79EFBC}") = "Atlantis.Framework.DataCache", "..\Atlantis.Framework.DataCache\Atlantis.Framework.DataCache\Atlantis.Framework.DataCache.csproj", "{7F2738F8-683C-49E7-88CD-E986C70F0321}"
EndProject
Project("{FAE04EC0-301F-11D3-BF4B-00C04F79EFBC}") = "Atlantis.Framework.Engine", "..\Atlantis.Framework.Engine\Atlantis.Framework.Engine\Atlantis.Framework.Engine.csproj", "{D30157B2-C1B3-4073-BA5E-632E2337A997}"
EndProject
Project("{FAE04EC0-301F-11D3-BF4B-00C04F79EFBC}") = "Atlantis.Framework.Providers.ProxyContext.Tests", "Atlantis.Framework.Providers.ProxyContext.Tests\Atlantis.Framework.Providers.ProxyContext.Tests.csproj", "{E99F067F-C8A9-4F00-8542-10B5E85A8601}"
EndProject
Project("{2150E333-8FDC-42A3-9474-1A3956D46DE8}") = "Solution Items", "Solution Items", "{81E08713-1569-45A8-9741-5123AB1A5B74}"
	ProjectSection(SolutionItems) = preProject
		Atlantis.Framework.Providers.ProxyContext.vsmdi = Atlantis.Framework.Providers.ProxyContext.vsmdi
		Local.testsettings = Local.testsettings
		TraceAndTestImpact.testsettings = TraceAndTestImpact.testsettings
	EndProjectSection
EndProject
Project("{FAE04EC0-301F-11D3-BF4B-00C04F79EFBC}") = "Atlantis.Framework.Testing.MockProviders", "..\Atlantis.Framework.Testing\Atlantis.Framework.Testing.MockProviders\Atlantis.Framework.Testing.MockProviders.csproj", "{5487DEF2-0FA7-4B77-9AAD-0355784589D6}"
EndProject
Project("{FAE04EC0-301F-11D3-BF4B-00C04F79EFBC}") = "Atlantis.Framework.DataCacheService", "..\Atlantis.Framework.DataCache\Atlantis.Framework.DataCacheService\Atlantis.Framework.DataCacheService.csproj", "{3E299D3B-3C8D-455A-92A4-05FF6C60E6F3}"
EndProject
Project("{FAE04EC0-301F-11D3-BF4B-00C04F79EFBC}") = "Atlantis.Framework.Providers.Containers", "..\Atlantis.Framework.Providers.Containers\Atlantis.Framework.Providers.Containers\Atlantis.Framework.Providers.Containers.csproj", "{C333E679-494E-422D-AB5E-E4C0EC94ACD5}"
EndProject
Project("{FAE04EC0-301F-11D3-BF4B-00C04F79EFBC}") = "Atlantis.Framework.Providers.Preferences.Interface", "..\Atlantis.Framework.Providers.Preferences\Atlantis.Framework.Providers.Preferences.Interface\Atlantis.Framework.Providers.Preferences.Interface.csproj", "{1A50E3B8-4A5C-4E48-BAD4-17C5092F0DDE}"
EndProject
Project("{FAE04EC0-301F-11D3-BF4B-00C04F79EFBC}") = "Atlantis.Framework.AppSettings.Interface", "..\Atlantis.Framework.AppSettings\Atlantis.Framework.AppSettings.Interface\Atlantis.Framework.AppSettings.Interface.csproj", "{638F2820-0CA4-43C1-8712-1823704389D3}"
EndProject
Project("{FAE04EC0-301F-11D3-BF4B-00C04F79EFBC}") = "Atlantis.Framework.AppSettings.Impl", "..\Atlantis.Framework.AppSettings\Atlantis.Framework.AppSettings.Impl\Atlantis.Framework.AppSettings.Impl.csproj", "{1F866BC2-A3D5-4042-ABAA-B90CDC575DFF}"
EndProject
Global
	GlobalSection(TeamFoundationVersionControl) = preSolution
		SccNumberOfProjects = 13
		SccEnterpriseProvider = {4CA58AB2-18FA-4F8D-95D4-32DDF27D184C}
		SccTeamFoundationServer = http://tfs2010:8080/tfs/gd
		SccLocalPath0 = .
		SccProjectUniqueName1 = ..\\Atlantis.Framework.Engine\\Atlantis.Framework.Interface\\Atlantis.Framework.Interface.csproj
		SccProjectTopLevelParentUniqueName1 = Atlantis.Framework.Providers.ProxyContext.sln
		SccProjectName1 = ../Atlantis.Framework.Engine/Atlantis.Framework.Interface
		SccLocalPath1 = ..\\Atlantis.Framework.Engine\\Atlantis.Framework.Interface
		SccProjectUniqueName2 = Atlantis.Framework.Providers.ProxyContext\\Atlantis.Framework.Providers.ProxyContext.csproj
		SccProjectName2 = Atlantis.Framework.Providers.ProxyContext
		SccLocalPath2 = Atlantis.Framework.Providers.ProxyContext
		SccProjectUniqueName3 = ..\\Atlantis.Framework.Testing\\Atlantis.Framework.Testing.MockHttpContext\\Atlantis.Framework.Testing.MockHttpContext.csproj
		SccProjectTopLevelParentUniqueName3 = Atlantis.Framework.Providers.ProxyContext.sln
		SccProjectName3 = ../Atlantis.Framework.Testing/Atlantis.Framework.Testing.MockHttpContext
		SccLocalPath3 = ..\\Atlantis.Framework.Testing\\Atlantis.Framework.Testing.MockHttpContext
		SccProjectUniqueName4 = ..\\Atlantis.Framework.DataCache\\Atlantis.Framework.DataCache\\Atlantis.Framework.DataCache.csproj
		SccProjectTopLevelParentUniqueName4 = Atlantis.Framework.Providers.ProxyContext.sln
		SccProjectName4 = ../Atlantis.Framework.DataCache/Atlantis.Framework.DataCache
		SccLocalPath4 = ..\\Atlantis.Framework.DataCache\\Atlantis.Framework.DataCache
		SccProjectUniqueName5 = ..\\Atlantis.Framework.Engine\\Atlantis.Framework.Engine\\Atlantis.Framework.Engine.csproj
		SccProjectTopLevelParentUniqueName5 = Atlantis.Framework.Providers.ProxyContext.sln
		SccProjectName5 = ../Atlantis.Framework.Engine/Atlantis.Framework.Engine
		SccLocalPath5 = ..\\Atlantis.Framework.Engine\\Atlantis.Framework.Engine
		SccProjectUniqueName6 = Atlantis.Framework.Providers.ProxyContext.Tests\\Atlantis.Framework.Providers.ProxyContext.Tests.csproj
		SccProjectName6 = Atlantis.Framework.Providers.ProxyContext.Tests
		SccLocalPath6 = Atlantis.Framework.Providers.ProxyContext.Tests
		SccProjectUniqueName7 = ..\\Atlantis.Framework.Testing\\Atlantis.Framework.Testing.MockProviders\\Atlantis.Framework.Testing.MockProviders.csproj
		SccProjectTopLevelParentUniqueName7 = Atlantis.Framework.Providers.ProxyContext.sln
		SccProjectName7 = ../Atlantis.Framework.Testing/Atlantis.Framework.Testing.MockProviders
		SccLocalPath7 = ..\\Atlantis.Framework.Testing\\Atlantis.Framework.Testing.MockProviders
		SccProjectUniqueName8 = ..\\Atlantis.Framework.DataCache\\Atlantis.Framework.DataCacheService\\Atlantis.Framework.DataCacheService.csproj
		SccProjectTopLevelParentUniqueName8 = Atlantis.Framework.Providers.ProxyContext.sln
		SccProjectName8 = ../Atlantis.Framework.DataCache/Atlantis.Framework.DataCacheService
		SccLocalPath8 = ..\\Atlantis.Framework.DataCache\\Atlantis.Framework.DataCacheService
		SccProjectUniqueName9 = ..\\Atlantis.Framework.Providers.Containers\\Atlantis.Framework.Providers.Containers\\Atlantis.Framework.Providers.Containers.csproj
		SccProjectTopLevelParentUniqueName9 = Atlantis.Framework.Providers.ProxyContext.sln
		SccProjectName9 = ../Atlantis.Framework.Providers.Containers/Atlantis.Framework.Providers.Containers
		SccLocalPath9 = ..\\Atlantis.Framework.Providers.Containers\\Atlantis.Framework.Providers.Containers
		SccProjectUniqueName10 = ..\\Atlantis.Framework.Providers.Preferences\\Atlantis.Framework.Providers.Preferences.Interface\\Atlantis.Framework.Providers.Preferences.Interface.csproj
		SccProjectTopLevelParentUniqueName10 = Atlantis.Framework.Providers.ProxyContext.sln
		SccProjectName10 = ../Atlantis.Framework.Providers.Preferences/Atlantis.Framework.Providers.Preferences.Interface
		SccLocalPath10 = ..\\Atlantis.Framework.Providers.Preferences\\Atlantis.Framework.Providers.Preferences.Interface
		SccProjectUniqueName11 = ..\\Atlantis.Framework.AppSettings\\Atlantis.Framework.AppSettings.Interface\\Atlantis.Framework.AppSettings.Interface.csproj
		SccProjectTopLevelParentUniqueName11 = Atlantis.Framework.Providers.ProxyContext.sln
		SccProjectName11 = ../Atlantis.Framework.AppSettings/Atlantis.Framework.AppSettings.Interface
		SccLocalPath11 = ..\\Atlantis.Framework.AppSettings\\Atlantis.Framework.AppSettings.Interface
		SccProjectUniqueName12 = ..\\Atlantis.Framework.AppSettings\\Atlantis.Framework.AppSettings.Impl\\Atlantis.Framework.AppSettings.Impl.csproj
		SccProjectTopLevelParentUniqueName12 = Atlantis.Framework.Providers.ProxyContext.sln
		SccProjectName12 = ../Atlantis.Framework.AppSettings/Atlantis.Framework.AppSettings.Impl
		SccLocalPath12 = ..\\Atlantis.Framework.AppSettings\\Atlantis.Framework.AppSettings.Impl
	EndGlobalSection
	GlobalSection(TestCaseManagementSettings) = postSolution
		CategoryFile = Atlantis.Framework.Providers.ProxyContext.vsmdi
	EndGlobalSection
	GlobalSection(SolutionConfigurationPlatforms) = preSolution
		Debug|Any CPU = Debug|Any CPU
		Release|Any CPU = Release|Any CPU
	EndGlobalSection
	GlobalSection(ProjectConfigurationPlatforms) = postSolution
		{A083A52E-C3C3-42E0-8DFD-54719E4C3B25}.Debug|Any CPU.ActiveCfg = Debug|Any CPU
		{A083A52E-C3C3-42E0-8DFD-54719E4C3B25}.Debug|Any CPU.Build.0 = Debug|Any CPU
		{A083A52E-C3C3-42E0-8DFD-54719E4C3B25}.Release|Any CPU.ActiveCfg = Release|Any CPU
		{A083A52E-C3C3-42E0-8DFD-54719E4C3B25}.Release|Any CPU.Build.0 = Release|Any CPU
		{016D33CB-E21F-430C-B793-4E345D2837BF}.Debug|Any CPU.ActiveCfg = Debug|Any CPU
		{016D33CB-E21F-430C-B793-4E345D2837BF}.Debug|Any CPU.Build.0 = Debug|Any CPU
		{016D33CB-E21F-430C-B793-4E345D2837BF}.Release|Any CPU.ActiveCfg = Release|Any CPU
		{016D33CB-E21F-430C-B793-4E345D2837BF}.Release|Any CPU.Build.0 = Release|Any CPU
		{2F8983B4-801B-461A-9D76-26A58A496261}.Debug|Any CPU.ActiveCfg = Debug|Any CPU
		{2F8983B4-801B-461A-9D76-26A58A496261}.Debug|Any CPU.Build.0 = Debug|Any CPU
		{2F8983B4-801B-461A-9D76-26A58A496261}.Release|Any CPU.ActiveCfg = Release|Any CPU
		{2F8983B4-801B-461A-9D76-26A58A496261}.Release|Any CPU.Build.0 = Release|Any CPU
		{7F2738F8-683C-49E7-88CD-E986C70F0321}.Debug|Any CPU.ActiveCfg = Debug|Any CPU
		{7F2738F8-683C-49E7-88CD-E986C70F0321}.Debug|Any CPU.Build.0 = Debug|Any CPU
		{7F2738F8-683C-49E7-88CD-E986C70F0321}.Release|Any CPU.ActiveCfg = Release|Any CPU
		{7F2738F8-683C-49E7-88CD-E986C70F0321}.Release|Any CPU.Build.0 = Release|Any CPU
		{D30157B2-C1B3-4073-BA5E-632E2337A997}.Debug|Any CPU.ActiveCfg = Debug|Any CPU
		{D30157B2-C1B3-4073-BA5E-632E2337A997}.Debug|Any CPU.Build.0 = Debug|Any CPU
		{D30157B2-C1B3-4073-BA5E-632E2337A997}.Release|Any CPU.ActiveCfg = Release|Any CPU
		{D30157B2-C1B3-4073-BA5E-632E2337A997}.Release|Any CPU.Build.0 = Release|Any CPU
		{E99F067F-C8A9-4F00-8542-10B5E85A8601}.Debug|Any CPU.ActiveCfg = Debug|Any CPU
		{E99F067F-C8A9-4F00-8542-10B5E85A8601}.Debug|Any CPU.Build.0 = Debug|Any CPU
		{E99F067F-C8A9-4F00-8542-10B5E85A8601}.Release|Any CPU.ActiveCfg = Release|Any CPU
		{E99F067F-C8A9-4F00-8542-10B5E85A8601}.Release|Any CPU.Build.0 = Release|Any CPU
		{5487DEF2-0FA7-4B77-9AAD-0355784589D6}.Debug|Any CPU.ActiveCfg = Debug|Any CPU
		{5487DEF2-0FA7-4B77-9AAD-0355784589D6}.Debug|Any CPU.Build.0 = Debug|Any CPU
		{5487DEF2-0FA7-4B77-9AAD-0355784589D6}.Release|Any CPU.ActiveCfg = Release|Any CPU
		{5487DEF2-0FA7-4B77-9AAD-0355784589D6}.Release|Any CPU.Build.0 = Release|Any CPU
		{3E299D3B-3C8D-455A-92A4-05FF6C60E6F3}.Debug|Any CPU.ActiveCfg = Debug|Any CPU
		{3E299D3B-3C8D-455A-92A4-05FF6C60E6F3}.Debug|Any CPU.Build.0 = Debug|Any CPU
		{3E299D3B-3C8D-455A-92A4-05FF6C60E6F3}.Release|Any CPU.ActiveCfg = Release|Any CPU
		{3E299D3B-3C8D-455A-92A4-05FF6C60E6F3}.Release|Any CPU.Build.0 = Release|Any CPU
		{C333E679-494E-422D-AB5E-E4C0EC94ACD5}.Debug|Any CPU.ActiveCfg = Debug|Any CPU
		{C333E679-494E-422D-AB5E-E4C0EC94ACD5}.Debug|Any CPU.Build.0 = Debug|Any CPU
		{C333E679-494E-422D-AB5E-E4C0EC94ACD5}.Release|Any CPU.ActiveCfg = Release|Any CPU
		{C333E679-494E-422D-AB5E-E4C0EC94ACD5}.Release|Any CPU.Build.0 = Release|Any CPU
		{1A50E3B8-4A5C-4E48-BAD4-17C5092F0DDE}.Debug|Any CPU.ActiveCfg = Debug|Any CPU
		{1A50E3B8-4A5C-4E48-BAD4-17C5092F0DDE}.Debug|Any CPU.Build.0 = Debug|Any CPU
		{1A50E3B8-4A5C-4E48-BAD4-17C5092F0DDE}.Release|Any CPU.ActiveCfg = Release|Any CPU
		{1A50E3B8-4A5C-4E48-BAD4-17C5092F0DDE}.Release|Any CPU.Build.0 = Release|Any CPU
		{638F2820-0CA4-43C1-8712-1823704389D3}.Debug|Any CPU.ActiveCfg = Debug|Any CPU
		{638F2820-0CA4-43C1-8712-1823704389D3}.Debug|Any CPU.Build.0 = Debug|Any CPU
		{638F2820-0CA4-43C1-8712-1823704389D3}.Release|Any CPU.ActiveCfg = Release|Any CPU
		{638F2820-0CA4-43C1-8712-1823704389D3}.Release|Any CPU.Build.0 = Release|Any CPU
		{1F866BC2-A3D5-4042-ABAA-B90CDC575DFF}.Debug|Any CPU.ActiveCfg = Debug|Any CPU
		{1F866BC2-A3D5-4042-ABAA-B90CDC575DFF}.Debug|Any CPU.Build.0 = Debug|Any CPU
		{1F866BC2-A3D5-4042-ABAA-B90CDC575DFF}.Release|Any CPU.ActiveCfg = Release|Any CPU
		{1F866BC2-A3D5-4042-ABAA-B90CDC575DFF}.Release|Any CPU.Build.0 = Release|Any CPU
	EndGlobalSection
	GlobalSection(SolutionProperties) = preSolution
		HideSolutionNode = FALSE
	EndGlobalSection
	GlobalSection(NestedProjects) = preSolution
		{A083A52E-C3C3-42E0-8DFD-54719E4C3B25} = {2F3ABB1B-90E1-4602-AE8E-BE8B26502B38}
		{2F8983B4-801B-461A-9D76-26A58A496261} = {2F3ABB1B-90E1-4602-AE8E-BE8B26502B38}
		{7F2738F8-683C-49E7-88CD-E986C70F0321} = {2F3ABB1B-90E1-4602-AE8E-BE8B26502B38}
		{D30157B2-C1B3-4073-BA5E-632E2337A997} = {2F3ABB1B-90E1-4602-AE8E-BE8B26502B38}
		{5487DEF2-0FA7-4B77-9AAD-0355784589D6} = {2F3ABB1B-90E1-4602-AE8E-BE8B26502B38}
		{3E299D3B-3C8D-455A-92A4-05FF6C60E6F3} = {2F3ABB1B-90E1-4602-AE8E-BE8B26502B38}
		{C333E679-494E-422D-AB5E-E4C0EC94ACD5} = {2F3ABB1B-90E1-4602-AE8E-BE8B26502B38}
		{1A50E3B8-4A5C-4E48-BAD4-17C5092F0DDE} = {2F3ABB1B-90E1-4602-AE8E-BE8B26502B38}
		{638F2820-0CA4-43C1-8712-1823704389D3} = {2F3ABB1B-90E1-4602-AE8E-BE8B26502B38}
		{1F866BC2-A3D5-4042-ABAA-B90CDC575DFF} = {2F3ABB1B-90E1-4602-AE8E-BE8B26502B38}
	EndGlobalSection
EndGlobal
