
Microsoft Visual Studio Solution File, Format Version 11.00
# Visual Studio 2010
Project("{2150E333-8FDC-42A3-9474-1A3956D46DE8}") = "Core", "Core", "{C9520C68-32F3-4322-B089-3EACEA925CEC}"
EndProject
Project("{FAE04EC0-301F-11D3-BF4B-00C04F79EFBC}") = "Atlantis.Framework.Interface", "..\Atlantis.Framework.Engine\Atlantis.Framework.Interface\Atlantis.Framework.Interface.csproj", "{A083A52E-C3C3-42E0-8DFD-54719E4C3B25}"
EndProject
Project("{FAE04EC0-301F-11D3-BF4B-00C04F79EFBC}") = "Atlantis.Framework.Engine", "..\Atlantis.Framework.Engine\Atlantis.Framework.Engine\Atlantis.Framework.Engine.csproj", "{D30157B2-C1B3-4073-BA5E-632E2337A997}"
EndProject
Project("{FAE04EC0-301F-11D3-BF4B-00C04F79EFBC}") = "Atlantis.Framework.DataCache", "Atlantis.Framework.DataCache\Atlantis.Framework.DataCache.csproj", "{7F2738F8-683C-49E7-88CD-E986C70F0321}"
EndProject
Project("{FAE04EC0-301F-11D3-BF4B-00C04F79EFBC}") = "Atlantis.Framework.DataCache.Tests", "Atlantis.Framework.DataCache.Tests\Atlantis.Framework.DataCache.Tests.csproj", "{7E936C5C-6C32-45A0-AA59-8F21E35CD0F1}"
EndProject
Project("{2150E333-8FDC-42A3-9474-1A3956D46DE8}") = "Solution Items", "Solution Items", "{CAC50D8E-774E-4E73-83A2-C1487B762CD1}"
	ProjectSection(SolutionItems) = preProject
		Atlantis.Framework.DataCache.vsmdi = Atlantis.Framework.DataCache.vsmdi
		Local.testsettings = Local.testsettings
		TraceAndTestImpact.testsettings = TraceAndTestImpact.testsettings
	EndProjectSection
EndProject
Project("{FAE04EC0-301F-11D3-BF4B-00C04F79EFBC}") = "Atlantis.Framework.DataCache.LoadTest", "Atlantis.Framework.DataCache.LoadTest\Atlantis.Framework.DataCache.LoadTest.csproj", "{EBEE76E5-8FC7-431D-8097-AC87EB154068}"
EndProject
Global
	GlobalSection(TeamFoundationVersionControl) = preSolution
		SccNumberOfProjects = 6
		SccEnterpriseProvider = {4CA58AB2-18FA-4F8D-95D4-32DDF27D184C}
		SccTeamFoundationServer = http://tfs:8080/
		SccLocalPath0 = .
		SccProjectUniqueName1 = ..\\Atlantis.Framework.Engine\\Atlantis.Framework.Interface\\Atlantis.Framework.Interface.csproj
		SccProjectTopLevelParentUniqueName1 = Atlantis.Framework.DataCache.sln
		SccProjectName1 = ../Atlantis.Framework.Engine/Atlantis.Framework.Interface
		SccLocalPath1 = ..\\Atlantis.Framework.Engine\\Atlantis.Framework.Interface
		SccProjectUniqueName2 = ..\\Atlantis.Framework.Engine\\Atlantis.Framework.Engine\\Atlantis.Framework.Engine.csproj
		SccProjectTopLevelParentUniqueName2 = Atlantis.Framework.DataCache.sln
		SccProjectName2 = ../Atlantis.Framework.Engine/Atlantis.Framework.Engine
		SccLocalPath2 = ..\\Atlantis.Framework.Engine\\Atlantis.Framework.Engine
		SccProjectUniqueName3 = Atlantis.Framework.DataCache\\Atlantis.Framework.DataCache.csproj
		SccProjectName3 = Atlantis.Framework.DataCache
		SccLocalPath3 = Atlantis.Framework.DataCache
		SccProjectUniqueName4 = Atlantis.Framework.DataCache.Tests\\Atlantis.Framework.DataCache.Tests.csproj
		SccProjectName4 = Atlantis.Framework.DataCache.Tests
		SccLocalPath4 = Atlantis.Framework.DataCache.Tests
		SccProjectUniqueName5 = Atlantis.Framework.DataCache.LoadTest\\Atlantis.Framework.DataCache.LoadTest.csproj
		SccProjectName5 = Atlantis.Framework.DataCache.LoadTest
		SccLocalPath5 = Atlantis.Framework.DataCache.LoadTest
	EndGlobalSection
	GlobalSection(TestCaseManagementSettings) = postSolution
		CategoryFile = Atlantis.Framework.DataCache.vsmdi
	EndGlobalSection
	GlobalSection(SolutionConfigurationPlatforms) = preSolution
		Debug|Any CPU = Debug|Any CPU
		Debug|Mixed Platforms = Debug|Mixed Platforms
		Debug|x86 = Debug|x86
		Release|Any CPU = Release|Any CPU
		Release|Mixed Platforms = Release|Mixed Platforms
		Release|x86 = Release|x86
	EndGlobalSection
	GlobalSection(ProjectConfigurationPlatforms) = postSolution
		{A083A52E-C3C3-42E0-8DFD-54719E4C3B25}.Debug|Any CPU.ActiveCfg = Debug|Any CPU
		{A083A52E-C3C3-42E0-8DFD-54719E4C3B25}.Debug|Any CPU.Build.0 = Debug|Any CPU
		{A083A52E-C3C3-42E0-8DFD-54719E4C3B25}.Debug|Mixed Platforms.ActiveCfg = Debug|Any CPU
		{A083A52E-C3C3-42E0-8DFD-54719E4C3B25}.Debug|Mixed Platforms.Build.0 = Debug|Any CPU
		{A083A52E-C3C3-42E0-8DFD-54719E4C3B25}.Debug|x86.ActiveCfg = Debug|Any CPU
		{A083A52E-C3C3-42E0-8DFD-54719E4C3B25}.Release|Any CPU.ActiveCfg = Release|Any CPU
		{A083A52E-C3C3-42E0-8DFD-54719E4C3B25}.Release|Any CPU.Build.0 = Release|Any CPU
		{A083A52E-C3C3-42E0-8DFD-54719E4C3B25}.Release|Mixed Platforms.ActiveCfg = Release|Any CPU
		{A083A52E-C3C3-42E0-8DFD-54719E4C3B25}.Release|Mixed Platforms.Build.0 = Release|Any CPU
		{A083A52E-C3C3-42E0-8DFD-54719E4C3B25}.Release|x86.ActiveCfg = Release|Any CPU
		{D30157B2-C1B3-4073-BA5E-632E2337A997}.Debug|Any CPU.ActiveCfg = Debug|Any CPU
		{D30157B2-C1B3-4073-BA5E-632E2337A997}.Debug|Any CPU.Build.0 = Debug|Any CPU
		{D30157B2-C1B3-4073-BA5E-632E2337A997}.Debug|Mixed Platforms.ActiveCfg = Debug|Any CPU
		{D30157B2-C1B3-4073-BA5E-632E2337A997}.Debug|Mixed Platforms.Build.0 = Debug|Any CPU
		{D30157B2-C1B3-4073-BA5E-632E2337A997}.Debug|x86.ActiveCfg = Debug|Any CPU
		{D30157B2-C1B3-4073-BA5E-632E2337A997}.Release|Any CPU.ActiveCfg = Release|Any CPU
		{D30157B2-C1B3-4073-BA5E-632E2337A997}.Release|Any CPU.Build.0 = Release|Any CPU
		{D30157B2-C1B3-4073-BA5E-632E2337A997}.Release|Mixed Platforms.ActiveCfg = Release|Any CPU
		{D30157B2-C1B3-4073-BA5E-632E2337A997}.Release|Mixed Platforms.Build.0 = Release|Any CPU
		{D30157B2-C1B3-4073-BA5E-632E2337A997}.Release|x86.ActiveCfg = Release|Any CPU
		{7F2738F8-683C-49E7-88CD-E986C70F0321}.Debug|Any CPU.ActiveCfg = Debug|Any CPU
		{7F2738F8-683C-49E7-88CD-E986C70F0321}.Debug|Any CPU.Build.0 = Debug|Any CPU
		{7F2738F8-683C-49E7-88CD-E986C70F0321}.Debug|Mixed Platforms.ActiveCfg = Debug|Any CPU
		{7F2738F8-683C-49E7-88CD-E986C70F0321}.Debug|Mixed Platforms.Build.0 = Debug|Any CPU
		{7F2738F8-683C-49E7-88CD-E986C70F0321}.Debug|x86.ActiveCfg = Debug|Any CPU
		{7F2738F8-683C-49E7-88CD-E986C70F0321}.Release|Any CPU.ActiveCfg = Release|Any CPU
		{7F2738F8-683C-49E7-88CD-E986C70F0321}.Release|Any CPU.Build.0 = Release|Any CPU
		{7F2738F8-683C-49E7-88CD-E986C70F0321}.Release|Mixed Platforms.ActiveCfg = Release|Any CPU
		{7F2738F8-683C-49E7-88CD-E986C70F0321}.Release|Mixed Platforms.Build.0 = Release|Any CPU
		{7F2738F8-683C-49E7-88CD-E986C70F0321}.Release|x86.ActiveCfg = Release|Any CPU
		{7E936C5C-6C32-45A0-AA59-8F21E35CD0F1}.Debug|Any CPU.ActiveCfg = Debug|Any CPU
		{7E936C5C-6C32-45A0-AA59-8F21E35CD0F1}.Debug|Any CPU.Build.0 = Debug|Any CPU
		{7E936C5C-6C32-45A0-AA59-8F21E35CD0F1}.Debug|Mixed Platforms.ActiveCfg = Debug|Any CPU
		{7E936C5C-6C32-45A0-AA59-8F21E35CD0F1}.Debug|Mixed Platforms.Build.0 = Debug|Any CPU
		{7E936C5C-6C32-45A0-AA59-8F21E35CD0F1}.Debug|x86.ActiveCfg = Debug|Any CPU
		{7E936C5C-6C32-45A0-AA59-8F21E35CD0F1}.Release|Any CPU.ActiveCfg = Release|Any CPU
		{7E936C5C-6C32-45A0-AA59-8F21E35CD0F1}.Release|Any CPU.Build.0 = Release|Any CPU
		{7E936C5C-6C32-45A0-AA59-8F21E35CD0F1}.Release|Mixed Platforms.ActiveCfg = Release|Any CPU
		{7E936C5C-6C32-45A0-AA59-8F21E35CD0F1}.Release|Mixed Platforms.Build.0 = Release|Any CPU
		{7E936C5C-6C32-45A0-AA59-8F21E35CD0F1}.Release|x86.ActiveCfg = Release|Any CPU
		{EBEE76E5-8FC7-431D-8097-AC87EB154068}.Debug|Any CPU.ActiveCfg = Debug|x86
		{EBEE76E5-8FC7-431D-8097-AC87EB154068}.Debug|Mixed Platforms.ActiveCfg = Debug|x86
		{EBEE76E5-8FC7-431D-8097-AC87EB154068}.Debug|Mixed Platforms.Build.0 = Debug|x86
		{EBEE76E5-8FC7-431D-8097-AC87EB154068}.Debug|x86.ActiveCfg = Debug|x86
		{EBEE76E5-8FC7-431D-8097-AC87EB154068}.Debug|x86.Build.0 = Debug|x86
		{EBEE76E5-8FC7-431D-8097-AC87EB154068}.Release|Any CPU.ActiveCfg = Release|x86
		{EBEE76E5-8FC7-431D-8097-AC87EB154068}.Release|Mixed Platforms.ActiveCfg = Release|x86
		{EBEE76E5-8FC7-431D-8097-AC87EB154068}.Release|Mixed Platforms.Build.0 = Release|x86
		{EBEE76E5-8FC7-431D-8097-AC87EB154068}.Release|x86.ActiveCfg = Release|x86
		{EBEE76E5-8FC7-431D-8097-AC87EB154068}.Release|x86.Build.0 = Release|x86
	EndGlobalSection
	GlobalSection(SolutionProperties) = preSolution
		HideSolutionNode = FALSE
	EndGlobalSection
	GlobalSection(NestedProjects) = preSolution
		{A083A52E-C3C3-42E0-8DFD-54719E4C3B25} = {C9520C68-32F3-4322-B089-3EACEA925CEC}
		{D30157B2-C1B3-4073-BA5E-632E2337A997} = {C9520C68-32F3-4322-B089-3EACEA925CEC}
	EndGlobalSection
EndGlobal
