
Microsoft Visual Studio Solution File, Format Version 11.00
# Visual Studio 2010
Project("{2150E333-8FDC-42A3-9474-1A3956D46DE8}") = "Core", "Core", "{C31BCC00-712F-4CD1-A4DD-E1EA60DFEADF}"
EndProject
Project("{FAE04EC0-301F-11D3-BF4B-00C04F79EFBC}") = "Atlantis.Framework.Engine", "..\Atlantis.Framework.Engine\Atlantis.Framework.Engine\Atlantis.Framework.Engine.csproj", "{D30157B2-C1B3-4073-BA5E-632E2337A997}"
EndProject
Project("{FAE04EC0-301F-11D3-BF4B-00C04F79EFBC}") = "Atlantis.Framework.Interface", "..\Atlantis.Framework.Engine\Atlantis.Framework.Interface\Atlantis.Framework.Interface.csproj", "{A083A52E-C3C3-42E0-8DFD-54719E4C3B25}"
EndProject
Project("{FAE04EC0-301F-11D3-BF4B-00C04F79EFBC}") = "Atlantis.Framework.QSCRemovePackage.Impl", "Atlantis.Framework.QSCRemovePackage.Impl\Atlantis.Framework.QSCRemovePackage.Impl.csproj", "{9C2D451F-7A36-4DDA-836D-7500A5BAFD0A}"
EndProject
Project("{FAE04EC0-301F-11D3-BF4B-00C04F79EFBC}") = "Atlantis.Framework.QSCRemovePackage.Interface", "Atlantis.Framework.QSCRemovePackage.Interface\Atlantis.Framework.QSCRemovePackage.Interface.csproj", "{65868730-5601-4723-B650-9A7A0AB96FEB}"
EndProject
Project("{FAE04EC0-301F-11D3-BF4B-00C04F79EFBC}") = "Atlantis.Framework.QSCRemovePackage.Tests", "Atlantis.Framework.QSCRemovePackage.Tests\Atlantis.Framework.QSCRemovePackage.Tests.csproj", "{03BDEC2E-3233-4EDD-8BD5-5EC0AF856D1C}"
EndProject
Project("{2150E333-8FDC-42A3-9474-1A3956D46DE8}") = "Solution Items", "Solution Items", "{C8046C7C-B3B3-43C2-BB51-DAC70FDD2FF7}"
	ProjectSection(SolutionItems) = preProject
		Atlantis.Framework.QSCRemovePackage.vsmdi = Atlantis.Framework.QSCRemovePackage.vsmdi
		Local.testsettings = Local.testsettings
		TraceAndTestImpact.testsettings = TraceAndTestImpact.testsettings
	EndProjectSection
EndProject
Project("{FAE04EC0-301F-11D3-BF4B-00C04F79EFBC}") = "Atlantis.Framework.QSC.Interface", "..\Atlantis.Framework.QSC.Interface\Atlantis.Framework.QSC.Interface.csproj", "{A5D5AEB8-498A-487E-835A-A1262CBBC747}"
EndProject
Global
	GlobalSection(TeamFoundationVersionControl) = preSolution
		SccNumberOfProjects = 7
		SccEnterpriseProvider = {4CA58AB2-18FA-4F8D-95D4-32DDF27D184C}
		SccTeamFoundationServer = http://tfs2010:8080/tfs/gd
		SccLocalPath0 = .
		SccProjectUniqueName1 = ..\\Atlantis.Framework.Engine\\Atlantis.Framework.Engine\\Atlantis.Framework.Engine.csproj
		SccProjectTopLevelParentUniqueName1 = Atlantis.Framework.QSCRemovePackage.sln
		SccProjectName1 = ../Atlantis.Framework.Engine/Atlantis.Framework.Engine
		SccLocalPath1 = ..\\Atlantis.Framework.Engine\\Atlantis.Framework.Engine
		SccProjectUniqueName2 = ..\\Atlantis.Framework.Engine\\Atlantis.Framework.Interface\\Atlantis.Framework.Interface.csproj
		SccProjectTopLevelParentUniqueName2 = Atlantis.Framework.QSCRemovePackage.sln
		SccProjectName2 = ../Atlantis.Framework.Engine/Atlantis.Framework.Interface
		SccLocalPath2 = ..\\Atlantis.Framework.Engine\\Atlantis.Framework.Interface
		SccProjectUniqueName3 = Atlantis.Framework.QSCRemovePackage.Impl\\Atlantis.Framework.QSCRemovePackage.Impl.csproj
		SccProjectName3 = Atlantis.Framework.QSCRemovePackage.Impl
		SccLocalPath3 = Atlantis.Framework.QSCRemovePackage.Impl
		SccProjectUniqueName4 = Atlantis.Framework.QSCRemovePackage.Interface\\Atlantis.Framework.QSCRemovePackage.Interface.csproj
		SccProjectName4 = Atlantis.Framework.QSCRemovePackage.Interface
		SccLocalPath4 = Atlantis.Framework.QSCRemovePackage.Interface
		SccProjectUniqueName5 = Atlantis.Framework.QSCRemovePackage.Tests\\Atlantis.Framework.QSCRemovePackage.Tests.csproj
		SccProjectName5 = Atlantis.Framework.QSCRemovePackage.Tests
		SccLocalPath5 = Atlantis.Framework.QSCRemovePackage.Tests
		SccProjectUniqueName6 = ..\\Atlantis.Framework.QSC.Interface\\Atlantis.Framework.QSC.Interface.csproj
		SccProjectName6 = ../Atlantis.Framework.QSC.Interface
		SccLocalPath6 = ..\\Atlantis.Framework.QSC.Interface
	EndGlobalSection
	GlobalSection(TestCaseManagementSettings) = postSolution
		CategoryFile = Atlantis.Framework.QSCRemovePackage.vsmdi
	EndGlobalSection
	GlobalSection(SolutionConfigurationPlatforms) = preSolution
		Debug|Any CPU = Debug|Any CPU
		Release|Any CPU = Release|Any CPU
	EndGlobalSection
	GlobalSection(ProjectConfigurationPlatforms) = postSolution
		{D30157B2-C1B3-4073-BA5E-632E2337A997}.Debug|Any CPU.ActiveCfg = Debug|Any CPU
		{D30157B2-C1B3-4073-BA5E-632E2337A997}.Debug|Any CPU.Build.0 = Debug|Any CPU
		{D30157B2-C1B3-4073-BA5E-632E2337A997}.Release|Any CPU.ActiveCfg = Release|Any CPU
		{D30157B2-C1B3-4073-BA5E-632E2337A997}.Release|Any CPU.Build.0 = Release|Any CPU
		{A083A52E-C3C3-42E0-8DFD-54719E4C3B25}.Debug|Any CPU.ActiveCfg = Debug|Any CPU
		{A083A52E-C3C3-42E0-8DFD-54719E4C3B25}.Debug|Any CPU.Build.0 = Debug|Any CPU
		{A083A52E-C3C3-42E0-8DFD-54719E4C3B25}.Release|Any CPU.ActiveCfg = Release|Any CPU
		{A083A52E-C3C3-42E0-8DFD-54719E4C3B25}.Release|Any CPU.Build.0 = Release|Any CPU
		{9C2D451F-7A36-4DDA-836D-7500A5BAFD0A}.Debug|Any CPU.ActiveCfg = Debug|Any CPU
		{9C2D451F-7A36-4DDA-836D-7500A5BAFD0A}.Debug|Any CPU.Build.0 = Debug|Any CPU
		{9C2D451F-7A36-4DDA-836D-7500A5BAFD0A}.Release|Any CPU.ActiveCfg = Release|Any CPU
		{9C2D451F-7A36-4DDA-836D-7500A5BAFD0A}.Release|Any CPU.Build.0 = Release|Any CPU
		{65868730-5601-4723-B650-9A7A0AB96FEB}.Debug|Any CPU.ActiveCfg = Debug|Any CPU
		{65868730-5601-4723-B650-9A7A0AB96FEB}.Debug|Any CPU.Build.0 = Debug|Any CPU
		{65868730-5601-4723-B650-9A7A0AB96FEB}.Release|Any CPU.ActiveCfg = Release|Any CPU
		{65868730-5601-4723-B650-9A7A0AB96FEB}.Release|Any CPU.Build.0 = Release|Any CPU
		{03BDEC2E-3233-4EDD-8BD5-5EC0AF856D1C}.Debug|Any CPU.ActiveCfg = Debug|Any CPU
		{03BDEC2E-3233-4EDD-8BD5-5EC0AF856D1C}.Debug|Any CPU.Build.0 = Debug|Any CPU
		{03BDEC2E-3233-4EDD-8BD5-5EC0AF856D1C}.Release|Any CPU.ActiveCfg = Release|Any CPU
		{03BDEC2E-3233-4EDD-8BD5-5EC0AF856D1C}.Release|Any CPU.Build.0 = Release|Any CPU
		{A5D5AEB8-498A-487E-835A-A1262CBBC747}.Debug|Any CPU.ActiveCfg = Debug|Any CPU
		{A5D5AEB8-498A-487E-835A-A1262CBBC747}.Debug|Any CPU.Build.0 = Debug|Any CPU
		{A5D5AEB8-498A-487E-835A-A1262CBBC747}.Release|Any CPU.ActiveCfg = Release|Any CPU
		{A5D5AEB8-498A-487E-835A-A1262CBBC747}.Release|Any CPU.Build.0 = Release|Any CPU
	EndGlobalSection
	GlobalSection(SolutionProperties) = preSolution
		HideSolutionNode = FALSE
	EndGlobalSection
	GlobalSection(NestedProjects) = preSolution
		{D30157B2-C1B3-4073-BA5E-632E2337A997} = {C31BCC00-712F-4CD1-A4DD-E1EA60DFEADF}
		{A083A52E-C3C3-42E0-8DFD-54719E4C3B25} = {C31BCC00-712F-4CD1-A4DD-E1EA60DFEADF}
	EndGlobalSection
EndGlobal
