
Microsoft Visual Studio Solution File, Format Version 12.00
# Visual Studio 2012
Project("{2150E333-8FDC-42A3-9474-1A3956D46DE8}") = "Core", "Core", "{010CE753-2797-4C42-BAAB-148507864727}"
EndProject
Project("{FAE04EC0-301F-11D3-BF4B-00C04F79EFBC}") = "Atlantis.Framework.Providers.Preferences.Tests", "Atlantis.Framework.Providers.Preferences.Tests\Atlantis.Framework.Providers.Preferences.Tests.csproj", "{F0A8B131-48C8-4F4F-9BD6-A944F4169B61}"
EndProject
Project("{FAE04EC0-301F-11D3-BF4B-00C04F79EFBC}") = "Atlantis.Framework.Providers.Preferences", "Atlantis.Framework.Providers.Preferences\Atlantis.Framework.Providers.Preferences.csproj", "{CA50A18E-5CA1-43BE-82C1-F1910F09780B}"
EndProject
Project("{FAE04EC0-301F-11D3-BF4B-00C04F79EFBC}") = "Atlantis.Framework.Providers.Preferences.Interface", "Atlantis.Framework.Providers.Preferences.Interface\Atlantis.Framework.Providers.Preferences.Interface.csproj", "{1A50E3B8-4A5C-4E48-BAD4-17C5092F0DDE}"
EndProject
Global
	GlobalSection(TeamFoundationVersionControl) = preSolution
		SccNumberOfProjects = 4
		SccEnterpriseProvider = {4CA58AB2-18FA-4F8D-95D4-32DDF27D184C}
		SccTeamFoundationServer = http://tfs2010:8080/tfs/gd
		SccLocalPath0 = .
		SccProjectUniqueName1 = Atlantis.Framework.Providers.Preferences.Tests\\Atlantis.Framework.Providers.Preferences.Tests.csproj
		SccProjectName1 = Atlantis.Framework.Providers.Preferences.Tests
		SccLocalPath1 = Atlantis.Framework.Providers.Preferences.Tests
		SccProjectUniqueName2 = Atlantis.Framework.Providers.Preferences\\Atlantis.Framework.Providers.Preferences.csproj
		SccProjectName2 = Atlantis.Framework.Providers.Preferences
		SccLocalPath2 = Atlantis.Framework.Providers.Preferences
		SccProjectUniqueName3 = Atlantis.Framework.Providers.Preferences.Interface\\Atlantis.Framework.Providers.Preferences.Interface.csproj
		SccProjectName3 = Atlantis.Framework.Providers.Preferences.Interface
		SccLocalPath3 = Atlantis.Framework.Providers.Preferences.Interface
	EndGlobalSection
	GlobalSection(SolutionConfigurationPlatforms) = preSolution
		Debug|Any CPU = Debug|Any CPU
		Release|Any CPU = Release|Any CPU
	EndGlobalSection
	GlobalSection(ProjectConfigurationPlatforms) = postSolution
		{F0A8B131-48C8-4F4F-9BD6-A944F4169B61}.Debug|Any CPU.ActiveCfg = Debug|Any CPU
		{F0A8B131-48C8-4F4F-9BD6-A944F4169B61}.Debug|Any CPU.Build.0 = Debug|Any CPU
		{F0A8B131-48C8-4F4F-9BD6-A944F4169B61}.Release|Any CPU.ActiveCfg = Release|Any CPU
		{F0A8B131-48C8-4F4F-9BD6-A944F4169B61}.Release|Any CPU.Build.0 = Release|Any CPU
		{CA50A18E-5CA1-43BE-82C1-F1910F09780B}.Debug|Any CPU.ActiveCfg = Debug|Any CPU
		{CA50A18E-5CA1-43BE-82C1-F1910F09780B}.Debug|Any CPU.Build.0 = Debug|Any CPU
		{CA50A18E-5CA1-43BE-82C1-F1910F09780B}.Release|Any CPU.ActiveCfg = Release|Any CPU
		{CA50A18E-5CA1-43BE-82C1-F1910F09780B}.Release|Any CPU.Build.0 = Release|Any CPU
		{1A50E3B8-4A5C-4E48-BAD4-17C5092F0DDE}.Debug|Any CPU.ActiveCfg = Debug|Any CPU
		{1A50E3B8-4A5C-4E48-BAD4-17C5092F0DDE}.Debug|Any CPU.Build.0 = Debug|Any CPU
		{1A50E3B8-4A5C-4E48-BAD4-17C5092F0DDE}.Release|Any CPU.ActiveCfg = Release|Any CPU
		{1A50E3B8-4A5C-4E48-BAD4-17C5092F0DDE}.Release|Any CPU.Build.0 = Release|Any CPU
	EndGlobalSection
	GlobalSection(SolutionProperties) = preSolution
		HideSolutionNode = FALSE
	EndGlobalSection
EndGlobal
