
Microsoft Visual Studio Solution File, Format Version 12.00
# Visual Studio 2012
Project("{FAE04EC0-301F-11D3-BF4B-00C04F79EFBC}") = "Atlantis.Framework.PromoOrderLevelCreate.Interface", "Atlantis.Framework.PromoOrderLevelCreate.Interface\Atlantis.Framework.PromoOrderLevelCreate.Interface.csproj", "{724F21A9-DF6B-4B03-BC49-E62C1E427988}"
EndProject
Project("{FAE04EC0-301F-11D3-BF4B-00C04F79EFBC}") = "Atlantis.Framework.PromoOrderLevelCreate.Impl", "Atlantis.Framework.PromoOrderLevelCreate.Impl\Atlantis.Framework.PromoOrderLevelCreate.Impl.csproj", "{8977B742-1825-4EF7-B4CA-EB3291318EC0}"
EndProject
Project("{FAE04EC0-301F-11D3-BF4B-00C04F79EFBC}") = "Atlantis.Framework.PromoOrderLevelCreate.Test", "Atlantis.Framework.PromoOrderLevelCreate.Test\Atlantis.Framework.PromoOrderLevelCreate.Test.csproj", "{710599A6-669E-455A-81AE-039509E9428B}"
EndProject
Project("{2150E333-8FDC-42A3-9474-1A3956D46DE8}") = "Core", "Core", "{AFBF194C-0368-4B22-B14C-7A0FCD528A03}"
EndProject
Project("{FAE04EC0-301F-11D3-BF4B-00C04F79EFBC}") = "Atlantis.Framework.Engine", "..\Atlantis.Framework.Engine\Atlantis.Framework.Engine\Atlantis.Framework.Engine.csproj", "{D30157B2-C1B3-4073-BA5E-632E2337A997}"
EndProject
Project("{FAE04EC0-301F-11D3-BF4B-00C04F79EFBC}") = "Atlantis.Framework.Interface", "..\Atlantis.Framework.Engine\Atlantis.Framework.Interface\Atlantis.Framework.Interface.csproj", "{A083A52E-C3C3-42E0-8DFD-54719E4C3B25}"
EndProject
Project("{FAE04EC0-301F-11D3-BF4B-00C04F79EFBC}") = "Atlantis.Framework.DataCache", "..\Atlantis.Framework.DataCache\Atlantis.Framework.DataCache\Atlantis.Framework.DataCache.csproj", "{7F2738F8-683C-49E7-88CD-E986C70F0321}"
EndProject
Project("{FAE04EC0-301F-11D3-BF4B-00C04F79EFBC}") = "Atlantis.Framework.Currency.Interface", "..\Triplets\Currency\Atlantis.Framework.Currency.Interface\Atlantis.Framework.Currency.Interface.csproj", "{86171D86-AE69-4F12-B69C-28E2A427FBF4}"
EndProject
Project("{FAE04EC0-301F-11D3-BF4B-00C04F79EFBC}") = "Atlantis.Framework.Providers.Interface", "..\Atlantis.Framework.Providers.Interface\Atlantis.Framework.Providers.Interface\Atlantis.Framework.Providers.Interface.csproj", "{6CC33C6B-FAA7-4B6A-8C3B-BFE94A1A65DE}"
EndProject
Project("{FAE04EC0-301F-11D3-BF4B-00C04F79EFBC}") = "Atlantis.Framework.Currency.Impl", "..\Triplets\Currency\Atlantis.Framework.Currency.Impl\Atlantis.Framework.Currency.Impl.csproj", "{8DCDC38C-750F-43B4-921E-D49087B30495}"
EndProject
Project("{FAE04EC0-301F-11D3-BF4B-00C04F79EFBC}") = "Atlantis.Framework.DataCacheService", "..\Atlantis.Framework.DataCache\Atlantis.Framework.DataCacheService\Atlantis.Framework.DataCacheService.csproj", "{3E299D3B-3C8D-455A-92A4-05FF6C60E6F3}"
EndProject
Global
	GlobalSection(TeamFoundationVersionControl) = preSolution
		SccNumberOfProjects = 11
		SccEnterpriseProvider = {4CA58AB2-18FA-4F8D-95D4-32DDF27D184C}
		SccTeamFoundationServer = http://tfs2010:8080/tfs/gd
		SccLocalPath0 = .
		SccProjectUniqueName1 = ..\\Atlantis.Framework.Engine\\Atlantis.Framework.Engine\\Atlantis.Framework.Engine.csproj
		SccProjectTopLevelParentUniqueName1 = Atlantis.Framework.PromoOrderLevelCreate.sln
		SccProjectName1 = ../Atlantis.Framework.Engine/Atlantis.Framework.Engine
		SccLocalPath1 = ..\\Atlantis.Framework.Engine\\Atlantis.Framework.Engine
		SccProjectUniqueName2 = ..\\Atlantis.Framework.Engine\\Atlantis.Framework.Interface\\Atlantis.Framework.Interface.csproj
		SccProjectTopLevelParentUniqueName2 = Atlantis.Framework.PromoOrderLevelCreate.sln
		SccProjectName2 = ../Atlantis.Framework.Engine/Atlantis.Framework.Interface
		SccLocalPath2 = ..\\Atlantis.Framework.Engine\\Atlantis.Framework.Interface
		SccProjectUniqueName3 = ..\\Atlantis.Framework.DataCache\\Atlantis.Framework.DataCache\\Atlantis.Framework.DataCache.csproj
		SccProjectTopLevelParentUniqueName3 = Atlantis.Framework.PromoOrderLevelCreate.sln
		SccProjectName3 = ../Atlantis.Framework.DataCache/Atlantis.Framework.DataCache
		SccLocalPath3 = ..\\Atlantis.Framework.DataCache\\Atlantis.Framework.DataCache
		SccProjectUniqueName4 = Atlantis.Framework.PromoOrderLevelCreate.Impl\\Atlantis.Framework.PromoOrderLevelCreate.Impl.csproj
		SccProjectName4 = Atlantis.Framework.PromoOrderLevelCreate.Impl
		SccLocalPath4 = Atlantis.Framework.PromoOrderLevelCreate.Impl
		SccProjectUniqueName5 = Atlantis.Framework.PromoOrderLevelCreate.Interface\\Atlantis.Framework.PromoOrderLevelCreate.Interface.csproj
		SccProjectName5 = Atlantis.Framework.PromoOrderLevelCreate.Interface
		SccLocalPath5 = Atlantis.Framework.PromoOrderLevelCreate.Interface
		SccProjectUniqueName6 = Atlantis.Framework.PromoOrderLevelCreate.Test\\Atlantis.Framework.PromoOrderLevelCreate.Test.csproj
		SccProjectName6 = Atlantis.Framework.PromoOrderLevelCreate.Test
		SccLocalPath6 = Atlantis.Framework.PromoOrderLevelCreate.Test
		SccProjectUniqueName7 = ..\\Triplets\\Currency\\Atlantis.Framework.Currency.Interface\\Atlantis.Framework.Currency.Interface.csproj
		SccProjectTopLevelParentUniqueName7 = Atlantis.Framework.PromoOrderLevelCreate.sln
		SccProjectName7 = ../Triplets/Currency/Atlantis.Framework.Currency.Interface
		SccLocalPath7 = ..\\Triplets\\Currency\\Atlantis.Framework.Currency.Interface
		SccProjectUniqueName8 = ..\\Atlantis.Framework.Providers.Interface\\Atlantis.Framework.Providers.Interface\\Atlantis.Framework.Providers.Interface.csproj
		SccProjectTopLevelParentUniqueName8 = Atlantis.Framework.PromoOrderLevelCreate.sln
		SccProjectName8 = ../Atlantis.Framework.Providers.Interface/Atlantis.Framework.Providers.Interface
		SccLocalPath8 = ..\\Atlantis.Framework.Providers.Interface\\Atlantis.Framework.Providers.Interface
		SccProjectUniqueName9 = ..\\Triplets\\Currency\\Atlantis.Framework.Currency.Impl\\Atlantis.Framework.Currency.Impl.csproj
		SccProjectTopLevelParentUniqueName9 = Atlantis.Framework.PromoOrderLevelCreate.sln
		SccProjectName9 = ../Triplets/Currency/Atlantis.Framework.Currency.Impl
		SccLocalPath9 = ..\\Triplets\\Currency\\Atlantis.Framework.Currency.Impl
		SccProjectUniqueName10 = ..\\Atlantis.Framework.DataCache\\Atlantis.Framework.DataCacheService\\Atlantis.Framework.DataCacheService.csproj
		SccProjectTopLevelParentUniqueName10 = Atlantis.Framework.PromoOrderLevelCreate.sln
		SccProjectName10 = ../Atlantis.Framework.DataCache/Atlantis.Framework.DataCacheService
		SccLocalPath10 = ..\\Atlantis.Framework.DataCache\\Atlantis.Framework.DataCacheService
	EndGlobalSection
	GlobalSection(SolutionConfigurationPlatforms) = preSolution
		Debug|Any CPU = Debug|Any CPU
		Release|Any CPU = Release|Any CPU
	EndGlobalSection
	GlobalSection(ProjectConfigurationPlatforms) = postSolution
		{724F21A9-DF6B-4B03-BC49-E62C1E427988}.Debug|Any CPU.ActiveCfg = Debug|Any CPU
		{724F21A9-DF6B-4B03-BC49-E62C1E427988}.Debug|Any CPU.Build.0 = Debug|Any CPU
		{724F21A9-DF6B-4B03-BC49-E62C1E427988}.Release|Any CPU.ActiveCfg = Release|Any CPU
		{724F21A9-DF6B-4B03-BC49-E62C1E427988}.Release|Any CPU.Build.0 = Release|Any CPU
		{8977B742-1825-4EF7-B4CA-EB3291318EC0}.Debug|Any CPU.ActiveCfg = Debug|Any CPU
		{8977B742-1825-4EF7-B4CA-EB3291318EC0}.Debug|Any CPU.Build.0 = Debug|Any CPU
		{8977B742-1825-4EF7-B4CA-EB3291318EC0}.Release|Any CPU.ActiveCfg = Release|Any CPU
		{8977B742-1825-4EF7-B4CA-EB3291318EC0}.Release|Any CPU.Build.0 = Release|Any CPU
		{710599A6-669E-455A-81AE-039509E9428B}.Debug|Any CPU.ActiveCfg = Debug|Any CPU
		{710599A6-669E-455A-81AE-039509E9428B}.Debug|Any CPU.Build.0 = Debug|Any CPU
		{710599A6-669E-455A-81AE-039509E9428B}.Release|Any CPU.ActiveCfg = Release|Any CPU
		{710599A6-669E-455A-81AE-039509E9428B}.Release|Any CPU.Build.0 = Release|Any CPU
		{D30157B2-C1B3-4073-BA5E-632E2337A997}.Debug|Any CPU.ActiveCfg = Debug|Any CPU
		{D30157B2-C1B3-4073-BA5E-632E2337A997}.Debug|Any CPU.Build.0 = Debug|Any CPU
		{D30157B2-C1B3-4073-BA5E-632E2337A997}.Release|Any CPU.ActiveCfg = Release|Any CPU
		{D30157B2-C1B3-4073-BA5E-632E2337A997}.Release|Any CPU.Build.0 = Release|Any CPU
		{A083A52E-C3C3-42E0-8DFD-54719E4C3B25}.Debug|Any CPU.ActiveCfg = Debug|Any CPU
		{A083A52E-C3C3-42E0-8DFD-54719E4C3B25}.Debug|Any CPU.Build.0 = Debug|Any CPU
		{A083A52E-C3C3-42E0-8DFD-54719E4C3B25}.Release|Any CPU.ActiveCfg = Release|Any CPU
		{A083A52E-C3C3-42E0-8DFD-54719E4C3B25}.Release|Any CPU.Build.0 = Release|Any CPU
		{7F2738F8-683C-49E7-88CD-E986C70F0321}.Debug|Any CPU.ActiveCfg = Debug|Any CPU
		{7F2738F8-683C-49E7-88CD-E986C70F0321}.Debug|Any CPU.Build.0 = Debug|Any CPU
		{7F2738F8-683C-49E7-88CD-E986C70F0321}.Release|Any CPU.ActiveCfg = Release|Any CPU
		{7F2738F8-683C-49E7-88CD-E986C70F0321}.Release|Any CPU.Build.0 = Release|Any CPU
		{86171D86-AE69-4F12-B69C-28E2A427FBF4}.Debug|Any CPU.ActiveCfg = Debug|Any CPU
		{86171D86-AE69-4F12-B69C-28E2A427FBF4}.Debug|Any CPU.Build.0 = Debug|Any CPU
		{86171D86-AE69-4F12-B69C-28E2A427FBF4}.Release|Any CPU.ActiveCfg = Release|Any CPU
		{86171D86-AE69-4F12-B69C-28E2A427FBF4}.Release|Any CPU.Build.0 = Release|Any CPU
		{6CC33C6B-FAA7-4B6A-8C3B-BFE94A1A65DE}.Debug|Any CPU.ActiveCfg = Debug|Any CPU
		{6CC33C6B-FAA7-4B6A-8C3B-BFE94A1A65DE}.Debug|Any CPU.Build.0 = Debug|Any CPU
		{6CC33C6B-FAA7-4B6A-8C3B-BFE94A1A65DE}.Release|Any CPU.ActiveCfg = Release|Any CPU
		{6CC33C6B-FAA7-4B6A-8C3B-BFE94A1A65DE}.Release|Any CPU.Build.0 = Release|Any CPU
		{8DCDC38C-750F-43B4-921E-D49087B30495}.Debug|Any CPU.ActiveCfg = Debug|Any CPU
		{8DCDC38C-750F-43B4-921E-D49087B30495}.Debug|Any CPU.Build.0 = Debug|Any CPU
		{8DCDC38C-750F-43B4-921E-D49087B30495}.Release|Any CPU.ActiveCfg = Release|Any CPU
		{8DCDC38C-750F-43B4-921E-D49087B30495}.Release|Any CPU.Build.0 = Release|Any CPU
		{3E299D3B-3C8D-455A-92A4-05FF6C60E6F3}.Debug|Any CPU.ActiveCfg = Debug|Any CPU
		{3E299D3B-3C8D-455A-92A4-05FF6C60E6F3}.Debug|Any CPU.Build.0 = Debug|Any CPU
		{3E299D3B-3C8D-455A-92A4-05FF6C60E6F3}.Release|Any CPU.ActiveCfg = Release|Any CPU
		{3E299D3B-3C8D-455A-92A4-05FF6C60E6F3}.Release|Any CPU.Build.0 = Release|Any CPU
	EndGlobalSection
	GlobalSection(SolutionProperties) = preSolution
		HideSolutionNode = FALSE
	EndGlobalSection
	GlobalSection(NestedProjects) = preSolution
		{D30157B2-C1B3-4073-BA5E-632E2337A997} = {AFBF194C-0368-4B22-B14C-7A0FCD528A03}
		{A083A52E-C3C3-42E0-8DFD-54719E4C3B25} = {AFBF194C-0368-4B22-B14C-7A0FCD528A03}
		{7F2738F8-683C-49E7-88CD-E986C70F0321} = {AFBF194C-0368-4B22-B14C-7A0FCD528A03}
		{86171D86-AE69-4F12-B69C-28E2A427FBF4} = {AFBF194C-0368-4B22-B14C-7A0FCD528A03}
		{6CC33C6B-FAA7-4B6A-8C3B-BFE94A1A65DE} = {AFBF194C-0368-4B22-B14C-7A0FCD528A03}
		{8DCDC38C-750F-43B4-921E-D49087B30495} = {AFBF194C-0368-4B22-B14C-7A0FCD528A03}
		{3E299D3B-3C8D-455A-92A4-05FF6C60E6F3} = {AFBF194C-0368-4B22-B14C-7A0FCD528A03}
	EndGlobalSection
EndGlobal
